// !$*UTF8*$!
{
	archiveVersion = 1;
	classes = {
	};
	objectVersion = 55;
	objects = {

/* Begin PBXBuildFile section */
		4A12869A28346AF60054DB99 /* AnimalModel.swift in Sources */ = {isa = PBXBuildFile; fileRef = 4A12869928346AF60054DB99 /* AnimalModel.swift */; };
		4A17F4DB2835A85C00AD8EA1 /* VideoModel.swift in Sources */ = {isa = PBXBuildFile; fileRef = 4A17F4DA2835A85C00AD8EA1 /* VideoModel.swift */; };
		4A17F4DD2835A8BE00AD8EA1 /* VideoListItem.swift in Sources */ = {isa = PBXBuildFile; fileRef = 4A17F4DC2835A8BE00AD8EA1 /* VideoListItem.swift */; };
		4A17F4DF2835B6CC00AD8EA1 /* VideoPlayerView.swift in Sources */ = {isa = PBXBuildFile; fileRef = 4A17F4DE2835B6CC00AD8EA1 /* VideoPlayerView.swift */; };
		4A17F4E22835B7A900AD8EA1 /* VideePlayerHelper.swift in Sources */ = {isa = PBXBuildFile; fileRef = 4A17F4E12835B7A900AD8EA1 /* VideePlayerHelper.swift */; };
		4A17F4E42835BB5600AD8EA1 /* LocationModel.swift in Sources */ = {isa = PBXBuildFile; fileRef = 4A17F4E32835BB5600AD8EA1 /* LocationModel.swift */; };
		4A1D04082833D797004E8566 /* AnimalListItemView.swift in Sources */ = {isa = PBXBuildFile; fileRef = 4A1D04072833D797004E8566 /* AnimalListItemView.swift */; };
		4A3B6154283377C800D99C0F /* CoverImageModel.swift in Sources */ = {isa = PBXBuildFile; fileRef = 4A3B6153283377C800D99C0F /* CoverImageModel.swift */; };
		4A3B6157283378EE00D99C0F /* CodableBundleExtension.swift in Sources */ = {isa = PBXBuildFile; fileRef = 4A3B6156283378EE00D99C0F /* CodableBundleExtension.swift */; };
		4A411861282F9590006A83A4 /* Africa_SwiftUIApp.swift in Sources */ = {isa = PBXBuildFile; fileRef = 4A411860282F9590006A83A4 /* Africa_SwiftUIApp.swift */; };
		4A411863282F9590006A83A4 /* ContentView.swift in Sources */ = {isa = PBXBuildFile; fileRef = 4A411862282F9590006A83A4 /* ContentView.swift */; };
		4A411865282F9590006A83A4 /* Assets.xcassets in Resources */ = {isa = PBXBuildFile; fileRef = 4A411864282F9590006A83A4 /* Assets.xcassets */; };
		4A411868282F9590006A83A4 /* Preview Assets.xcassets in Resources */ = {isa = PBXBuildFile; fileRef = 4A411867282F9590006A83A4 /* Preview Assets.xcassets */; };
		4AC60BC3283370A30062221C /* cheetah.mp4 in Resources */ = {isa = PBXBuildFile; fileRef = 4AC60BC2283370A30062221C /* cheetah.mp4 */; };
		4AC60BCD283370F00062221C /* hippo.mp4 in Resources */ = {isa = PBXBuildFile; fileRef = 4AC60BC4283370EE0062221C /* hippo.mp4 */; };
		4AC60BCE283370F00062221C /* ostrich.mp4 in Resources */ = {isa = PBXBuildFile; fileRef = 4AC60BC5283370EE0062221C /* ostrich.mp4 */; };
		4AC60BCF283370F00062221C /* rhino.mp4 in Resources */ = {isa = PBXBuildFile; fileRef = 4AC60BC6283370EE0062221C /* rhino.mp4 */; };
		4AC60BD0283370F00062221C /* lion.mp4 in Resources */ = {isa = PBXBuildFile; fileRef = 4AC60BC7283370EE0062221C /* lion.mp4 */; };
		4AC60BD1283370F00062221C /* giraffe.mp4 in Resources */ = {isa = PBXBuildFile; fileRef = 4AC60BC8283370EF0062221C /* giraffe.mp4 */; };
		4AC60BD2283370F00062221C /* gorilla.mp4 in Resources */ = {isa = PBXBuildFile; fileRef = 4AC60BC9283370EF0062221C /* gorilla.mp4 */; };
		4AC60BD3283370F00062221C /* lioness.mp4 in Resources */ = {isa = PBXBuildFile; fileRef = 4AC60BCA283370EF0062221C /* lioness.mp4 */; };
		4AC60BD4283370F00062221C /* elephant.mp4 in Resources */ = {isa = PBXBuildFile; fileRef = 4AC60BCB283370EF0062221C /* elephant.mp4 */; };
		4AC60BD5283370F00062221C /* zebra.mp4 in Resources */ = {isa = PBXBuildFile; fileRef = 4AC60BCC283370F00062221C /* zebra.mp4 */; };
		4AC60BDB2833712E0062221C /* locations.json in Resources */ = {isa = PBXBuildFile; fileRef = 4AC60BD72833712E0062221C /* locations.json */; };
		4AC60BDC2833712E0062221C /* videos.json in Resources */ = {isa = PBXBuildFile; fileRef = 4AC60BD82833712E0062221C /* videos.json */; };
		4AC60BDD2833712E0062221C /* covers.json in Resources */ = {isa = PBXBuildFile; fileRef = 4AC60BD92833712E0062221C /* covers.json */; };
		4AC60BDE2833712E0062221C /* animals.json in Resources */ = {isa = PBXBuildFile; fileRef = 4AC60BDA2833712E0062221C /* animals.json */; };
		4AC60BE2283373460062221C /* VideoListView.swift in Sources */ = {isa = PBXBuildFile; fileRef = 4AC60BE1283373460062221C /* VideoListView.swift */; };
		4AC60BE4283373530062221C /* MapView.swift in Sources */ = {isa = PBXBuildFile; fileRef = 4AC60BE3283373530062221C /* MapView.swift */; };
		4AC60BE6283373610062221C /* GalleryView.swift in Sources */ = {isa = PBXBuildFile; fileRef = 4AC60BE5283373610062221C /* GalleryView.swift */; };
		4AC60BE82833736B0062221C /* MainView.swift in Sources */ = {isa = PBXBuildFile; fileRef = 4AC60BE72833736B0062221C /* MainView.swift */; };
		4AC60BEB2833753C0062221C /* CoverImageView.swift in Sources */ = {isa = PBXBuildFile; fileRef = 4AC60BEA2833753C0062221C /* CoverImageView.swift */; };
		4AC7272D283537280037CB1D /* AnimalDetailView.swift in Sources */ = {isa = PBXBuildFile; fileRef = 4AC7272C283537280037CB1D /* AnimalDetailView.swift */; };
		4AC7272F283538DC0037CB1D /* HeadingView.swift in Sources */ = {isa = PBXBuildFile; fileRef = 4AC7272E283538DC0037CB1D /* HeadingView.swift */; };
		4AC72731283539EE0037CB1D /* InsetGalleryView.swift in Sources */ = {isa = PBXBuildFile; fileRef = 4AC72730283539EE0037CB1D /* InsetGalleryView.swift */; };
		4AC7273328353E3A0037CB1D /* InsetFactView.swift in Sources */ = {isa = PBXBuildFile; fileRef = 4AC7273228353E3A0037CB1D /* InsetFactView.swift */; };
		4AC72735283540180037CB1D /* InsetMapView.swift in Sources */ = {isa = PBXBuildFile; fileRef = 4AC72734283540180037CB1D /* InsetMapView.swift */; };
		4AC72737283542730037CB1D /* ExternalWeblinkView.swift in Sources */ = {isa = PBXBuildFile; fileRef = 4AC72736283542730037CB1D /* ExternalWeblinkView.swift */; };
/* End PBXBuildFile section */

/* Begin PBXFileReference section */
		4A12869928346AF60054DB99 /* AnimalModel.swift */ = {isa = PBXFileReference; lastKnownFileType = sourcecode.swift; path = AnimalModel.swift; sourceTree = "<group>"; };
		4A17F4DA2835A85C00AD8EA1 /* VideoModel.swift */ = {isa = PBXFileReference; lastKnownFileType = sourcecode.swift; path = VideoModel.swift; sourceTree = "<group>"; };
		4A17F4DC2835A8BE00AD8EA1 /* VideoListItem.swift */ = {isa = PBXFileReference; lastKnownFileType = sourcecode.swift; path = VideoListItem.swift; sourceTree = "<group>"; };
		4A17F4DE2835B6CC00AD8EA1 /* VideoPlayerView.swift */ = {isa = PBXFileReference; lastKnownFileType = sourcecode.swift; path = VideoPlayerView.swift; sourceTree = "<group>"; };
		4A17F4E12835B7A900AD8EA1 /* VideePlayerHelper.swift */ = {isa = PBXFileReference; lastKnownFileType = sourcecode.swift; path = VideePlayerHelper.swift; sourceTree = "<group>"; };
		4A17F4E32835BB5600AD8EA1 /* LocationModel.swift */ = {isa = PBXFileReference; lastKnownFileType = sourcecode.swift; path = LocationModel.swift; sourceTree = "<group>"; };
		4A1D04072833D797004E8566 /* AnimalListItemView.swift */ = {isa = PBXFileReference; lastKnownFileType = sourcecode.swift; path = AnimalListItemView.swift; sourceTree = "<group>"; };
		4A3B6153283377C800D99C0F /* CoverImageModel.swift */ = {isa = PBXFileReference; lastKnownFileType = sourcecode.swift; path = CoverImageModel.swift; sourceTree = "<group>"; };
		4A3B6156283378EE00D99C0F /* CodableBundleExtension.swift */ = {isa = PBXFileReference; lastKnownFileType = sourcecode.swift; path = CodableBundleExtension.swift; sourceTree = "<group>"; };
		4A41185D282F9590006A83A4 /* Africa_SwiftUI.app */ = {isa = PBXFileReference; explicitFileType = wrapper.application; includeInIndex = 0; path = Africa_SwiftUI.app; sourceTree = BUILT_PRODUCTS_DIR; };
		4A411860282F9590006A83A4 /* Africa_SwiftUIApp.swift */ = {isa = PBXFileReference; lastKnownFileType = sourcecode.swift; path = Africa_SwiftUIApp.swift; sourceTree = "<group>"; };
		4A411862282F9590006A83A4 /* ContentView.swift */ = {isa = PBXFileReference; lastKnownFileType = sourcecode.swift; path = ContentView.swift; sourceTree = "<group>"; };
		4A411864282F9590006A83A4 /* Assets.xcassets */ = {isa = PBXFileReference; lastKnownFileType = folder.assetcatalog; path = Assets.xcassets; sourceTree = "<group>"; };
		4A411867282F9590006A83A4 /* Preview Assets.xcassets */ = {isa = PBXFileReference; lastKnownFileType = folder.assetcatalog; path = "Preview Assets.xcassets"; sourceTree = "<group>"; };
		4AC60BC2283370A30062221C /* cheetah.mp4 */ = {isa = PBXFileReference; lastKnownFileType = file; path = cheetah.mp4; sourceTree = "<group>"; };
		4AC60BC4283370EE0062221C /* hippo.mp4 */ = {isa = PBXFileReference; lastKnownFileType = file; path = hippo.mp4; sourceTree = "<group>"; };
		4AC60BC5283370EE0062221C /* ostrich.mp4 */ = {isa = PBXFileReference; lastKnownFileType = file; path = ostrich.mp4; sourceTree = "<group>"; };
		4AC60BC6283370EE0062221C /* rhino.mp4 */ = {isa = PBXFileReference; lastKnownFileType = file; path = rhino.mp4; sourceTree = "<group>"; };
		4AC60BC7283370EE0062221C /* lion.mp4 */ = {isa = PBXFileReference; lastKnownFileType = file; path = lion.mp4; sourceTree = "<group>"; };
		4AC60BC8283370EF0062221C /* giraffe.mp4 */ = {isa = PBXFileReference; lastKnownFileType = file; path = giraffe.mp4; sourceTree = "<group>"; };
		4AC60BC9283370EF0062221C /* gorilla.mp4 */ = {isa = PBXFileReference; lastKnownFileType = file; path = gorilla.mp4; sourceTree = "<group>"; };
		4AC60BCA283370EF0062221C /* lioness.mp4 */ = {isa = PBXFileReference; lastKnownFileType = file; path = lioness.mp4; sourceTree = "<group>"; };
		4AC60BCB283370EF0062221C /* elephant.mp4 */ = {isa = PBXFileReference; lastKnownFileType = file; path = elephant.mp4; sourceTree = "<group>"; };
		4AC60BCC283370F00062221C /* zebra.mp4 */ = {isa = PBXFileReference; lastKnownFileType = file; path = zebra.mp4; sourceTree = "<group>"; };
		4AC60BD72833712E0062221C /* locations.json */ = {isa = PBXFileReference; fileEncoding = 4; lastKnownFileType = text.json; path = locations.json; sourceTree = "<group>"; };
		4AC60BD82833712E0062221C /* videos.json */ = {isa = PBXFileReference; fileEncoding = 4; lastKnownFileType = text.json; path = videos.json; sourceTree = "<group>"; };
		4AC60BD92833712E0062221C /* covers.json */ = {isa = PBXFileReference; fileEncoding = 4; lastKnownFileType = text.json; path = covers.json; sourceTree = "<group>"; };
		4AC60BDA2833712E0062221C /* animals.json */ = {isa = PBXFileReference; fileEncoding = 4; lastKnownFileType = text.json; path = animals.json; sourceTree = "<group>"; };
		4AC60BDF283372180062221C /* Africa-SwiftUI-Info.plist */ = {isa = PBXFileReference; lastKnownFileType = text.plist; path = "Africa-SwiftUI-Info.plist"; sourceTree = SOURCE_ROOT; };
		4AC60BE1283373460062221C /* VideoListView.swift */ = {isa = PBXFileReference; lastKnownFileType = sourcecode.swift; path = VideoListView.swift; sourceTree = "<group>"; };
		4AC60BE3283373530062221C /* MapView.swift */ = {isa = PBXFileReference; lastKnownFileType = sourcecode.swift; path = MapView.swift; sourceTree = "<group>"; };
		4AC60BE5283373610062221C /* GalleryView.swift */ = {isa = PBXFileReference; lastKnownFileType = sourcecode.swift; path = GalleryView.swift; sourceTree = "<group>"; };
		4AC60BE72833736B0062221C /* MainView.swift */ = {isa = PBXFileReference; lastKnownFileType = sourcecode.swift; path = MainView.swift; sourceTree = "<group>"; };
		4AC60BEA2833753C0062221C /* CoverImageView.swift */ = {isa = PBXFileReference; lastKnownFileType = sourcecode.swift; path = CoverImageView.swift; sourceTree = "<group>"; };
		4AC7272C283537280037CB1D /* AnimalDetailView.swift */ = {isa = PBXFileReference; lastKnownFileType = sourcecode.swift; path = AnimalDetailView.swift; sourceTree = "<group>"; };
		4AC7272E283538DC0037CB1D /* HeadingView.swift */ = {isa = PBXFileReference; lastKnownFileType = sourcecode.swift; path = HeadingView.swift; sourceTree = "<group>"; };
		4AC72730283539EE0037CB1D /* InsetGalleryView.swift */ = {isa = PBXFileReference; lastKnownFileType = sourcecode.swift; path = InsetGalleryView.swift; sourceTree = "<group>"; };
		4AC7273228353E3A0037CB1D /* InsetFactView.swift */ = {isa = PBXFileReference; lastKnownFileType = sourcecode.swift; path = InsetFactView.swift; sourceTree = "<group>"; };
		4AC72734283540180037CB1D /* InsetMapView.swift */ = {isa = PBXFileReference; lastKnownFileType = sourcecode.swift; path = InsetMapView.swift; sourceTree = "<group>"; };
		4AC72736283542730037CB1D /* ExternalWeblinkView.swift */ = {isa = PBXFileReference; lastKnownFileType = sourcecode.swift; path = ExternalWeblinkView.swift; sourceTree = "<group>"; };
/* End PBXFileReference section */

/* Begin PBXFrameworksBuildPhase section */
		4A41185A282F9590006A83A4 /* Frameworks */ = {
			isa = PBXFrameworksBuildPhase;
			buildActionMask = 2147483647;
			files = (
			);
			runOnlyForDeploymentPostprocessing = 0;
		};
/* End PBXFrameworksBuildPhase section */

/* Begin PBXGroup section */
		4A17F4E02835B79300AD8EA1 /* Helper */ = {
			isa = PBXGroup;
			children = (
				4A17F4E12835B7A900AD8EA1 /* VideePlayerHelper.swift */,
			);
			path = Helper;
			sourceTree = "<group>";
		};
		4A3B6152283377BD00D99C0F /* Model */ = {
			isa = PBXGroup;
			children = (
				4A3B6153283377C800D99C0F /* CoverImageModel.swift */,
				4A12869928346AF60054DB99 /* AnimalModel.swift */,
				4A17F4DA2835A85C00AD8EA1 /* VideoModel.swift */,
				4A17F4E32835BB5600AD8EA1 /* LocationModel.swift */,
			);
			path = Model;
			sourceTree = "<group>";
		};
		4A3B6155283378DE00D99C0F /* Extension */ = {
			isa = PBXGroup;
			children = (
				4A3B6156283378EE00D99C0F /* CodableBundleExtension.swift */,
			);
			path = Extension;
			sourceTree = "<group>";
		};
		4A411854282F9590006A83A4 = {
			isa = PBXGroup;
			children = (
				4A41185F282F9590006A83A4 /* Africa_SwiftUI */,
				4A41185E282F9590006A83A4 /* Products */,
			);
			sourceTree = "<group>";
		};
		4A41185E282F9590006A83A4 /* Products */ = {
			isa = PBXGroup;
			children = (
				4A41185D282F9590006A83A4 /* Africa_SwiftUI.app */,
			);
			name = Products;
			sourceTree = "<group>";
		};
		4A41185F282F9590006A83A4 /* Africa_SwiftUI */ = {
			isa = PBXGroup;
			children = (
				4A17F4E02835B79300AD8EA1 /* Helper */,
				4A3B6155283378DE00D99C0F /* Extension */,
				4A3B6152283377BD00D99C0F /* Model */,
				4AC60BE9283375220062221C /* View */,
				4AC60BDF283372180062221C /* Africa-SwiftUI-Info.plist */,
				4AC60BD62833711A0062221C /* Data */,
				4AC60BC1283370100062221C /* Video */,
				4AC60BE02833731D0062221C /* App */,
				4A411864282F9590006A83A4 /* Assets.xcassets */,
				4A411866282F9590006A83A4 /* Preview Content */,
			);
			path = Africa_SwiftUI;
			sourceTree = "<group>";
		};
		4A411866282F9590006A83A4 /* Preview Content */ = {
			isa = PBXGroup;
			children = (
				4A411867282F9590006A83A4 /* Preview Assets.xcassets */,
			);
			path = "Preview Content";
			sourceTree = "<group>";
		};
		4AC60BC1283370100062221C /* Video */ = {
			isa = PBXGroup;
			children = (
				4AC60BCB283370EF0062221C /* elephant.mp4 */,
				4AC60BC8283370EF0062221C /* giraffe.mp4 */,
				4AC60BC9283370EF0062221C /* gorilla.mp4 */,
				4AC60BC4283370EE0062221C /* hippo.mp4 */,
				4AC60BC7283370EE0062221C /* lion.mp4 */,
				4AC60BCA283370EF0062221C /* lioness.mp4 */,
				4AC60BC5283370EE0062221C /* ostrich.mp4 */,
				4AC60BC6283370EE0062221C /* rhino.mp4 */,
				4AC60BCC283370F00062221C /* zebra.mp4 */,
				4AC60BC2283370A30062221C /* cheetah.mp4 */,
			);
			path = Video;
			sourceTree = "<group>";
		};
		4AC60BD62833711A0062221C /* Data */ = {
			isa = PBXGroup;
			children = (
				4AC60BDA2833712E0062221C /* animals.json */,
				4AC60BD92833712E0062221C /* covers.json */,
				4AC60BD72833712E0062221C /* locations.json */,
				4AC60BD82833712E0062221C /* videos.json */,
			);
			path = Data;
			sourceTree = "<group>";
		};
		4AC60BE02833731D0062221C /* App */ = {
			isa = PBXGroup;
			children = (
				4A411860282F9590006A83A4 /* Africa_SwiftUIApp.swift */,
				4A411862282F9590006A83A4 /* ContentView.swift */,
				4AC60BE1283373460062221C /* VideoListView.swift */,
				4AC60BE3283373530062221C /* MapView.swift */,
				4AC60BE5283373610062221C /* GalleryView.swift */,
				4AC60BE72833736B0062221C /* MainView.swift */,
			);
			path = App;
			sourceTree = "<group>";
		};
		4AC60BE9283375220062221C /* View */ = {
			isa = PBXGroup;
			children = (
				4AC60BEA2833753C0062221C /* CoverImageView.swift */,
				4A1D04072833D797004E8566 /* AnimalListItemView.swift */,
				4AC7272C283537280037CB1D /* AnimalDetailView.swift */,
				4AC7272E283538DC0037CB1D /* HeadingView.swift */,
				4AC72730283539EE0037CB1D /* InsetGalleryView.swift */,
				4AC7273228353E3A0037CB1D /* InsetFactView.swift */,
				4AC72734283540180037CB1D /* InsetMapView.swift */,
				4AC72736283542730037CB1D /* ExternalWeblinkView.swift */,
				4A17F4DC2835A8BE00AD8EA1 /* VideoListItem.swift */,
				4A17F4DE2835B6CC00AD8EA1 /* VideoPlayerView.swift */,
			);
			path = View;
			sourceTree = "<group>";
		};
/* End PBXGroup section */

/* Begin PBXNativeTarget section */
		4A41185C282F9590006A83A4 /* Africa_SwiftUI */ = {
			isa = PBXNativeTarget;
			buildConfigurationList = 4A41186B282F9590006A83A4 /* Build configuration list for PBXNativeTarget "Africa_SwiftUI" */;
			buildPhases = (
				4A411859282F9590006A83A4 /* Sources */,
				4A41185A282F9590006A83A4 /* Frameworks */,
				4A41185B282F9590006A83A4 /* Resources */,
			);
			buildRules = (
			);
			dependencies = (
			);
			name = Africa_SwiftUI;
			productName = Africa_SwiftUI;
			productReference = 4A41185D282F9590006A83A4 /* Africa_SwiftUI.app */;
			productType = "com.apple.product-type.application";
		};
/* End PBXNativeTarget section */

/* Begin PBXProject section */
		4A411855282F9590006A83A4 /* Project object */ = {
			isa = PBXProject;
			attributes = {
				BuildIndependentTargetsInParallel = 1;
				LastSwiftUpdateCheck = 1330;
				LastUpgradeCheck = 1330;
				TargetAttributes = {
					4A41185C282F9590006A83A4 = {
						CreatedOnToolsVersion = 13.3.1;
					};
				};
			};
			buildConfigurationList = 4A411858282F9590006A83A4 /* Build configuration list for PBXProject "Africa_SwiftUI" */;
			compatibilityVersion = "Xcode 13.0";
			developmentRegion = en;
			hasScannedForEncodings = 0;
			knownRegions = (
				en,
				Base,
			);
			mainGroup = 4A411854282F9590006A83A4;
			productRefGroup = 4A41185E282F9590006A83A4 /* Products */;
			projectDirPath = "";
			projectRoot = "";
			targets = (
				4A41185C282F9590006A83A4 /* Africa_SwiftUI */,
			);
		};
/* End PBXProject section */

/* Begin PBXResourcesBuildPhase section */
		4A41185B282F9590006A83A4 /* Resources */ = {
			isa = PBXResourcesBuildPhase;
			buildActionMask = 2147483647;
			files = (
				4AC60BDB2833712E0062221C /* locations.json in Resources */,
				4AC60BCF283370F00062221C /* rhino.mp4 in Resources */,
				4AC60BD2283370F00062221C /* gorilla.mp4 in Resources */,
				4AC60BDC2833712E0062221C /* videos.json in Resources */,
				4AC60BCD283370F00062221C /* hippo.mp4 in Resources */,
				4AC60BD0283370F00062221C /* lion.mp4 in Resources */,
				4AC60BD5283370F00062221C /* zebra.mp4 in Resources */,
				4A411868282F9590006A83A4 /* Preview Assets.xcassets in Resources */,
				4A411865282F9590006A83A4 /* Assets.xcassets in Resources */,
				4AC60BDE2833712E0062221C /* animals.json in Resources */,
				4AC60BCE283370F00062221C /* ostrich.mp4 in Resources */,
				4AC60BDD2833712E0062221C /* covers.json in Resources */,
				4AC60BD3283370F00062221C /* lioness.mp4 in Resources */,
				4AC60BD1283370F00062221C /* giraffe.mp4 in Resources */,
				4AC60BC3283370A30062221C /* cheetah.mp4 in Resources */,
				4AC60BD4283370F00062221C /* elephant.mp4 in Resources */,
			);
			runOnlyForDeploymentPostprocessing = 0;
		};
/* End PBXResourcesBuildPhase section */

/* Begin PBXSourcesBuildPhase section */
		4A411859282F9590006A83A4 /* Sources */ = {
			isa = PBXSourcesBuildPhase;
			buildActionMask = 2147483647;
			files = (
				4AC72737283542730037CB1D /* ExternalWeblinkView.swift in Sources */,
				4A411863282F9590006A83A4 /* ContentView.swift in Sources */,
				4A1D04082833D797004E8566 /* AnimalListItemView.swift in Sources */,
				4AC60BE82833736B0062221C /* MainView.swift in Sources */,
				4AC7273328353E3A0037CB1D /* InsetFactView.swift in Sources */,
				4AC60BEB2833753C0062221C /* CoverImageView.swift in Sources */,
				4A3B6154283377C800D99C0F /* CoverImageModel.swift in Sources */,
				4AC7272D283537280037CB1D /* AnimalDetailView.swift in Sources */,
				4A12869A28346AF60054DB99 /* AnimalModel.swift in Sources */,
				4AC60BE4283373530062221C /* MapView.swift in Sources */,
				4AC72735283540180037CB1D /* InsetMapView.swift in Sources */,
				4A411861282F9590006A83A4 /* Africa_SwiftUIApp.swift in Sources */,
				4AC60BE2283373460062221C /* VideoListView.swift in Sources */,
				4A17F4DB2835A85C00AD8EA1 /* VideoModel.swift in Sources */,
				4AC60BE6283373610062221C /* GalleryView.swift in Sources */,
				4AC72731283539EE0037CB1D /* InsetGalleryView.swift in Sources */,
				4A17F4E42835BB5600AD8EA1 /* LocationModel.swift in Sources */,
				4A17F4E22835B7A900AD8EA1 /* VideePlayerHelper.swift in Sources */,
				4A17F4DD2835A8BE00AD8EA1 /* VideoListItem.swift in Sources */,
				4A3B6157283378EE00D99C0F /* CodableBundleExtension.swift in Sources */,
				4AC7272F283538DC0037CB1D /* HeadingView.swift in Sources */,
				4A17F4DF2835B6CC00AD8EA1 /* VideoPlayerView.swift in Sources */,
			);
			runOnlyForDeploymentPostprocessing = 0;
		};
/* End PBXSourcesBuildPhase section */

/* Begin XCBuildConfiguration section */
		4A411869282F9590006A83A4 /* Debug */ = {
			isa = XCBuildConfiguration;
			buildSettings = {
				ALWAYS_SEARCH_USER_PATHS = NO;
				CLANG_ANALYZER_NONNULL = YES;
				CLANG_ANALYZER_NUMBER_OBJECT_CONVERSION = YES_AGGRESSIVE;
				CLANG_CXX_LANGUAGE_STANDARD = "gnu++17";
				CLANG_ENABLE_MODULES = YES;
				CLANG_ENABLE_OBJC_ARC = YES;
				CLANG_ENABLE_OBJC_WEAK = YES;
				CLANG_WARN_BLOCK_CAPTURE_AUTORELEASING = YES;
				CLANG_WARN_BOOL_CONVERSION = YES;
				CLANG_WARN_COMMA = YES;
				CLANG_WARN_CONSTANT_CONVERSION = YES;
				CLANG_WARN_DEPRECATED_OBJC_IMPLEMENTATIONS = YES;
				CLANG_WARN_DIRECT_OBJC_ISA_USAGE = YES_ERROR;
				CLANG_WARN_DOCUMENTATION_COMMENTS = YES;
				CLANG_WARN_EMPTY_BODY = YES;
				CLANG_WARN_ENUM_CONVERSION = YES;
				CLANG_WARN_INFINITE_RECURSION = YES;
				CLANG_WARN_INT_CONVERSION = YES;
				CLANG_WARN_NON_LITERAL_NULL_CONVERSION = YES;
				CLANG_WARN_OBJC_IMPLICIT_RETAIN_SELF = YES;
				CLANG_WARN_OBJC_LITERAL_CONVERSION = YES;
				CLANG_WARN_OBJC_ROOT_CLASS = YES_ERROR;
				CLANG_WARN_QUOTED_INCLUDE_IN_FRAMEWORK_HEADER = YES;
				CLANG_WARN_RANGE_LOOP_ANALYSIS = YES;
				CLANG_WARN_STRICT_PROTOTYPES = YES;
				CLANG_WARN_SUSPICIOUS_MOVE = YES;
				CLANG_WARN_UNGUARDED_AVAILABILITY = YES_AGGRESSIVE;
				CLANG_WARN_UNREACHABLE_CODE = YES;
				CLANG_WARN__DUPLICATE_METHOD_MATCH = YES;
				COPY_PHASE_STRIP = NO;
				DEBUG_INFORMATION_FORMAT = dwarf;
				ENABLE_STRICT_OBJC_MSGSEND = YES;
				ENABLE_TESTABILITY = YES;
				GCC_C_LANGUAGE_STANDARD = gnu11;
				GCC_DYNAMIC_NO_PIC = NO;
				GCC_NO_COMMON_BLOCKS = YES;
				GCC_OPTIMIZATION_LEVEL = 0;
				GCC_PREPROCESSOR_DEFINITIONS = (
					"DEBUG=1",
					"$(inherited)",
				);
				GCC_WARN_64_TO_32_BIT_CONVERSION = YES;
				GCC_WARN_ABOUT_RETURN_TYPE = YES_ERROR;
				GCC_WARN_UNDECLARED_SELECTOR = YES;
				GCC_WARN_UNINITIALIZED_AUTOS = YES_AGGRESSIVE;
				GCC_WARN_UNUSED_FUNCTION = YES;
				GCC_WARN_UNUSED_VARIABLE = YES;
				IPHONEOS_DEPLOYMENT_TARGET = 15.4;
				MTL_ENABLE_DEBUG_INFO = INCLUDE_SOURCE;
				MTL_FAST_MATH = YES;
				ONLY_ACTIVE_ARCH = YES;
				SDKROOT = iphoneos;
				SWIFT_ACTIVE_COMPILATION_CONDITIONS = DEBUG;
				SWIFT_OPTIMIZATION_LEVEL = "-Onone";
			};
			name = Debug;
		};
		4A41186A282F9590006A83A4 /* Release */ = {
			isa = XCBuildConfiguration;
			buildSettings = {
				ALWAYS_SEARCH_USER_PATHS = NO;
				CLANG_ANALYZER_NONNULL = YES;
				CLANG_ANALYZER_NUMBER_OBJECT_CONVERSION = YES_AGGRESSIVE;
				CLANG_CXX_LANGUAGE_STANDARD = "gnu++17";
				CLANG_ENABLE_MODULES = YES;
				CLANG_ENABLE_OBJC_ARC = YES;
				CLANG_ENABLE_OBJC_WEAK = YES;
				CLANG_WARN_BLOCK_CAPTURE_AUTORELEASING = YES;
				CLANG_WARN_BOOL_CONVERSION = YES;
				CLANG_WARN_COMMA = YES;
				CLANG_WARN_CONSTANT_CONVERSION = YES;
				CLANG_WARN_DEPRECATED_OBJC_IMPLEMENTATIONS = YES;
				CLANG_WARN_DIRECT_OBJC_ISA_USAGE = YES_ERROR;
				CLANG_WARN_DOCUMENTATION_COMMENTS = YES;
				CLANG_WARN_EMPTY_BODY = YES;
				CLANG_WARN_ENUM_CONVERSION = YES;
				CLANG_WARN_INFINITE_RECURSION = YES;
				CLANG_WARN_INT_CONVERSION = YES;
				CLANG_WARN_NON_LITERAL_NULL_CONVERSION = YES;
				CLANG_WARN_OBJC_IMPLICIT_RETAIN_SELF = YES;
				CLANG_WARN_OBJC_LITERAL_CONVERSION = YES;
				CLANG_WARN_OBJC_ROOT_CLASS = YES_ERROR;
				CLANG_WARN_QUOTED_INCLUDE_IN_FRAMEWORK_HEADER = YES;
				CLANG_WARN_RANGE_LOOP_ANALYSIS = YES;
				CLANG_WARN_STRICT_PROTOTYPES = YES;
				CLANG_WARN_SUSPICIOUS_MOVE = YES;
				CLANG_WARN_UNGUARDED_AVAILABILITY = YES_AGGRESSIVE;
				CLANG_WARN_UNREACHABLE_CODE = YES;
				CLANG_WARN__DUPLICATE_METHOD_MATCH = YES;
				COPY_PHASE_STRIP = NO;
				DEBUG_INFORMATION_FORMAT = "dwarf-with-dsym";
				ENABLE_NS_ASSERTIONS = NO;
				ENABLE_STRICT_OBJC_MSGSEND = YES;
				GCC_C_LANGUAGE_STANDARD = gnu11;
				GCC_NO_COMMON_BLOCKS = YES;
				GCC_WARN_64_TO_32_BIT_CONVERSION = YES;
				GCC_WARN_ABOUT_RETURN_TYPE = YES_ERROR;
				GCC_WARN_UNDECLARED_SELECTOR = YES;
				GCC_WARN_UNINITIALIZED_AUTOS = YES_AGGRESSIVE;
				GCC_WARN_UNUSED_FUNCTION = YES;
				GCC_WARN_UNUSED_VARIABLE = YES;
				IPHONEOS_DEPLOYMENT_TARGET = 15.4;
				MTL_ENABLE_DEBUG_INFO = NO;
				MTL_FAST_MATH = YES;
				SDKROOT = iphoneos;
				SWIFT_COMPILATION_MODE = wholemodule;
				SWIFT_OPTIMIZATION_LEVEL = "-O";
				VALIDATE_PRODUCT = YES;
			};
			name = Release;
		};
		4A41186C282F9590006A83A4 /* Debug */ = {
			isa = XCBuildConfiguration;
			buildSettings = {
				ASSETCATALOG_COMPILER_APPICON_NAME = AppIcon;
				ASSETCATALOG_COMPILER_GLOBAL_ACCENT_COLOR_NAME = AccentColor;
				CODE_SIGN_STYLE = Automatic;
				CURRENT_PROJECT_VERSION = 1;
				DEVELOPMENT_ASSET_PATHS = "\"Africa_SwiftUI/Preview Content\"";
				DEVELOPMENT_TEAM = 4JPWGVR2ZN;
				ENABLE_PREVIEWS = YES;
				GENERATE_INFOPLIST_FILE = YES;
				INFOPLIST_FILE = "Africa-SwiftUI-Info.plist";
				INFOPLIST_KEY_UIApplicationSceneManifest_Generation = YES;
				INFOPLIST_KEY_UIApplicationSupportsIndirectInputEvents = YES;
				INFOPLIST_KEY_UISupportedInterfaceOrientations_iPad = "UIInterfaceOrientationPortrait UIInterfaceOrientationPortraitUpsideDown UIInterfaceOrientationLandscapeLeft UIInterfaceOrientationLandscapeRight";
				INFOPLIST_KEY_UISupportedInterfaceOrientations_iPhone = "UIInterfaceOrientationPortrait UIInterfaceOrientationLandscapeLeft UIInterfaceOrientationLandscapeRight";
				INFOPLIST_KEY_UIUserInterfaceStyle = Dark;
				LD_RUNPATH_SEARCH_PATHS = (
					"$(inherited)",
					"@executable_path/Frameworks",
				);
				MARKETING_VERSION = 1.0;
				PRODUCT_BUNDLE_IDENTIFIER = "JP.Africa-SwiftUI";
				PRODUCT_NAME = "$(TARGET_NAME)";
				SWIFT_EMIT_LOC_STRINGS = YES;
				SWIFT_VERSION = 5.0;
				TARGETED_DEVICE_FAMILY = "1,2";
			};
			name = Debug;
		};
		4A41186D282F9590006A83A4 /* Release */ = {
			isa = XCBuildConfiguration;
			buildSettings = {
				ASSETCATALOG_COMPILER_APPICON_NAME = AppIcon;
				ASSETCATALOG_COMPILER_GLOBAL_ACCENT_COLOR_NAME = AccentColor;
				CODE_SIGN_STYLE = Automatic;
				CURRENT_PROJECT_VERSION = 1;
				DEVELOPMENT_ASSET_PATHS = "\"Africa_SwiftUI/Preview Content\"";
				DEVELOPMENT_TEAM = 4JPWGVR2ZN;
				ENABLE_PREVIEWS = YES;
				GENERATE_INFOPLIST_FILE = YES;
				INFOPLIST_FILE = "Africa-SwiftUI-Info.plist";
				INFOPLIST_KEY_UIApplicationSceneManifest_Generation = YES;
				INFOPLIST_KEY_UIApplicationSupportsIndirectInputEvents = YES;
				INFOPLIST_KEY_UISupportedInterfaceOrientations_iPad = "UIInterfaceOrientationPortrait UIInterfaceOrientationPortraitUpsideDown UIInterfaceOrientationLandscapeLeft UIInterfaceOrientationLandscapeRight";
				INFOPLIST_KEY_UISupportedInterfaceOrientations_iPhone = "UIInterfaceOrientationPortrait UIInterfaceOrientationLandscapeLeft UIInterfaceOrientationLandscapeRight";
				INFOPLIST_KEY_UIUserInterfaceStyle = Dark;
				LD_RUNPATH_SEARCH_PATHS = (
					"$(inherited)",
					"@executable_path/Frameworks",
				);
				MARKETING_VERSION = 1.0;
				PRODUCT_BUNDLE_IDENTIFIER = "JP.Africa-SwiftUI";
				PRODUCT_NAME = "$(TARGET_NAME)";
				SWIFT_EMIT_LOC_STRINGS = YES;
				SWIFT_VERSION = 5.0;
				TARGETED_DEVICE_FAMILY = "1,2";
			};
			name = Release;
		};
/* End XCBuildConfiguration section */

/* Begin XCConfigurationList section */
		4A411858282F9590006A83A4 /* Build configuration list for PBXProject "Africa_SwiftUI" */ = {
			isa = XCConfigurationList;
			buildConfigurations = (
				4A411869282F9590006A83A4 /* Debug */,
				4A41186A282F9590006A83A4 /* Release */,
			);
			defaultConfigurationIsVisible = 0;
			defaultConfigurationName = Release;
		};
		4A41186B282F9590006A83A4 /* Build configuration list for PBXNativeTarget "Africa_SwiftUI" */ = {
			isa = XCConfigurationList;
			buildConfigurations = (
				4A41186C282F9590006A83A4 /* Debug */,
				4A41186D282F9590006A83A4 /* Release */,
			);
			defaultConfigurationIsVisible = 0;
			defaultConfigurationName = Release;
		};
/* End XCConfigurationList section */
	};
	rootObject = 4A411855282F9590006A83A4 /* Project object */;
}
