// !$*UTF8*$!
{
	archiveVersion = 1;
	classes = {
	};
	objectVersion = 55;
	objects = {

/* Begin PBXBuildFile section */
		D20BCF3D28B113D50069621B /* SwiftfulThinkingAdvancedLearningApp.swift in Sources */ = {isa = PBXBuildFile; fileRef = D20BCF3C28B113D50069621B /* SwiftfulThinkingAdvancedLearningApp.swift */; };
		D20BCF4128B113D60069621B /* Assets.xcassets in Resources */ = {isa = PBXBuildFile; fileRef = D20BCF4028B113D60069621B /* Assets.xcassets */; };
		D20BCF4428B113D60069621B /* Preview Assets.xcassets in Resources */ = {isa = PBXBuildFile; fileRef = D20BCF4328B113D60069621B /* Preview Assets.xcassets */; };
		D20BCF4B28B114270069621B /* ViewModifierBootCamp.swift in Sources */ = {isa = PBXBuildFile; fileRef = D20BCF4A28B114270069621B /* ViewModifierBootCamp.swift */; };
		D20BCF4D28B11A610069621B /* ButtonStyleBootCamp.swift in Sources */ = {isa = PBXBuildFile; fileRef = D20BCF4C28B11A610069621B /* ButtonStyleBootCamp.swift */; };
		D20BCF4F28B12B390069621B /* TransitionsBootCamp.swift in Sources */ = {isa = PBXBuildFile; fileRef = D20BCF4E28B12B390069621B /* TransitionsBootCamp.swift */; };
		D20BCF5128B131770069621B /* MatchedGeometryEffect.swift in Sources */ = {isa = PBXBuildFile; fileRef = D20BCF5028B131770069621B /* MatchedGeometryEffect.swift */; };
		D20BCF5328B138320069621B /* CustomShapesBootCamp.swift in Sources */ = {isa = PBXBuildFile; fileRef = D20BCF5228B138320069621B /* CustomShapesBootCamp.swift */; };
		D24A964228B1C3CE00C10A3C /* CustomCurversBootCamp.swift in Sources */ = {isa = PBXBuildFile; fileRef = D24A964128B1C3CE00C10A3C /* CustomCurversBootCamp.swift */; };
		D24A964628B1CB7500C10A3C /* CustomShapeAnimationBootCamp.swift in Sources */ = {isa = PBXBuildFile; fileRef = D24A964528B1CB7500C10A3C /* CustomShapeAnimationBootCamp.swift */; };
		D24A964828B1D2C400C10A3C /* GenericsBootCamp.swift in Sources */ = {isa = PBXBuildFile; fileRef = D24A964728B1D2C400C10A3C /* GenericsBootCamp.swift */; };
		D24A964A28B1D87900C10A3C /* ViewBuilderBootCamp.swift in Sources */ = {isa = PBXBuildFile; fileRef = D24A964928B1D87900C10A3C /* ViewBuilderBootCamp.swift */; };
		D24A964C28B1E1A900C10A3C /* PreferenceKeyBootCamp.swift in Sources */ = {isa = PBXBuildFile; fileRef = D24A964B28B1E1A900C10A3C /* PreferenceKeyBootCamp.swift */; };
		D24A964F28B1EEAE00C10A3C /* GeometryPreferenceBootCamp.swift in Sources */ = {isa = PBXBuildFile; fileRef = D24A964E28B1EEAE00C10A3C /* GeometryPreferenceBootCamp.swift */; };
		D24A965128B1F2F600C10A3C /* ScrollViewOffsetPreferenceBootCamp.swift in Sources */ = {isa = PBXBuildFile; fileRef = D24A965028B1F2F600C10A3C /* ScrollViewOffsetPreferenceBootCamp.swift */; };
		D276ABA828B35015006912D9 /* UIViewRepresentableBootCamp.swift in Sources */ = {isa = PBXBuildFile; fileRef = D276ABA728B35015006912D9 /* UIViewRepresentableBootCamp.swift */; };
		D276ABAA28B369EB006912D9 /* UIViewControllerRepresentableBootCamp.swift in Sources */ = {isa = PBXBuildFile; fileRef = D276ABA928B369EB006912D9 /* UIViewControllerRepresentableBootCamp.swift */; };
		D276ABAC28B39BEC006912D9 /* ProtocolsBootCamp.swift in Sources */ = {isa = PBXBuildFile; fileRef = D276ABAB28B39BEC006912D9 /* ProtocolsBootCamp.swift */; };
		D276ABAE28B3A88A006912D9 /* DependencyInjectionBootCamp.swift in Sources */ = {isa = PBXBuildFile; fileRef = D276ABAD28B3A88A006912D9 /* DependencyInjectionBootCamp.swift */; };
		D276ABB328B3BB4C006912D9 /* UnitTestingBootCampView.swift in Sources */ = {isa = PBXBuildFile; fileRef = D276ABB228B3BB4C006912D9 /* UnitTestingBootCampView.swift */; };
		D276ABBD28B3BD7C006912D9 /* SwiftfulThinkingAdvancedLearning_Tests.swift in Sources */ = {isa = PBXBuildFile; fileRef = D276ABBC28B3BD7C006912D9 /* SwiftfulThinkingAdvancedLearning_Tests.swift */; };
		D276ABC428B3BE42006912D9 /* UnitTestingBootCampViewModel.swift in Sources */ = {isa = PBXBuildFile; fileRef = D276ABB428B3BCAF006912D9 /* UnitTestingBootCampViewModel.swift */; };
		D276ABC628B3BE82006912D9 /* UnitTestingBootCampViewModel_Tests.swift in Sources */ = {isa = PBXBuildFile; fileRef = D276ABC528B3BE82006912D9 /* UnitTestingBootCampViewModel_Tests.swift */; };
		D276ABC828B467F6006912D9 /* NewMockDataService.swift in Sources */ = {isa = PBXBuildFile; fileRef = D276ABC728B467F6006912D9 /* NewMockDataService.swift */; };
		D276ABCA28B46827006912D9 /* NewMockDataService_Tests.swift in Sources */ = {isa = PBXBuildFile; fileRef = D276ABC928B46827006912D9 /* NewMockDataService_Tests.swift */; };
		D276ABD628B4B0C6006912D9 /* UITestingBootCampView.swift in Sources */ = {isa = PBXBuildFile; fileRef = D276ABD528B4B0C6006912D9 /* UITestingBootCampView.swift */; };
		D276ABE028B4B64F006912D9 /* SwiftfulThinkingAdvancedLearning_UITests.swift in Sources */ = {isa = PBXBuildFile; fileRef = D276ABDF28B4B64F006912D9 /* SwiftfulThinkingAdvancedLearning_UITests.swift */; };
		D276ABE228B4B64F006912D9 /* SwiftfulThinkingAdvancedLearning_UITestsLaunchTests.swift in Sources */ = {isa = PBXBuildFile; fileRef = D276ABE128B4B64F006912D9 /* SwiftfulThinkingAdvancedLearning_UITestsLaunchTests.swift */; };
		D276ABE928B4C404006912D9 /* UITestingBootCampView_UITests.swift in Sources */ = {isa = PBXBuildFile; fileRef = D276ABE828B4C404006912D9 /* UITestingBootCampView_UITests.swift */; };
		D276ABEB28B51885006912D9 /* AdvancedCombineBootCamp.swift in Sources */ = {isa = PBXBuildFile; fileRef = D276ABEA28B51885006912D9 /* AdvancedCombineBootCamp.swift */; };
		D276ABEF28B60AAB006912D9 /* FuturesBootCamp.swift in Sources */ = {isa = PBXBuildFile; fileRef = D276ABEE28B60AAB006912D9 /* FuturesBootCamp.swift */; };
		D2FE83EC28B2593A00B20A03 /* AppTabBarView.swift in Sources */ = {isa = PBXBuildFile; fileRef = D2FE83EB28B2593A00B20A03 /* AppTabBarView.swift */; };
		D2FE83EE28B25A0800B20A03 /* CustomTabBarView.swift in Sources */ = {isa = PBXBuildFile; fileRef = D2FE83ED28B25A0800B20A03 /* CustomTabBarView.swift */; };
		D2FE83F028B25C3100B20A03 /* CustomTabBarContainerView.swift in Sources */ = {isa = PBXBuildFile; fileRef = D2FE83EF28B25C3100B20A03 /* CustomTabBarContainerView.swift */; };
		D2FE83F228B25F3A00B20A03 /* TabBarItemPreferenceKey.swift in Sources */ = {isa = PBXBuildFile; fileRef = D2FE83F128B25F3A00B20A03 /* TabBarItemPreferenceKey.swift */; };
		D2FE83F428B2612700B20A03 /* TabBarItem.swift in Sources */ = {isa = PBXBuildFile; fileRef = D2FE83F328B2612700B20A03 /* TabBarItem.swift */; };
		D2FE83F728B2741C00B20A03 /* AppNavBarView.swift in Sources */ = {isa = PBXBuildFile; fileRef = D2FE83F628B2741C00B20A03 /* AppNavBarView.swift */; };
		D2FE83F928B2755B00B20A03 /* CustomNavBarView.swift in Sources */ = {isa = PBXBuildFile; fileRef = D2FE83F828B2755B00B20A03 /* CustomNavBarView.swift */; };
		D2FE83FB28B277C100B20A03 /* CustomNavBarContainerView.swift in Sources */ = {isa = PBXBuildFile; fileRef = D2FE83FA28B277C100B20A03 /* CustomNavBarContainerView.swift */; };
		D2FE83FD28B2793700B20A03 /* CustomNavView.swift in Sources */ = {isa = PBXBuildFile; fileRef = D2FE83FC28B2793700B20A03 /* CustomNavView.swift */; };
		D2FE83FF28B27A7000B20A03 /* CustomNavLink.swift in Sources */ = {isa = PBXBuildFile; fileRef = D2FE83FE28B27A7000B20A03 /* CustomNavLink.swift */; };
		D2FE840128B27CAA00B20A03 /* CustomNavBarPreferenceKeys.swift in Sources */ = {isa = PBXBuildFile; fileRef = D2FE840028B27CAA00B20A03 /* CustomNavBarPreferenceKeys.swift */; };
/* End PBXBuildFile section */

/* Begin PBXContainerItemProxy section */
		D276ABBE28B3BD7C006912D9 /* PBXContainerItemProxy */ = {
			isa = PBXContainerItemProxy;
			containerPortal = D20BCF3128B113D50069621B /* Project object */;
			proxyType = 1;
			remoteGlobalIDString = D20BCF3828B113D50069621B;
			remoteInfo = SwiftfulThinkingAdvancedLearning;
		};
		D276ABE328B4B64F006912D9 /* PBXContainerItemProxy */ = {
			isa = PBXContainerItemProxy;
			containerPortal = D20BCF3128B113D50069621B /* Project object */;
			proxyType = 1;
			remoteGlobalIDString = D20BCF3828B113D50069621B;
			remoteInfo = SwiftfulThinkingAdvancedLearning;
		};
/* End PBXContainerItemProxy section */

/* Begin PBXFileReference section */
		D20BCF3928B113D50069621B /* SwiftfulThinkingAdvancedLearning.app */ = {isa = PBXFileReference; explicitFileType = wrapper.application; includeInIndex = 0; path = SwiftfulThinkingAdvancedLearning.app; sourceTree = BUILT_PRODUCTS_DIR; };
		D20BCF3C28B113D50069621B /* SwiftfulThinkingAdvancedLearningApp.swift */ = {isa = PBXFileReference; lastKnownFileType = sourcecode.swift; path = SwiftfulThinkingAdvancedLearningApp.swift; sourceTree = "<group>"; };
		D20BCF4028B113D60069621B /* Assets.xcassets */ = {isa = PBXFileReference; lastKnownFileType = folder.assetcatalog; path = Assets.xcassets; sourceTree = "<group>"; };
		D20BCF4328B113D60069621B /* Preview Assets.xcassets */ = {isa = PBXFileReference; lastKnownFileType = folder.assetcatalog; path = "Preview Assets.xcassets"; sourceTree = "<group>"; };
		D20BCF4A28B114270069621B /* ViewModifierBootCamp.swift */ = {isa = PBXFileReference; lastKnownFileType = sourcecode.swift; path = ViewModifierBootCamp.swift; sourceTree = "<group>"; };
		D20BCF4C28B11A610069621B /* ButtonStyleBootCamp.swift */ = {isa = PBXFileReference; lastKnownFileType = sourcecode.swift; path = ButtonStyleBootCamp.swift; sourceTree = "<group>"; };
		D20BCF4E28B12B390069621B /* TransitionsBootCamp.swift */ = {isa = PBXFileReference; lastKnownFileType = sourcecode.swift; path = TransitionsBootCamp.swift; sourceTree = "<group>"; };
		D20BCF5028B131770069621B /* MatchedGeometryEffect.swift */ = {isa = PBXFileReference; lastKnownFileType = sourcecode.swift; path = MatchedGeometryEffect.swift; sourceTree = "<group>"; };
		D20BCF5228B138320069621B /* CustomShapesBootCamp.swift */ = {isa = PBXFileReference; lastKnownFileType = sourcecode.swift; path = CustomShapesBootCamp.swift; sourceTree = "<group>"; };
		D24A964128B1C3CE00C10A3C /* CustomCurversBootCamp.swift */ = {isa = PBXFileReference; lastKnownFileType = sourcecode.swift; path = CustomCurversBootCamp.swift; sourceTree = "<group>"; };
		D24A964528B1CB7500C10A3C /* CustomShapeAnimationBootCamp.swift */ = {isa = PBXFileReference; lastKnownFileType = sourcecode.swift; path = CustomShapeAnimationBootCamp.swift; sourceTree = "<group>"; };
		D24A964728B1D2C400C10A3C /* GenericsBootCamp.swift */ = {isa = PBXFileReference; lastKnownFileType = sourcecode.swift; path = GenericsBootCamp.swift; sourceTree = "<group>"; };
		D24A964928B1D87900C10A3C /* ViewBuilderBootCamp.swift */ = {isa = PBXFileReference; lastKnownFileType = sourcecode.swift; path = ViewBuilderBootCamp.swift; sourceTree = "<group>"; };
		D24A964B28B1E1A900C10A3C /* PreferenceKeyBootCamp.swift */ = {isa = PBXFileReference; lastKnownFileType = sourcecode.swift; path = PreferenceKeyBootCamp.swift; sourceTree = "<group>"; };
		D24A964E28B1EEAE00C10A3C /* GeometryPreferenceBootCamp.swift */ = {isa = PBXFileReference; lastKnownFileType = sourcecode.swift; path = GeometryPreferenceBootCamp.swift; sourceTree = "<group>"; };
		D24A965028B1F2F600C10A3C /* ScrollViewOffsetPreferenceBootCamp.swift */ = {isa = PBXFileReference; lastKnownFileType = sourcecode.swift; path = ScrollViewOffsetPreferenceBootCamp.swift; sourceTree = "<group>"; };
		D276ABA728B35015006912D9 /* UIViewRepresentableBootCamp.swift */ = {isa = PBXFileReference; lastKnownFileType = sourcecode.swift; path = UIViewRepresentableBootCamp.swift; sourceTree = "<group>"; };
		D276ABA928B369EB006912D9 /* UIViewControllerRepresentableBootCamp.swift */ = {isa = PBXFileReference; lastKnownFileType = sourcecode.swift; path = UIViewControllerRepresentableBootCamp.swift; sourceTree = "<group>"; };
		D276ABAB28B39BEC006912D9 /* ProtocolsBootCamp.swift */ = {isa = PBXFileReference; lastKnownFileType = sourcecode.swift; path = ProtocolsBootCamp.swift; sourceTree = "<group>"; };
		D276ABAD28B3A88A006912D9 /* DependencyInjectionBootCamp.swift */ = {isa = PBXFileReference; lastKnownFileType = sourcecode.swift; path = DependencyInjectionBootCamp.swift; sourceTree = "<group>"; };
		D276ABB228B3BB4C006912D9 /* UnitTestingBootCampView.swift */ = {isa = PBXFileReference; lastKnownFileType = sourcecode.swift; path = UnitTestingBootCampView.swift; sourceTree = "<group>"; };
		D276ABB428B3BCAF006912D9 /* UnitTestingBootCampViewModel.swift */ = {isa = PBXFileReference; lastKnownFileType = sourcecode.swift; path = UnitTestingBootCampViewModel.swift; sourceTree = "<group>"; };
		D276ABBA28B3BD7C006912D9 /* SwiftfulThinkingAdvancedLearning_Tests.xctest */ = {isa = PBXFileReference; explicitFileType = wrapper.cfbundle; includeInIndex = 0; path = SwiftfulThinkingAdvancedLearning_Tests.xctest; sourceTree = BUILT_PRODUCTS_DIR; };
		D276ABBC28B3BD7C006912D9 /* SwiftfulThinkingAdvancedLearning_Tests.swift */ = {isa = PBXFileReference; lastKnownFileType = sourcecode.swift; path = SwiftfulThinkingAdvancedLearning_Tests.swift; sourceTree = "<group>"; };
		D276ABC528B3BE82006912D9 /* UnitTestingBootCampViewModel_Tests.swift */ = {isa = PBXFileReference; lastKnownFileType = sourcecode.swift; path = UnitTestingBootCampViewModel_Tests.swift; sourceTree = "<group>"; };
		D276ABC728B467F6006912D9 /* NewMockDataService.swift */ = {isa = PBXFileReference; lastKnownFileType = sourcecode.swift; path = NewMockDataService.swift; sourceTree = "<group>"; };
		D276ABC928B46827006912D9 /* NewMockDataService_Tests.swift */ = {isa = PBXFileReference; lastKnownFileType = sourcecode.swift; path = NewMockDataService_Tests.swift; sourceTree = "<group>"; };
		D276ABD528B4B0C6006912D9 /* UITestingBootCampView.swift */ = {isa = PBXFileReference; lastKnownFileType = sourcecode.swift; path = UITestingBootCampView.swift; sourceTree = "<group>"; };
		D276ABDD28B4B64F006912D9 /* SwiftfulThinkingAdvancedLearning_UITests.xctest */ = {isa = PBXFileReference; explicitFileType = wrapper.cfbundle; includeInIndex = 0; path = SwiftfulThinkingAdvancedLearning_UITests.xctest; sourceTree = BUILT_PRODUCTS_DIR; };
		D276ABDF28B4B64F006912D9 /* SwiftfulThinkingAdvancedLearning_UITests.swift */ = {isa = PBXFileReference; lastKnownFileType = sourcecode.swift; path = SwiftfulThinkingAdvancedLearning_UITests.swift; sourceTree = "<group>"; };
		D276ABE128B4B64F006912D9 /* SwiftfulThinkingAdvancedLearning_UITestsLaunchTests.swift */ = {isa = PBXFileReference; lastKnownFileType = sourcecode.swift; path = SwiftfulThinkingAdvancedLearning_UITestsLaunchTests.swift; sourceTree = "<group>"; };
		D276ABE828B4C404006912D9 /* UITestingBootCampView_UITests.swift */ = {isa = PBXFileReference; lastKnownFileType = sourcecode.swift; path = UITestingBootCampView_UITests.swift; sourceTree = "<group>"; };
		D276ABEA28B51885006912D9 /* AdvancedCombineBootCamp.swift */ = {isa = PBXFileReference; lastKnownFileType = sourcecode.swift; path = AdvancedCombineBootCamp.swift; sourceTree = "<group>"; };
		D276ABEE28B60AAB006912D9 /* FuturesBootCamp.swift */ = {isa = PBXFileReference; lastKnownFileType = sourcecode.swift; path = FuturesBootCamp.swift; sourceTree = "<group>"; };
		D2FE83EB28B2593A00B20A03 /* AppTabBarView.swift */ = {isa = PBXFileReference; lastKnownFileType = sourcecode.swift; path = AppTabBarView.swift; sourceTree = "<group>"; };
		D2FE83ED28B25A0800B20A03 /* CustomTabBarView.swift */ = {isa = PBXFileReference; lastKnownFileType = sourcecode.swift; path = CustomTabBarView.swift; sourceTree = "<group>"; };
		D2FE83EF28B25C3100B20A03 /* CustomTabBarContainerView.swift */ = {isa = PBXFileReference; lastKnownFileType = sourcecode.swift; path = CustomTabBarContainerView.swift; sourceTree = "<group>"; };
		D2FE83F128B25F3A00B20A03 /* TabBarItemPreferenceKey.swift */ = {isa = PBXFileReference; lastKnownFileType = sourcecode.swift; path = TabBarItemPreferenceKey.swift; sourceTree = "<group>"; };
		D2FE83F328B2612700B20A03 /* TabBarItem.swift */ = {isa = PBXFileReference; lastKnownFileType = sourcecode.swift; path = TabBarItem.swift; sourceTree = "<group>"; };
		D2FE83F628B2741C00B20A03 /* AppNavBarView.swift */ = {isa = PBXFileReference; lastKnownFileType = sourcecode.swift; path = AppNavBarView.swift; sourceTree = "<group>"; };
		D2FE83F828B2755B00B20A03 /* CustomNavBarView.swift */ = {isa = PBXFileReference; lastKnownFileType = sourcecode.swift; path = CustomNavBarView.swift; sourceTree = "<group>"; };
		D2FE83FA28B277C100B20A03 /* CustomNavBarContainerView.swift */ = {isa = PBXFileReference; lastKnownFileType = sourcecode.swift; path = CustomNavBarContainerView.swift; sourceTree = "<group>"; };
		D2FE83FC28B2793700B20A03 /* CustomNavView.swift */ = {isa = PBXFileReference; lastKnownFileType = sourcecode.swift; path = CustomNavView.swift; sourceTree = "<group>"; };
		D2FE83FE28B27A7000B20A03 /* CustomNavLink.swift */ = {isa = PBXFileReference; lastKnownFileType = sourcecode.swift; path = CustomNavLink.swift; sourceTree = "<group>"; };
		D2FE840028B27CAA00B20A03 /* CustomNavBarPreferenceKeys.swift */ = {isa = PBXFileReference; lastKnownFileType = sourcecode.swift; path = CustomNavBarPreferenceKeys.swift; sourceTree = "<group>"; };
/* End PBXFileReference section */

/* Begin PBXFrameworksBuildPhase section */
		D20BCF3628B113D50069621B /* Frameworks */ = {
			isa = PBXFrameworksBuildPhase;
			buildActionMask = 2147483647;
			files = (
			);
			runOnlyForDeploymentPostprocessing = 0;
		};
		D276ABB728B3BD7C006912D9 /* Frameworks */ = {
			isa = PBXFrameworksBuildPhase;
			buildActionMask = 2147483647;
			files = (
			);
			runOnlyForDeploymentPostprocessing = 0;
		};
		D276ABDA28B4B64F006912D9 /* Frameworks */ = {
			isa = PBXFrameworksBuildPhase;
			buildActionMask = 2147483647;
			files = (
			);
			runOnlyForDeploymentPostprocessing = 0;
		};
/* End PBXFrameworksBuildPhase section */

/* Begin PBXGroup section */
		D20BCF3028B113D50069621B = {
			isa = PBXGroup;
			children = (
				D20BCF3B28B113D50069621B /* SwiftfulThinkingAdvancedLearning */,
				D276ABBB28B3BD7C006912D9 /* SwiftfulThinkingAdvancedLearning_Tests */,
				D276ABDE28B4B64F006912D9 /* SwiftfulThinkingAdvancedLearning_UITests */,
				D20BCF3A28B113D50069621B /* Products */,
			);
			sourceTree = "<group>";
		};
		D20BCF3A28B113D50069621B /* Products */ = {
			isa = PBXGroup;
			children = (
				D20BCF3928B113D50069621B /* SwiftfulThinkingAdvancedLearning.app */,
				D276ABBA28B3BD7C006912D9 /* SwiftfulThinkingAdvancedLearning_Tests.xctest */,
				D276ABDD28B4B64F006912D9 /* SwiftfulThinkingAdvancedLearning_UITests.xctest */,
			);
			name = Products;
			sourceTree = "<group>";
		};
		D20BCF3B28B113D50069621B /* SwiftfulThinkingAdvancedLearning */ = {
			isa = PBXGroup;
			children = (
				D20BCF3C28B113D50069621B /* SwiftfulThinkingAdvancedLearningApp.swift */,
				D20BCF4A28B114270069621B /* ViewModifierBootCamp.swift */,
				D20BCF4C28B11A610069621B /* ButtonStyleBootCamp.swift */,
				D20BCF4E28B12B390069621B /* TransitionsBootCamp.swift */,
				D20BCF5028B131770069621B /* MatchedGeometryEffect.swift */,
				D20BCF5228B138320069621B /* CustomShapesBootCamp.swift */,
				D24A964128B1C3CE00C10A3C /* CustomCurversBootCamp.swift */,
				D24A964528B1CB7500C10A3C /* CustomShapeAnimationBootCamp.swift */,
				D24A964728B1D2C400C10A3C /* GenericsBootCamp.swift */,
				D24A964928B1D87900C10A3C /* ViewBuilderBootCamp.swift */,
				D2FE83EA28B2592700B20A03 /* CustomTabBar */,
				D2FE83F528B2735800B20A03 /* CustomNavigationView */,
				D24A964D28B1EE9D00C10A3C /* PreferenceKeyBootCamp */,
				D276ABA728B35015006912D9 /* UIViewRepresentableBootCamp.swift */,
				D276ABA928B369EB006912D9 /* UIViewControllerRepresentableBootCamp.swift */,
				D276ABAB28B39BEC006912D9 /* ProtocolsBootCamp.swift */,
				D276ABAD28B3A88A006912D9 /* DependencyInjectionBootCamp.swift */,
				D276ABB128B3BB33006912D9 /* UnitTestingBootCamp */,
				D276ABD528B4B0C6006912D9 /* UITestingBootCampView.swift */,
				D276ABEA28B51885006912D9 /* AdvancedCombineBootCamp.swift */,
				D276ABEE28B60AAB006912D9 /* FuturesBootCamp.swift */,
				D20BCF4028B113D60069621B /* Assets.xcassets */,
				D20BCF4228B113D60069621B /* Preview Content */,
			);
			path = SwiftfulThinkingAdvancedLearning;
			sourceTree = "<group>";
		};
		D20BCF4228B113D60069621B /* Preview Content */ = {
			isa = PBXGroup;
			children = (
				D20BCF4328B113D60069621B /* Preview Assets.xcassets */,
			);
			path = "Preview Content";
			sourceTree = "<group>";
		};
		D24A964D28B1EE9D00C10A3C /* PreferenceKeyBootCamp */ = {
			isa = PBXGroup;
			children = (
				D24A964B28B1E1A900C10A3C /* PreferenceKeyBootCamp.swift */,
				D24A964E28B1EEAE00C10A3C /* GeometryPreferenceBootCamp.swift */,
				D24A965028B1F2F600C10A3C /* ScrollViewOffsetPreferenceBootCamp.swift */,
			);
			path = PreferenceKeyBootCamp;
			sourceTree = "<group>";
		};
		D276ABB128B3BB33006912D9 /* UnitTestingBootCamp */ = {
			isa = PBXGroup;
			children = (
				D276ABB228B3BB4C006912D9 /* UnitTestingBootCampView.swift */,
				D276ABB428B3BCAF006912D9 /* UnitTestingBootCampViewModel.swift */,
				D276ABC728B467F6006912D9 /* NewMockDataService.swift */,
			);
			path = UnitTestingBootCamp;
			sourceTree = "<group>";
		};
		D276ABBB28B3BD7C006912D9 /* SwiftfulThinkingAdvancedLearning_Tests */ = {
			isa = PBXGroup;
			children = (
				D276ABBC28B3BD7C006912D9 /* SwiftfulThinkingAdvancedLearning_Tests.swift */,
				D276ABC528B3BE82006912D9 /* UnitTestingBootCampViewModel_Tests.swift */,
				D276ABC928B46827006912D9 /* NewMockDataService_Tests.swift */,
			);
			path = SwiftfulThinkingAdvancedLearning_Tests;
			sourceTree = "<group>";
		};
		D276ABDE28B4B64F006912D9 /* SwiftfulThinkingAdvancedLearning_UITests */ = {
			isa = PBXGroup;
			children = (
				D276ABDF28B4B64F006912D9 /* SwiftfulThinkingAdvancedLearning_UITests.swift */,
				D276ABE828B4C404006912D9 /* UITestingBootCampView_UITests.swift */,
				D276ABE128B4B64F006912D9 /* SwiftfulThinkingAdvancedLearning_UITestsLaunchTests.swift */,
			);
			path = SwiftfulThinkingAdvancedLearning_UITests;
			sourceTree = "<group>";
		};
		D2FE83EA28B2592700B20A03 /* CustomTabBar */ = {
			isa = PBXGroup;
			children = (
				D2FE83EB28B2593A00B20A03 /* AppTabBarView.swift */,
				D2FE83ED28B25A0800B20A03 /* CustomTabBarView.swift */,
				D2FE83EF28B25C3100B20A03 /* CustomTabBarContainerView.swift */,
				D2FE83F128B25F3A00B20A03 /* TabBarItemPreferenceKey.swift */,
				D2FE83F328B2612700B20A03 /* TabBarItem.swift */,
			);
			path = CustomTabBar;
			sourceTree = "<group>";
		};
		D2FE83F528B2735800B20A03 /* CustomNavigationView */ = {
			isa = PBXGroup;
			children = (
				D2FE83F628B2741C00B20A03 /* AppNavBarView.swift */,
				D2FE83FE28B27A7000B20A03 /* CustomNavLink.swift */,
				D2FE83FC28B2793700B20A03 /* CustomNavView.swift */,
				D2FE83F828B2755B00B20A03 /* CustomNavBarView.swift */,
				D2FE83FA28B277C100B20A03 /* CustomNavBarContainerView.swift */,
				D2FE840028B27CAA00B20A03 /* CustomNavBarPreferenceKeys.swift */,
			);
			path = CustomNavigationView;
			sourceTree = "<group>";
		};
/* End PBXGroup section */

/* Begin PBXNativeTarget section */
		D20BCF3828B113D50069621B /* SwiftfulThinkingAdvancedLearning */ = {
			isa = PBXNativeTarget;
			buildConfigurationList = D20BCF4728B113D60069621B /* Build configuration list for PBXNativeTarget "SwiftfulThinkingAdvancedLearning" */;
			buildPhases = (
				D20BCF3528B113D50069621B /* Sources */,
				D20BCF3628B113D50069621B /* Frameworks */,
				D20BCF3728B113D50069621B /* Resources */,
			);
			buildRules = (
			);
			dependencies = (
			);
			name = SwiftfulThinkingAdvancedLearning;
			productName = SwiftfulThinkingAdvancedLearning;
			productReference = D20BCF3928B113D50069621B /* SwiftfulThinkingAdvancedLearning.app */;
			productType = "com.apple.product-type.application";
		};
		D276ABB928B3BD7C006912D9 /* SwiftfulThinkingAdvancedLearning_Tests */ = {
			isa = PBXNativeTarget;
			buildConfigurationList = D276ABC028B3BD7C006912D9 /* Build configuration list for PBXNativeTarget "SwiftfulThinkingAdvancedLearning_Tests" */;
			buildPhases = (
				D276ABB628B3BD7C006912D9 /* Sources */,
				D276ABB728B3BD7C006912D9 /* Frameworks */,
				D276ABB828B3BD7C006912D9 /* Resources */,
			);
			buildRules = (
			);
			dependencies = (
				D276ABBF28B3BD7C006912D9 /* PBXTargetDependency */,
			);
			name = SwiftfulThinkingAdvancedLearning_Tests;
			productName = SwiftfulThinkingAdvancedLearning_Tests;
			productReference = D276ABBA28B3BD7C006912D9 /* SwiftfulThinkingAdvancedLearning_Tests.xctest */;
			productType = "com.apple.product-type.bundle.unit-test";
		};
		D276ABDC28B4B64F006912D9 /* SwiftfulThinkingAdvancedLearning_UITests */ = {
			isa = PBXNativeTarget;
			buildConfigurationList = D276ABE528B4B64F006912D9 /* Build configuration list for PBXNativeTarget "SwiftfulThinkingAdvancedLearning_UITests" */;
			buildPhases = (
				D276ABD928B4B64F006912D9 /* Sources */,
				D276ABDA28B4B64F006912D9 /* Frameworks */,
				D276ABDB28B4B64F006912D9 /* Resources */,
			);
			buildRules = (
			);
			dependencies = (
				D276ABE428B4B64F006912D9 /* PBXTargetDependency */,
			);
			name = SwiftfulThinkingAdvancedLearning_UITests;
			productName = SwiftfulThinkingAdvancedLearning_UITests;
			productReference = D276ABDD28B4B64F006912D9 /* SwiftfulThinkingAdvancedLearning_UITests.xctest */;
			productType = "com.apple.product-type.bundle.ui-testing";
		};
/* End PBXNativeTarget section */

/* Begin PBXProject section */
		D20BCF3128B113D50069621B /* Project object */ = {
			isa = PBXProject;
			attributes = {
				BuildIndependentTargetsInParallel = 1;
				LastSwiftUpdateCheck = 1340;
				LastUpgradeCheck = 1340;
				TargetAttributes = {
					D20BCF3828B113D50069621B = {
						CreatedOnToolsVersion = 13.4.1;
					};
					D276ABB928B3BD7C006912D9 = {
						CreatedOnToolsVersion = 13.4.1;
						TestTargetID = D20BCF3828B113D50069621B;
					};
					D276ABDC28B4B64F006912D9 = {
						CreatedOnToolsVersion = 13.4.1;
						TestTargetID = D20BCF3828B113D50069621B;
					};
				};
			};
			buildConfigurationList = D20BCF3428B113D50069621B /* Build configuration list for PBXProject "SwiftfulThinkingAdvancedLearning" */;
			compatibilityVersion = "Xcode 13.0";
			developmentRegion = en;
			hasScannedForEncodings = 0;
			knownRegions = (
				en,
				Base,
			);
			mainGroup = D20BCF3028B113D50069621B;
			productRefGroup = D20BCF3A28B113D50069621B /* Products */;
			projectDirPath = "";
			projectRoot = "";
			targets = (
				D20BCF3828B113D50069621B /* SwiftfulThinkingAdvancedLearning */,
				D276ABB928B3BD7C006912D9 /* SwiftfulThinkingAdvancedLearning_Tests */,
				D276ABDC28B4B64F006912D9 /* SwiftfulThinkingAdvancedLearning_UITests */,
			);
		};
/* End PBXProject section */

/* Begin PBXResourcesBuildPhase section */
		D20BCF3728B113D50069621B /* Resources */ = {
			isa = PBXResourcesBuildPhase;
			buildActionMask = 2147483647;
			files = (
				D20BCF4428B113D60069621B /* Preview Assets.xcassets in Resources */,
				D20BCF4128B113D60069621B /* Assets.xcassets in Resources */,
			);
			runOnlyForDeploymentPostprocessing = 0;
		};
		D276ABB828B3BD7C006912D9 /* Resources */ = {
			isa = PBXResourcesBuildPhase;
			buildActionMask = 2147483647;
			files = (
			);
			runOnlyForDeploymentPostprocessing = 0;
		};
		D276ABDB28B4B64F006912D9 /* Resources */ = {
			isa = PBXResourcesBuildPhase;
			buildActionMask = 2147483647;
			files = (
			);
			runOnlyForDeploymentPostprocessing = 0;
		};
/* End PBXResourcesBuildPhase section */

/* Begin PBXSourcesBuildPhase section */
		D20BCF3528B113D50069621B /* Sources */ = {
			isa = PBXSourcesBuildPhase;
			buildActionMask = 2147483647;
			files = (
				D276ABC428B3BE42006912D9 /* UnitTestingBootCampViewModel.swift in Sources */,
				D276ABEB28B51885006912D9 /* AdvancedCombineBootCamp.swift in Sources */,
				D276ABC828B467F6006912D9 /* NewMockDataService.swift in Sources */,
				D276ABD628B4B0C6006912D9 /* UITestingBootCampView.swift in Sources */,
				D276ABAA28B369EB006912D9 /* UIViewControllerRepresentableBootCamp.swift in Sources */,
				D2FE83F728B2741C00B20A03 /* AppNavBarView.swift in Sources */,
				D2FE83EC28B2593A00B20A03 /* AppTabBarView.swift in Sources */,
				D24A964C28B1E1A900C10A3C /* PreferenceKeyBootCamp.swift in Sources */,
				D20BCF4B28B114270069621B /* ViewModifierBootCamp.swift in Sources */,
				D276ABEF28B60AAB006912D9 /* FuturesBootCamp.swift in Sources */,
				D20BCF5328B138320069621B /* CustomShapesBootCamp.swift in Sources */,
				D24A964228B1C3CE00C10A3C /* CustomCurversBootCamp.swift in Sources */,
				D2FE83F228B25F3A00B20A03 /* TabBarItemPreferenceKey.swift in Sources */,
				D20BCF4D28B11A610069621B /* ButtonStyleBootCamp.swift in Sources */,
				D2FE83EE28B25A0800B20A03 /* CustomTabBarView.swift in Sources */,
				D2FE83FD28B2793700B20A03 /* CustomNavView.swift in Sources */,
				D2FE83F928B2755B00B20A03 /* CustomNavBarView.swift in Sources */,
				D20BCF3D28B113D50069621B /* SwiftfulThinkingAdvancedLearningApp.swift in Sources */,
				D24A965128B1F2F600C10A3C /* ScrollViewOffsetPreferenceBootCamp.swift in Sources */,
				D2FE83FF28B27A7000B20A03 /* CustomNavLink.swift in Sources */,
				D2FE840128B27CAA00B20A03 /* CustomNavBarPreferenceKeys.swift in Sources */,
				D24A964F28B1EEAE00C10A3C /* GeometryPreferenceBootCamp.swift in Sources */,
				D276ABAE28B3A88A006912D9 /* DependencyInjectionBootCamp.swift in Sources */,
				D24A964828B1D2C400C10A3C /* GenericsBootCamp.swift in Sources */,
				D2FE83F428B2612700B20A03 /* TabBarItem.swift in Sources */,
				D20BCF4F28B12B390069621B /* TransitionsBootCamp.swift in Sources */,
				D24A964A28B1D87900C10A3C /* ViewBuilderBootCamp.swift in Sources */,
				D2FE83FB28B277C100B20A03 /* CustomNavBarContainerView.swift in Sources */,
				D24A964628B1CB7500C10A3C /* CustomShapeAnimationBootCamp.swift in Sources */,
				D20BCF5128B131770069621B /* MatchedGeometryEffect.swift in Sources */,
				D276ABAC28B39BEC006912D9 /* ProtocolsBootCamp.swift in Sources */,
				D276ABB328B3BB4C006912D9 /* UnitTestingBootCampView.swift in Sources */,
				D2FE83F028B25C3100B20A03 /* CustomTabBarContainerView.swift in Sources */,
				D276ABA828B35015006912D9 /* UIViewRepresentableBootCamp.swift in Sources */,
			);
			runOnlyForDeploymentPostprocessing = 0;
		};
		D276ABB628B3BD7C006912D9 /* Sources */ = {
			isa = PBXSourcesBuildPhase;
			buildActionMask = 2147483647;
			files = (
				D276ABC628B3BE82006912D9 /* UnitTestingBootCampViewModel_Tests.swift in Sources */,
				D276ABBD28B3BD7C006912D9 /* SwiftfulThinkingAdvancedLearning_Tests.swift in Sources */,
				D276ABCA28B46827006912D9 /* NewMockDataService_Tests.swift in Sources */,
			);
			runOnlyForDeploymentPostprocessing = 0;
		};
		D276ABD928B4B64F006912D9 /* Sources */ = {
			isa = PBXSourcesBuildPhase;
			buildActionMask = 2147483647;
			files = (
				D276ABE228B4B64F006912D9 /* SwiftfulThinkingAdvancedLearning_UITestsLaunchTests.swift in Sources */,
				D276ABE928B4C404006912D9 /* UITestingBootCampView_UITests.swift in Sources */,
				D276ABE028B4B64F006912D9 /* SwiftfulThinkingAdvancedLearning_UITests.swift in Sources */,
			);
			runOnlyForDeploymentPostprocessing = 0;
		};
/* End PBXSourcesBuildPhase section */

/* Begin PBXTargetDependency section */
		D276ABBF28B3BD7C006912D9 /* PBXTargetDependency */ = {
			isa = PBXTargetDependency;
			target = D20BCF3828B113D50069621B /* SwiftfulThinkingAdvancedLearning */;
			targetProxy = D276ABBE28B3BD7C006912D9 /* PBXContainerItemProxy */;
		};
		D276ABE428B4B64F006912D9 /* PBXTargetDependency */ = {
			isa = PBXTargetDependency;
			target = D20BCF3828B113D50069621B /* SwiftfulThinkingAdvancedLearning */;
			targetProxy = D276ABE328B4B64F006912D9 /* PBXContainerItemProxy */;
		};
/* End PBXTargetDependency section */

/* Begin XCBuildConfiguration section */
		D20BCF4528B113D60069621B /* Debug */ = {
			isa = XCBuildConfiguration;
			buildSettings = {
				ALWAYS_SEARCH_USER_PATHS = NO;
				CLANG_ANALYZER_NONNULL = YES;
				CLANG_ANALYZER_NUMBER_OBJECT_CONVERSION = YES_AGGRESSIVE;
				CLANG_CXX_LANGUAGE_STANDARD = "gnu++17";
				CLANG_ENABLE_MODULES = YES;
				CLANG_ENABLE_OBJC_ARC = YES;
				CLANG_ENABLE_OBJC_WEAK = YES;
				CLANG_WARN_BLOCK_CAPTURE_AUTORELEASING = YES;
				CLANG_WARN_BOOL_CONVERSION = YES;
				CLANG_WARN_COMMA = YES;
				CLANG_WARN_CONSTANT_CONVERSION = YES;
				CLANG_WARN_DEPRECATED_OBJC_IMPLEMENTATIONS = YES;
				CLANG_WARN_DIRECT_OBJC_ISA_USAGE = YES_ERROR;
				CLANG_WARN_DOCUMENTATION_COMMENTS = YES;
				CLANG_WARN_EMPTY_BODY = YES;
				CLANG_WARN_ENUM_CONVERSION = YES;
				CLANG_WARN_INFINITE_RECURSION = YES;
				CLANG_WARN_INT_CONVERSION = YES;
				CLANG_WARN_NON_LITERAL_NULL_CONVERSION = YES;
				CLANG_WARN_OBJC_IMPLICIT_RETAIN_SELF = YES;
				CLANG_WARN_OBJC_LITERAL_CONVERSION = YES;
				CLANG_WARN_OBJC_ROOT_CLASS = YES_ERROR;
				CLANG_WARN_QUOTED_INCLUDE_IN_FRAMEWORK_HEADER = YES;
				CLANG_WARN_RANGE_LOOP_ANALYSIS = YES;
				CLANG_WARN_STRICT_PROTOTYPES = YES;
				CLANG_WARN_SUSPICIOUS_MOVE = YES;
				CLANG_WARN_UNGUARDED_AVAILABILITY = YES_AGGRESSIVE;
				CLANG_WARN_UNREACHABLE_CODE = YES;
				CLANG_WARN__DUPLICATE_METHOD_MATCH = YES;
				COPY_PHASE_STRIP = NO;
				DEBUG_INFORMATION_FORMAT = dwarf;
				ENABLE_STRICT_OBJC_MSGSEND = YES;
				ENABLE_TESTABILITY = YES;
				GCC_C_LANGUAGE_STANDARD = gnu11;
				GCC_DYNAMIC_NO_PIC = NO;
				GCC_NO_COMMON_BLOCKS = YES;
				GCC_OPTIMIZATION_LEVEL = 0;
				GCC_PREPROCESSOR_DEFINITIONS = (
					"DEBUG=1",
					"$(inherited)",
				);
				GCC_WARN_64_TO_32_BIT_CONVERSION = YES;
				GCC_WARN_ABOUT_RETURN_TYPE = YES_ERROR;
				GCC_WARN_UNDECLARED_SELECTOR = YES;
				GCC_WARN_UNINITIALIZED_AUTOS = YES_AGGRESSIVE;
				GCC_WARN_UNUSED_FUNCTION = YES;
				GCC_WARN_UNUSED_VARIABLE = YES;
				IPHONEOS_DEPLOYMENT_TARGET = 15.5;
				MTL_ENABLE_DEBUG_INFO = INCLUDE_SOURCE;
				MTL_FAST_MATH = YES;
				ONLY_ACTIVE_ARCH = YES;
				SDKROOT = iphoneos;
				SWIFT_ACTIVE_COMPILATION_CONDITIONS = DEBUG;
				SWIFT_OPTIMIZATION_LEVEL = "-Onone";
			};
			name = Debug;
		};
		D20BCF4628B113D60069621B /* Release */ = {
			isa = XCBuildConfiguration;
			buildSettings = {
				ALWAYS_SEARCH_USER_PATHS = NO;
				CLANG_ANALYZER_NONNULL = YES;
				CLANG_ANALYZER_NUMBER_OBJECT_CONVERSION = YES_AGGRESSIVE;
				CLANG_CXX_LANGUAGE_STANDARD = "gnu++17";
				CLANG_ENABLE_MODULES = YES;
				CLANG_ENABLE_OBJC_ARC = YES;
				CLANG_ENABLE_OBJC_WEAK = YES;
				CLANG_WARN_BLOCK_CAPTURE_AUTORELEASING = YES;
				CLANG_WARN_BOOL_CONVERSION = YES;
				CLANG_WARN_COMMA = YES;
				CLANG_WARN_CONSTANT_CONVERSION = YES;
				CLANG_WARN_DEPRECATED_OBJC_IMPLEMENTATIONS = YES;
				CLANG_WARN_DIRECT_OBJC_ISA_USAGE = YES_ERROR;
				CLANG_WARN_DOCUMENTATION_COMMENTS = YES;
				CLANG_WARN_EMPTY_BODY = YES;
				CLANG_WARN_ENUM_CONVERSION = YES;
				CLANG_WARN_INFINITE_RECURSION = YES;
				CLANG_WARN_INT_CONVERSION = YES;
				CLANG_WARN_NON_LITERAL_NULL_CONVERSION = YES;
				CLANG_WARN_OBJC_IMPLICIT_RETAIN_SELF = YES;
				CLANG_WARN_OBJC_LITERAL_CONVERSION = YES;
				CLANG_WARN_OBJC_ROOT_CLASS = YES_ERROR;
				CLANG_WARN_QUOTED_INCLUDE_IN_FRAMEWORK_HEADER = YES;
				CLANG_WARN_RANGE_LOOP_ANALYSIS = YES;
				CLANG_WARN_STRICT_PROTOTYPES = YES;
				CLANG_WARN_SUSPICIOUS_MOVE = YES;
				CLANG_WARN_UNGUARDED_AVAILABILITY = YES_AGGRESSIVE;
				CLANG_WARN_UNREACHABLE_CODE = YES;
				CLANG_WARN__DUPLICATE_METHOD_MATCH = YES;
				COPY_PHASE_STRIP = NO;
				DEBUG_INFORMATION_FORMAT = "dwarf-with-dsym";
				ENABLE_NS_ASSERTIONS = NO;
				ENABLE_STRICT_OBJC_MSGSEND = YES;
				GCC_C_LANGUAGE_STANDARD = gnu11;
				GCC_NO_COMMON_BLOCKS = YES;
				GCC_WARN_64_TO_32_BIT_CONVERSION = YES;
				GCC_WARN_ABOUT_RETURN_TYPE = YES_ERROR;
				GCC_WARN_UNDECLARED_SELECTOR = YES;
				GCC_WARN_UNINITIALIZED_AUTOS = YES_AGGRESSIVE;
				GCC_WARN_UNUSED_FUNCTION = YES;
				GCC_WARN_UNUSED_VARIABLE = YES;
				IPHONEOS_DEPLOYMENT_TARGET = 15.5;
				MTL_ENABLE_DEBUG_INFO = NO;
				MTL_FAST_MATH = YES;
				SDKROOT = iphoneos;
				SWIFT_COMPILATION_MODE = wholemodule;
				SWIFT_OPTIMIZATION_LEVEL = "-O";
				VALIDATE_PRODUCT = YES;
			};
			name = Release;
		};
		D20BCF4828B113D60069621B /* Debug */ = {
			isa = XCBuildConfiguration;
			buildSettings = {
				ASSETCATALOG_COMPILER_APPICON_NAME = AppIcon;
				ASSETCATALOG_COMPILER_GLOBAL_ACCENT_COLOR_NAME = AccentColor;
				CODE_SIGN_STYLE = Automatic;
				CURRENT_PROJECT_VERSION = 1;
				DEVELOPMENT_ASSET_PATHS = "\"SwiftfulThinkingAdvancedLearning/Preview Content\"";
				DEVELOPMENT_TEAM = 4JPWGVR2ZN;
				ENABLE_PREVIEWS = YES;
				GENERATE_INFOPLIST_FILE = YES;
				INFOPLIST_KEY_UIApplicationSceneManifest_Generation = YES;
				INFOPLIST_KEY_UIApplicationSupportsIndirectInputEvents = YES;
				INFOPLIST_KEY_UILaunchScreen_Generation = YES;
				INFOPLIST_KEY_UISupportedInterfaceOrientations_iPad = "UIInterfaceOrientationPortrait UIInterfaceOrientationPortraitUpsideDown UIInterfaceOrientationLandscapeLeft UIInterfaceOrientationLandscapeRight";
				INFOPLIST_KEY_UISupportedInterfaceOrientations_iPhone = "UIInterfaceOrientationPortrait UIInterfaceOrientationLandscapeLeft UIInterfaceOrientationLandscapeRight";
				LD_RUNPATH_SEARCH_PATHS = (
					"$(inherited)",
					"@executable_path/Frameworks",
				);
				MARKETING_VERSION = 1.0;
				PRODUCT_BUNDLE_IDENTIFIER = "Junyoung-Park.SwiftfulThinkingAdvancedLearning";
				PRODUCT_NAME = "$(TARGET_NAME)";
				SWIFT_EMIT_LOC_STRINGS = YES;
				SWIFT_VERSION = 5.0;
				TARGETED_DEVICE_FAMILY = "1,2";
			};
			name = Debug;
		};
		D20BCF4928B113D60069621B /* Release */ = {
			isa = XCBuildConfiguration;
			buildSettings = {
				ASSETCATALOG_COMPILER_APPICON_NAME = AppIcon;
				ASSETCATALOG_COMPILER_GLOBAL_ACCENT_COLOR_NAME = AccentColor;
				CODE_SIGN_STYLE = Automatic;
				CURRENT_PROJECT_VERSION = 1;
				DEVELOPMENT_ASSET_PATHS = "\"SwiftfulThinkingAdvancedLearning/Preview Content\"";
				DEVELOPMENT_TEAM = 4JPWGVR2ZN;
				ENABLE_PREVIEWS = YES;
				GENERATE_INFOPLIST_FILE = YES;
				INFOPLIST_KEY_UIApplicationSceneManifest_Generation = YES;
				INFOPLIST_KEY_UIApplicationSupportsIndirectInputEvents = YES;
				INFOPLIST_KEY_UILaunchScreen_Generation = YES;
				INFOPLIST_KEY_UISupportedInterfaceOrientations_iPad = "UIInterfaceOrientationPortrait UIInterfaceOrientationPortraitUpsideDown UIInterfaceOrientationLandscapeLeft UIInterfaceOrientationLandscapeRight";
				INFOPLIST_KEY_UISupportedInterfaceOrientations_iPhone = "UIInterfaceOrientationPortrait UIInterfaceOrientationLandscapeLeft UIInterfaceOrientationLandscapeRight";
				LD_RUNPATH_SEARCH_PATHS = (
					"$(inherited)",
					"@executable_path/Frameworks",
				);
				MARKETING_VERSION = 1.0;
				PRODUCT_BUNDLE_IDENTIFIER = "Junyoung-Park.SwiftfulThinkingAdvancedLearning";
				PRODUCT_NAME = "$(TARGET_NAME)";
				SWIFT_EMIT_LOC_STRINGS = YES;
				SWIFT_VERSION = 5.0;
				TARGETED_DEVICE_FAMILY = "1,2";
			};
			name = Release;
		};
		D276ABC128B3BD7C006912D9 /* Debug */ = {
			isa = XCBuildConfiguration;
			buildSettings = {
				BUNDLE_LOADER = "$(TEST_HOST)";
				CODE_SIGN_STYLE = Automatic;
				CURRENT_PROJECT_VERSION = 1;
				DEVELOPMENT_TEAM = 4JPWGVR2ZN;
				GENERATE_INFOPLIST_FILE = YES;
				MARKETING_VERSION = 1.0;
				PRODUCT_BUNDLE_IDENTIFIER = "Junyoung-Park.SwiftfulThinkingAdvancedLearning-Tests";
				PRODUCT_NAME = "$(TARGET_NAME)";
				SWIFT_EMIT_LOC_STRINGS = NO;
				SWIFT_VERSION = 5.0;
				TARGETED_DEVICE_FAMILY = "1,2";
				TEST_HOST = "$(BUILT_PRODUCTS_DIR)/SwiftfulThinkingAdvancedLearning.app/SwiftfulThinkingAdvancedLearning";
			};
			name = Debug;
		};
		D276ABC228B3BD7C006912D9 /* Release */ = {
			isa = XCBuildConfiguration;
			buildSettings = {
				BUNDLE_LOADER = "$(TEST_HOST)";
				CODE_SIGN_STYLE = Automatic;
				CURRENT_PROJECT_VERSION = 1;
				DEVELOPMENT_TEAM = 4JPWGVR2ZN;
				GENERATE_INFOPLIST_FILE = YES;
				MARKETING_VERSION = 1.0;
				PRODUCT_BUNDLE_IDENTIFIER = "Junyoung-Park.SwiftfulThinkingAdvancedLearning-Tests";
				PRODUCT_NAME = "$(TARGET_NAME)";
				SWIFT_EMIT_LOC_STRINGS = NO;
				SWIFT_VERSION = 5.0;
				TARGETED_DEVICE_FAMILY = "1,2";
				TEST_HOST = "$(BUILT_PRODUCTS_DIR)/SwiftfulThinkingAdvancedLearning.app/SwiftfulThinkingAdvancedLearning";
			};
			name = Release;
		};
		D276ABE628B4B64F006912D9 /* Debug */ = {
			isa = XCBuildConfiguration;
			buildSettings = {
				CODE_SIGN_STYLE = Automatic;
				CURRENT_PROJECT_VERSION = 1;
				DEVELOPMENT_TEAM = 4JPWGVR2ZN;
				GENERATE_INFOPLIST_FILE = YES;
				MARKETING_VERSION = 1.0;
				PRODUCT_BUNDLE_IDENTIFIER = "Junyoung-Park.SwiftfulThinkingAdvancedLearning-UITests";
				PRODUCT_NAME = "$(TARGET_NAME)";
				SWIFT_EMIT_LOC_STRINGS = NO;
				SWIFT_VERSION = 5.0;
				TARGETED_DEVICE_FAMILY = "1,2";
				TEST_TARGET_NAME = SwiftfulThinkingAdvancedLearning;
			};
			name = Debug;
		};
		D276ABE728B4B64F006912D9 /* Release */ = {
			isa = XCBuildConfiguration;
			buildSettings = {
				CODE_SIGN_STYLE = Automatic;
				CURRENT_PROJECT_VERSION = 1;
				DEVELOPMENT_TEAM = 4JPWGVR2ZN;
				GENERATE_INFOPLIST_FILE = YES;
				MARKETING_VERSION = 1.0;
				PRODUCT_BUNDLE_IDENTIFIER = "Junyoung-Park.SwiftfulThinkingAdvancedLearning-UITests";
				PRODUCT_NAME = "$(TARGET_NAME)";
				SWIFT_EMIT_LOC_STRINGS = NO;
				SWIFT_VERSION = 5.0;
				TARGETED_DEVICE_FAMILY = "1,2";
				TEST_TARGET_NAME = SwiftfulThinkingAdvancedLearning;
			};
			name = Release;
		};
/* End XCBuildConfiguration section */

/* Begin XCConfigurationList section */
		D20BCF3428B113D50069621B /* Build configuration list for PBXProject "SwiftfulThinkingAdvancedLearning" */ = {
			isa = XCConfigurationList;
			buildConfigurations = (
				D20BCF4528B113D60069621B /* Debug */,
				D20BCF4628B113D60069621B /* Release */,
			);
			defaultConfigurationIsVisible = 0;
			defaultConfigurationName = Release;
		};
		D20BCF4728B113D60069621B /* Build configuration list for PBXNativeTarget "SwiftfulThinkingAdvancedLearning" */ = {
			isa = XCConfigurationList;
			buildConfigurations = (
				D20BCF4828B113D60069621B /* Debug */,
				D20BCF4928B113D60069621B /* Release */,
			);
			defaultConfigurationIsVisible = 0;
			defaultConfigurationName = Release;
		};
		D276ABC028B3BD7C006912D9 /* Build configuration list for PBXNativeTarget "SwiftfulThinkingAdvancedLearning_Tests" */ = {
			isa = XCConfigurationList;
			buildConfigurations = (
				D276ABC128B3BD7C006912D9 /* Debug */,
				D276ABC228B3BD7C006912D9 /* Release */,
			);
			defaultConfigurationIsVisible = 0;
			defaultConfigurationName = Release;
		};
		D276ABE528B4B64F006912D9 /* Build configuration list for PBXNativeTarget "SwiftfulThinkingAdvancedLearning_UITests" */ = {
			isa = XCConfigurationList;
			buildConfigurations = (
				D276ABE628B4B64F006912D9 /* Debug */,
				D276ABE728B4B64F006912D9 /* Release */,
			);
			defaultConfigurationIsVisible = 0;
			defaultConfigurationName = Release;
		};
/* End XCConfigurationList section */
	};
	rootObject = D20BCF3128B113D50069621B /* Project object */;
}
