// !$*UTF8*$!
{
	archiveVersion = 1;
	classes = {
	};
	objectVersion = 55;
	objects = {

/* Begin PBXBuildFile section */
		4A858A082838649D008B4D3D /* Touchdown_SwfitUIApp.swift in Sources */ = {isa = PBXBuildFile; fileRef = 4A858A072838649D008B4D3D /* Touchdown_SwfitUIApp.swift */; };
		4A858A0A2838649D008B4D3D /* ContentView.swift in Sources */ = {isa = PBXBuildFile; fileRef = 4A858A092838649D008B4D3D /* ContentView.swift */; };
		4A858A0C2838649D008B4D3D /* Assets.xcassets in Resources */ = {isa = PBXBuildFile; fileRef = 4A858A0B2838649D008B4D3D /* Assets.xcassets */; };
		4A858A0F2838649D008B4D3D /* Preview Assets.xcassets in Resources */ = {isa = PBXBuildFile; fileRef = 4A858A0E2838649D008B4D3D /* Preview Assets.xcassets */; };
		4A858A1928386670008B4D3D /* category.json in Resources */ = {isa = PBXBuildFile; fileRef = 4A858A1528386670008B4D3D /* category.json */; };
		4A858A1A28386670008B4D3D /* product.json in Resources */ = {isa = PBXBuildFile; fileRef = 4A858A1628386670008B4D3D /* product.json */; };
		4A858A1B28386670008B4D3D /* player.json in Resources */ = {isa = PBXBuildFile; fileRef = 4A858A1728386670008B4D3D /* player.json */; };
		4A858A1C28386670008B4D3D /* brand.json in Resources */ = {isa = PBXBuildFile; fileRef = 4A858A1828386670008B4D3D /* brand.json */; };
		4A858A27283867A2008B4D3D /* Constant.swift in Sources */ = {isa = PBXBuildFile; fileRef = 4A858A26283867A2008B4D3D /* Constant.swift */; };
		4A858A2928386854008B4D3D /* FooterView.swift in Sources */ = {isa = PBXBuildFile; fileRef = 4A858A2828386854008B4D3D /* FooterView.swift */; };
		4A858A2B28386AAC008B4D3D /* NavigationBarView.swift in Sources */ = {isa = PBXBuildFile; fileRef = 4A858A2A28386AAC008B4D3D /* NavigationBarView.swift */; };
		4A858A2D28386B94008B4D3D /* LogoView.swift in Sources */ = {isa = PBXBuildFile; fileRef = 4A858A2C28386B94008B4D3D /* LogoView.swift */; };
		4AD4FCEC2838B1F800609918 /* PlayerModel.swift in Sources */ = {isa = PBXBuildFile; fileRef = 4AD4FCEB2838B1F800609918 /* PlayerModel.swift */; };
		4AD4FCEE2838B22C00609918 /* CodableBundleExtension.swift in Sources */ = {isa = PBXBuildFile; fileRef = 4AD4FCED2838B22C00609918 /* CodableBundleExtension.swift */; };
		4AD4FCF22838B33500609918 /* FeaturedItemView.swift in Sources */ = {isa = PBXBuildFile; fileRef = 4AD4FCF12838B33500609918 /* FeaturedItemView.swift */; };
		4AD4FCF42838B43C00609918 /* FeaturedTabView.swift in Sources */ = {isa = PBXBuildFile; fileRef = 4AD4FCF32838B43C00609918 /* FeaturedTabView.swift */; };
		4AD668BD2838BBC0004E013B /* CategoryModel.swift in Sources */ = {isa = PBXBuildFile; fileRef = 4AD668BC2838BBC0004E013B /* CategoryModel.swift */; };
		4AD668BF2838BC9E004E013B /* CategoryItemView.swift in Sources */ = {isa = PBXBuildFile; fileRef = 4AD668BE2838BC9E004E013B /* CategoryItemView.swift */; };
		4AD668C12838BDA4004E013B /* CategoryGridVIew.swift in Sources */ = {isa = PBXBuildFile; fileRef = 4AD668C02838BDA4004E013B /* CategoryGridVIew.swift */; };
		4AD668C32838BEAF004E013B /* SectionView.swift in Sources */ = {isa = PBXBuildFile; fileRef = 4AD668C22838BEAF004E013B /* SectionView.swift */; };
		4AD668C528390075004E013B /* TitleView.swift in Sources */ = {isa = PBXBuildFile; fileRef = 4AD668C428390075004E013B /* TitleView.swift */; };
		4AD668C728390139004E013B /* ProductModel.swift in Sources */ = {isa = PBXBuildFile; fileRef = 4AD668C628390139004E013B /* ProductModel.swift */; };
		4AD668C9283901AD004E013B /* ProductItemView.swift in Sources */ = {isa = PBXBuildFile; fileRef = 4AD668C8283901AD004E013B /* ProductItemView.swift */; };
		4AD668CB283903A0004E013B /* BrandModel.swift in Sources */ = {isa = PBXBuildFile; fileRef = 4AD668CA283903A0004E013B /* BrandModel.swift */; };
		4AD668CD283903F8004E013B /* BrandItemView.swift in Sources */ = {isa = PBXBuildFile; fileRef = 4AD668CC283903F8004E013B /* BrandItemView.swift */; };
		4AD668CF28390462004E013B /* BrandGridView.swift in Sources */ = {isa = PBXBuildFile; fileRef = 4AD668CE28390462004E013B /* BrandGridView.swift */; };
		4AD668D128390584004E013B /* ProductDetailView.swift in Sources */ = {isa = PBXBuildFile; fileRef = 4AD668D028390584004E013B /* ProductDetailView.swift */; };
		4AD668D328390644004E013B /* NavigationBarDetailView.swift in Sources */ = {isa = PBXBuildFile; fileRef = 4AD668D228390644004E013B /* NavigationBarDetailView.swift */; };
		4AD668D5283906E8004E013B /* WindowArea.swift in Sources */ = {isa = PBXBuildFile; fileRef = 4AD668D4283906E8004E013B /* WindowArea.swift */; };
		4AD668D72839072A004E013B /* HeaderDetailView.swift in Sources */ = {isa = PBXBuildFile; fileRef = 4AD668D62839072A004E013B /* HeaderDetailView.swift */; };
		4AD668D9283907A0004E013B /* TopPartDetailView.swift in Sources */ = {isa = PBXBuildFile; fileRef = 4AD668D8283907A0004E013B /* TopPartDetailView.swift */; };
		4AD668DB28390A2B004E013B /* CustomShape.swift in Sources */ = {isa = PBXBuildFile; fileRef = 4AD668DA28390A2B004E013B /* CustomShape.swift */; };
		4AD668DD28390BB6004E013B /* RatingsSizeDetailView.swift in Sources */ = {isa = PBXBuildFile; fileRef = 4AD668DC28390BB6004E013B /* RatingsSizeDetailView.swift */; };
		4AD668DF28390D83004E013B /* QuantityFavoriteDetailView.swift in Sources */ = {isa = PBXBuildFile; fileRef = 4AD668DE28390D83004E013B /* QuantityFavoriteDetailView.swift */; };
		4AD668E128390EC7004E013B /* AddToCartDetailView.swift in Sources */ = {isa = PBXBuildFile; fileRef = 4AD668E028390EC7004E013B /* AddToCartDetailView.swift */; };
/* End PBXBuildFile section */

/* Begin PBXFileReference section */
		4A858A042838649D008B4D3D /* Touchdown_SwfitUI.app */ = {isa = PBXFileReference; explicitFileType = wrapper.application; includeInIndex = 0; path = Touchdown_SwfitUI.app; sourceTree = BUILT_PRODUCTS_DIR; };
		4A858A072838649D008B4D3D /* Touchdown_SwfitUIApp.swift */ = {isa = PBXFileReference; lastKnownFileType = sourcecode.swift; path = Touchdown_SwfitUIApp.swift; sourceTree = "<group>"; };
		4A858A092838649D008B4D3D /* ContentView.swift */ = {isa = PBXFileReference; lastKnownFileType = sourcecode.swift; path = ContentView.swift; sourceTree = "<group>"; };
		4A858A0B2838649D008B4D3D /* Assets.xcassets */ = {isa = PBXFileReference; lastKnownFileType = folder.assetcatalog; path = Assets.xcassets; sourceTree = "<group>"; };
		4A858A0E2838649D008B4D3D /* Preview Assets.xcassets */ = {isa = PBXFileReference; lastKnownFileType = folder.assetcatalog; path = "Preview Assets.xcassets"; sourceTree = "<group>"; };
		4A858A1528386670008B4D3D /* category.json */ = {isa = PBXFileReference; fileEncoding = 4; lastKnownFileType = text.json; path = category.json; sourceTree = "<group>"; };
		4A858A1628386670008B4D3D /* product.json */ = {isa = PBXFileReference; fileEncoding = 4; lastKnownFileType = text.json; path = product.json; sourceTree = "<group>"; };
		4A858A1728386670008B4D3D /* player.json */ = {isa = PBXFileReference; fileEncoding = 4; lastKnownFileType = text.json; path = player.json; sourceTree = "<group>"; };
		4A858A1828386670008B4D3D /* brand.json */ = {isa = PBXFileReference; fileEncoding = 4; lastKnownFileType = text.json; path = brand.json; sourceTree = "<group>"; };
		4A858A1E283866D4008B4D3D /* Touchdown-SwfitUI-Info.plist */ = {isa = PBXFileReference; lastKnownFileType = text.plist; path = "Touchdown-SwfitUI-Info.plist"; sourceTree = SOURCE_ROOT; };
		4A858A26283867A2008B4D3D /* Constant.swift */ = {isa = PBXFileReference; lastKnownFileType = sourcecode.swift; path = Constant.swift; sourceTree = "<group>"; };
		4A858A2828386854008B4D3D /* FooterView.swift */ = {isa = PBXFileReference; lastKnownFileType = sourcecode.swift; path = FooterView.swift; sourceTree = "<group>"; };
		4A858A2A28386AAC008B4D3D /* NavigationBarView.swift */ = {isa = PBXFileReference; lastKnownFileType = sourcecode.swift; path = NavigationBarView.swift; sourceTree = "<group>"; };
		4A858A2C28386B94008B4D3D /* LogoView.swift */ = {isa = PBXFileReference; lastKnownFileType = sourcecode.swift; path = LogoView.swift; sourceTree = "<group>"; };
		4AD4FCEB2838B1F800609918 /* PlayerModel.swift */ = {isa = PBXFileReference; lastKnownFileType = sourcecode.swift; path = PlayerModel.swift; sourceTree = "<group>"; };
		4AD4FCED2838B22C00609918 /* CodableBundleExtension.swift */ = {isa = PBXFileReference; lastKnownFileType = sourcecode.swift; path = CodableBundleExtension.swift; sourceTree = "<group>"; };
		4AD4FCF12838B33500609918 /* FeaturedItemView.swift */ = {isa = PBXFileReference; lastKnownFileType = sourcecode.swift; path = FeaturedItemView.swift; sourceTree = "<group>"; };
		4AD4FCF32838B43C00609918 /* FeaturedTabView.swift */ = {isa = PBXFileReference; lastKnownFileType = sourcecode.swift; path = FeaturedTabView.swift; sourceTree = "<group>"; };
		4AD668BC2838BBC0004E013B /* CategoryModel.swift */ = {isa = PBXFileReference; lastKnownFileType = sourcecode.swift; path = CategoryModel.swift; sourceTree = "<group>"; };
		4AD668BE2838BC9E004E013B /* CategoryItemView.swift */ = {isa = PBXFileReference; lastKnownFileType = sourcecode.swift; path = CategoryItemView.swift; sourceTree = "<group>"; };
		4AD668C02838BDA4004E013B /* CategoryGridVIew.swift */ = {isa = PBXFileReference; lastKnownFileType = sourcecode.swift; path = CategoryGridVIew.swift; sourceTree = "<group>"; };
		4AD668C22838BEAF004E013B /* SectionView.swift */ = {isa = PBXFileReference; lastKnownFileType = sourcecode.swift; path = SectionView.swift; sourceTree = "<group>"; };
		4AD668C428390075004E013B /* TitleView.swift */ = {isa = PBXFileReference; lastKnownFileType = sourcecode.swift; path = TitleView.swift; sourceTree = "<group>"; };
		4AD668C628390139004E013B /* ProductModel.swift */ = {isa = PBXFileReference; lastKnownFileType = sourcecode.swift; path = ProductModel.swift; sourceTree = "<group>"; };
		4AD668C8283901AD004E013B /* ProductItemView.swift */ = {isa = PBXFileReference; lastKnownFileType = sourcecode.swift; path = ProductItemView.swift; sourceTree = "<group>"; };
		4AD668CA283903A0004E013B /* BrandModel.swift */ = {isa = PBXFileReference; lastKnownFileType = sourcecode.swift; path = BrandModel.swift; sourceTree = "<group>"; };
		4AD668CC283903F8004E013B /* BrandItemView.swift */ = {isa = PBXFileReference; lastKnownFileType = sourcecode.swift; path = BrandItemView.swift; sourceTree = "<group>"; };
		4AD668CE28390462004E013B /* BrandGridView.swift */ = {isa = PBXFileReference; lastKnownFileType = sourcecode.swift; path = BrandGridView.swift; sourceTree = "<group>"; };
		4AD668D028390584004E013B /* ProductDetailView.swift */ = {isa = PBXFileReference; lastKnownFileType = sourcecode.swift; path = ProductDetailView.swift; sourceTree = "<group>"; };
		4AD668D228390644004E013B /* NavigationBarDetailView.swift */ = {isa = PBXFileReference; lastKnownFileType = sourcecode.swift; path = NavigationBarDetailView.swift; sourceTree = "<group>"; };
		4AD668D4283906E8004E013B /* WindowArea.swift */ = {isa = PBXFileReference; lastKnownFileType = sourcecode.swift; path = WindowArea.swift; sourceTree = "<group>"; };
		4AD668D62839072A004E013B /* HeaderDetailView.swift */ = {isa = PBXFileReference; lastKnownFileType = sourcecode.swift; path = HeaderDetailView.swift; sourceTree = "<group>"; };
		4AD668D8283907A0004E013B /* TopPartDetailView.swift */ = {isa = PBXFileReference; lastKnownFileType = sourcecode.swift; path = TopPartDetailView.swift; sourceTree = "<group>"; };
		4AD668DA28390A2B004E013B /* CustomShape.swift */ = {isa = PBXFileReference; lastKnownFileType = sourcecode.swift; path = CustomShape.swift; sourceTree = "<group>"; };
		4AD668DC28390BB6004E013B /* RatingsSizeDetailView.swift */ = {isa = PBXFileReference; lastKnownFileType = sourcecode.swift; path = RatingsSizeDetailView.swift; sourceTree = "<group>"; };
		4AD668DE28390D83004E013B /* QuantityFavoriteDetailView.swift */ = {isa = PBXFileReference; lastKnownFileType = sourcecode.swift; path = QuantityFavoriteDetailView.swift; sourceTree = "<group>"; };
		4AD668E028390EC7004E013B /* AddToCartDetailView.swift */ = {isa = PBXFileReference; lastKnownFileType = sourcecode.swift; path = AddToCartDetailView.swift; sourceTree = "<group>"; };
/* End PBXFileReference section */

/* Begin PBXFrameworksBuildPhase section */
		4A858A012838649D008B4D3D /* Frameworks */ = {
			isa = PBXFrameworksBuildPhase;
			buildActionMask = 2147483647;
			files = (
			);
			runOnlyForDeploymentPostprocessing = 0;
		};
/* End PBXFrameworksBuildPhase section */

/* Begin PBXGroup section */
		4A8589FB2838649D008B4D3D = {
			isa = PBXGroup;
			children = (
				4A858A062838649D008B4D3D /* Touchdown_SwfitUI */,
				4A858A052838649D008B4D3D /* Products */,
			);
			sourceTree = "<group>";
		};
		4A858A052838649D008B4D3D /* Products */ = {
			isa = PBXGroup;
			children = (
				4A858A042838649D008B4D3D /* Touchdown_SwfitUI.app */,
			);
			name = Products;
			sourceTree = "<group>";
		};
		4A858A062838649D008B4D3D /* Touchdown_SwfitUI */ = {
			isa = PBXGroup;
			children = (
				4A858A2528386784008B4D3D /* Utility */,
				4A858A242838677D008B4D3D /* Extension */,
				4A858A2328386779008B4D3D /* Model */,
				4A858A2028386764008B4D3D /* View */,
				4A858A1E283866D4008B4D3D /* Touchdown-SwfitUI-Info.plist */,
				4A858A1F28386744008B4D3D /* App */,
				4A858A1D2838667B008B4D3D /* Data */,
				4A858A0B2838649D008B4D3D /* Assets.xcassets */,
				4A858A0D2838649D008B4D3D /* Preview Content */,
			);
			path = Touchdown_SwfitUI;
			sourceTree = "<group>";
		};
		4A858A0D2838649D008B4D3D /* Preview Content */ = {
			isa = PBXGroup;
			children = (
				4A858A0E2838649D008B4D3D /* Preview Assets.xcassets */,
			);
			path = "Preview Content";
			sourceTree = "<group>";
		};
		4A858A1D2838667B008B4D3D /* Data */ = {
			isa = PBXGroup;
			children = (
				4A858A1828386670008B4D3D /* brand.json */,
				4A858A1528386670008B4D3D /* category.json */,
				4A858A1728386670008B4D3D /* player.json */,
				4A858A1628386670008B4D3D /* product.json */,
			);
			path = Data;
			sourceTree = "<group>";
		};
		4A858A1F28386744008B4D3D /* App */ = {
			isa = PBXGroup;
			children = (
				4A858A072838649D008B4D3D /* Touchdown_SwfitUIApp.swift */,
				4A858A092838649D008B4D3D /* ContentView.swift */,
				4AD668D028390584004E013B /* ProductDetailView.swift */,
			);
			path = App;
			sourceTree = "<group>";
		};
		4A858A2028386764008B4D3D /* View */ = {
			isa = PBXGroup;
			children = (
				4A858A2228386772008B4D3D /* Detail */,
				4A858A2128386769008B4D3D /* Home */,
			);
			path = View;
			sourceTree = "<group>";
		};
		4A858A2128386769008B4D3D /* Home */ = {
			isa = PBXGroup;
			children = (
				4A858A2828386854008B4D3D /* FooterView.swift */,
				4A858A2A28386AAC008B4D3D /* NavigationBarView.swift */,
				4A858A2C28386B94008B4D3D /* LogoView.swift */,
				4AD4FCF12838B33500609918 /* FeaturedItemView.swift */,
				4AD4FCF32838B43C00609918 /* FeaturedTabView.swift */,
				4AD668BE2838BC9E004E013B /* CategoryItemView.swift */,
				4AD668C02838BDA4004E013B /* CategoryGridVIew.swift */,
				4AD668C22838BEAF004E013B /* SectionView.swift */,
				4AD668C428390075004E013B /* TitleView.swift */,
				4AD668C8283901AD004E013B /* ProductItemView.swift */,
				4AD668CC283903F8004E013B /* BrandItemView.swift */,
				4AD668CE28390462004E013B /* BrandGridView.swift */,
			);
			path = Home;
			sourceTree = "<group>";
		};
		4A858A2228386772008B4D3D /* Detail */ = {
			isa = PBXGroup;
			children = (
				4AD668D228390644004E013B /* NavigationBarDetailView.swift */,
				4AD668D62839072A004E013B /* HeaderDetailView.swift */,
				4AD668D8283907A0004E013B /* TopPartDetailView.swift */,
				4AD668DC28390BB6004E013B /* RatingsSizeDetailView.swift */,
				4AD668DE28390D83004E013B /* QuantityFavoriteDetailView.swift */,
				4AD668E028390EC7004E013B /* AddToCartDetailView.swift */,
			);
			path = Detail;
			sourceTree = "<group>";
		};
		4A858A2328386779008B4D3D /* Model */ = {
			isa = PBXGroup;
			children = (
				4AD4FCEB2838B1F800609918 /* PlayerModel.swift */,
				4AD668BC2838BBC0004E013B /* CategoryModel.swift */,
				4AD668C628390139004E013B /* ProductModel.swift */,
				4AD668CA283903A0004E013B /* BrandModel.swift */,
			);
			path = Model;
			sourceTree = "<group>";
		};
		4A858A242838677D008B4D3D /* Extension */ = {
			isa = PBXGroup;
			children = (
				4AD4FCED2838B22C00609918 /* CodableBundleExtension.swift */,
			);
			path = Extension;
			sourceTree = "<group>";
		};
		4A858A2528386784008B4D3D /* Utility */ = {
			isa = PBXGroup;
			children = (
				4A858A26283867A2008B4D3D /* Constant.swift */,
				4AD668D4283906E8004E013B /* WindowArea.swift */,
				4AD668DA28390A2B004E013B /* CustomShape.swift */,
			);
			path = Utility;
			sourceTree = "<group>";
		};
/* End PBXGroup section */

/* Begin PBXNativeTarget section */
		4A858A032838649D008B4D3D /* Touchdown_SwfitUI */ = {
			isa = PBXNativeTarget;
			buildConfigurationList = 4A858A122838649D008B4D3D /* Build configuration list for PBXNativeTarget "Touchdown_SwfitUI" */;
			buildPhases = (
				4A858A002838649D008B4D3D /* Sources */,
				4A858A012838649D008B4D3D /* Frameworks */,
				4A858A022838649D008B4D3D /* Resources */,
			);
			buildRules = (
			);
			dependencies = (
			);
			name = Touchdown_SwfitUI;
			productName = Touchdown_SwfitUI;
			productReference = 4A858A042838649D008B4D3D /* Touchdown_SwfitUI.app */;
			productType = "com.apple.product-type.application";
		};
/* End PBXNativeTarget section */

/* Begin PBXProject section */
		4A8589FC2838649D008B4D3D /* Project object */ = {
			isa = PBXProject;
			attributes = {
				BuildIndependentTargetsInParallel = 1;
				LastSwiftUpdateCheck = 1340;
				LastUpgradeCheck = 1340;
				TargetAttributes = {
					4A858A032838649D008B4D3D = {
						CreatedOnToolsVersion = 13.4;
					};
				};
			};
			buildConfigurationList = 4A8589FF2838649D008B4D3D /* Build configuration list for PBXProject "Touchdown_SwfitUI" */;
			compatibilityVersion = "Xcode 13.0";
			developmentRegion = en;
			hasScannedForEncodings = 0;
			knownRegions = (
				en,
				Base,
			);
			mainGroup = 4A8589FB2838649D008B4D3D;
			productRefGroup = 4A858A052838649D008B4D3D /* Products */;
			projectDirPath = "";
			projectRoot = "";
			targets = (
				4A858A032838649D008B4D3D /* Touchdown_SwfitUI */,
			);
		};
/* End PBXProject section */

/* Begin PBXResourcesBuildPhase section */
		4A858A022838649D008B4D3D /* Resources */ = {
			isa = PBXResourcesBuildPhase;
			buildActionMask = 2147483647;
			files = (
				4A858A1B28386670008B4D3D /* player.json in Resources */,
				4A858A1928386670008B4D3D /* category.json in Resources */,
				4A858A1A28386670008B4D3D /* product.json in Resources */,
				4A858A0F2838649D008B4D3D /* Preview Assets.xcassets in Resources */,
				4A858A0C2838649D008B4D3D /* Assets.xcassets in Resources */,
				4A858A1C28386670008B4D3D /* brand.json in Resources */,
			);
			runOnlyForDeploymentPostprocessing = 0;
		};
/* End PBXResourcesBuildPhase section */

/* Begin PBXSourcesBuildPhase section */
		4A858A002838649D008B4D3D /* Sources */ = {
			isa = PBXSourcesBuildPhase;
			buildActionMask = 2147483647;
			files = (
				4AD4FCEE2838B22C00609918 /* CodableBundleExtension.swift in Sources */,
				4A858A0A2838649D008B4D3D /* ContentView.swift in Sources */,
				4A858A2D28386B94008B4D3D /* LogoView.swift in Sources */,
				4A858A2928386854008B4D3D /* FooterView.swift in Sources */,
				4AD668DF28390D83004E013B /* QuantityFavoriteDetailView.swift in Sources */,
				4AD668C12838BDA4004E013B /* CategoryGridVIew.swift in Sources */,
				4AD668C9283901AD004E013B /* ProductItemView.swift in Sources */,
				4AD668CF28390462004E013B /* BrandGridView.swift in Sources */,
				4A858A082838649D008B4D3D /* Touchdown_SwfitUIApp.swift in Sources */,
				4AD668D72839072A004E013B /* HeaderDetailView.swift in Sources */,
				4AD668E128390EC7004E013B /* AddToCartDetailView.swift in Sources */,
				4AD668D9283907A0004E013B /* TopPartDetailView.swift in Sources */,
				4AD668D128390584004E013B /* ProductDetailView.swift in Sources */,
				4AD668D328390644004E013B /* NavigationBarDetailView.swift in Sources */,
				4AD668DB28390A2B004E013B /* CustomShape.swift in Sources */,
				4A858A27283867A2008B4D3D /* Constant.swift in Sources */,
				4AD668DD28390BB6004E013B /* RatingsSizeDetailView.swift in Sources */,
				4AD4FCF22838B33500609918 /* FeaturedItemView.swift in Sources */,
				4AD668BD2838BBC0004E013B /* CategoryModel.swift in Sources */,
				4A858A2B28386AAC008B4D3D /* NavigationBarView.swift in Sources */,
				4AD668C32838BEAF004E013B /* SectionView.swift in Sources */,
				4AD668CD283903F8004E013B /* BrandItemView.swift in Sources */,
				4AD668BF2838BC9E004E013B /* CategoryItemView.swift in Sources */,
				4AD4FCF42838B43C00609918 /* FeaturedTabView.swift in Sources */,
				4AD4FCEC2838B1F800609918 /* PlayerModel.swift in Sources */,
				4AD668D5283906E8004E013B /* WindowArea.swift in Sources */,
				4AD668CB283903A0004E013B /* BrandModel.swift in Sources */,
				4AD668C528390075004E013B /* TitleView.swift in Sources */,
				4AD668C728390139004E013B /* ProductModel.swift in Sources */,
			);
			runOnlyForDeploymentPostprocessing = 0;
		};
/* End PBXSourcesBuildPhase section */

/* Begin XCBuildConfiguration section */
		4A858A102838649D008B4D3D /* Debug */ = {
			isa = XCBuildConfiguration;
			buildSettings = {
				ALWAYS_SEARCH_USER_PATHS = NO;
				CLANG_ANALYZER_NONNULL = YES;
				CLANG_ANALYZER_NUMBER_OBJECT_CONVERSION = YES_AGGRESSIVE;
				CLANG_CXX_LANGUAGE_STANDARD = "gnu++17";
				CLANG_ENABLE_MODULES = YES;
				CLANG_ENABLE_OBJC_ARC = YES;
				CLANG_ENABLE_OBJC_WEAK = YES;
				CLANG_WARN_BLOCK_CAPTURE_AUTORELEASING = YES;
				CLANG_WARN_BOOL_CONVERSION = YES;
				CLANG_WARN_COMMA = YES;
				CLANG_WARN_CONSTANT_CONVERSION = YES;
				CLANG_WARN_DEPRECATED_OBJC_IMPLEMENTATIONS = YES;
				CLANG_WARN_DIRECT_OBJC_ISA_USAGE = YES_ERROR;
				CLANG_WARN_DOCUMENTATION_COMMENTS = YES;
				CLANG_WARN_EMPTY_BODY = YES;
				CLANG_WARN_ENUM_CONVERSION = YES;
				CLANG_WARN_INFINITE_RECURSION = YES;
				CLANG_WARN_INT_CONVERSION = YES;
				CLANG_WARN_NON_LITERAL_NULL_CONVERSION = YES;
				CLANG_WARN_OBJC_IMPLICIT_RETAIN_SELF = YES;
				CLANG_WARN_OBJC_LITERAL_CONVERSION = YES;
				CLANG_WARN_OBJC_ROOT_CLASS = YES_ERROR;
				CLANG_WARN_QUOTED_INCLUDE_IN_FRAMEWORK_HEADER = YES;
				CLANG_WARN_RANGE_LOOP_ANALYSIS = YES;
				CLANG_WARN_STRICT_PROTOTYPES = YES;
				CLANG_WARN_SUSPICIOUS_MOVE = YES;
				CLANG_WARN_UNGUARDED_AVAILABILITY = YES_AGGRESSIVE;
				CLANG_WARN_UNREACHABLE_CODE = YES;
				CLANG_WARN__DUPLICATE_METHOD_MATCH = YES;
				COPY_PHASE_STRIP = NO;
				DEBUG_INFORMATION_FORMAT = dwarf;
				ENABLE_STRICT_OBJC_MSGSEND = YES;
				ENABLE_TESTABILITY = YES;
				GCC_C_LANGUAGE_STANDARD = gnu11;
				GCC_DYNAMIC_NO_PIC = NO;
				GCC_NO_COMMON_BLOCKS = YES;
				GCC_OPTIMIZATION_LEVEL = 0;
				GCC_PREPROCESSOR_DEFINITIONS = (
					"DEBUG=1",
					"$(inherited)",
				);
				GCC_WARN_64_TO_32_BIT_CONVERSION = YES;
				GCC_WARN_ABOUT_RETURN_TYPE = YES_ERROR;
				GCC_WARN_UNDECLARED_SELECTOR = YES;
				GCC_WARN_UNINITIALIZED_AUTOS = YES_AGGRESSIVE;
				GCC_WARN_UNUSED_FUNCTION = YES;
				GCC_WARN_UNUSED_VARIABLE = YES;
				IPHONEOS_DEPLOYMENT_TARGET = 15.5;
				MTL_ENABLE_DEBUG_INFO = INCLUDE_SOURCE;
				MTL_FAST_MATH = YES;
				ONLY_ACTIVE_ARCH = YES;
				SDKROOT = iphoneos;
				SWIFT_ACTIVE_COMPILATION_CONDITIONS = DEBUG;
				SWIFT_OPTIMIZATION_LEVEL = "-Onone";
			};
			name = Debug;
		};
		4A858A112838649D008B4D3D /* Release */ = {
			isa = XCBuildConfiguration;
			buildSettings = {
				ALWAYS_SEARCH_USER_PATHS = NO;
				CLANG_ANALYZER_NONNULL = YES;
				CLANG_ANALYZER_NUMBER_OBJECT_CONVERSION = YES_AGGRESSIVE;
				CLANG_CXX_LANGUAGE_STANDARD = "gnu++17";
				CLANG_ENABLE_MODULES = YES;
				CLANG_ENABLE_OBJC_ARC = YES;
				CLANG_ENABLE_OBJC_WEAK = YES;
				CLANG_WARN_BLOCK_CAPTURE_AUTORELEASING = YES;
				CLANG_WARN_BOOL_CONVERSION = YES;
				CLANG_WARN_COMMA = YES;
				CLANG_WARN_CONSTANT_CONVERSION = YES;
				CLANG_WARN_DEPRECATED_OBJC_IMPLEMENTATIONS = YES;
				CLANG_WARN_DIRECT_OBJC_ISA_USAGE = YES_ERROR;
				CLANG_WARN_DOCUMENTATION_COMMENTS = YES;
				CLANG_WARN_EMPTY_BODY = YES;
				CLANG_WARN_ENUM_CONVERSION = YES;
				CLANG_WARN_INFINITE_RECURSION = YES;
				CLANG_WARN_INT_CONVERSION = YES;
				CLANG_WARN_NON_LITERAL_NULL_CONVERSION = YES;
				CLANG_WARN_OBJC_IMPLICIT_RETAIN_SELF = YES;
				CLANG_WARN_OBJC_LITERAL_CONVERSION = YES;
				CLANG_WARN_OBJC_ROOT_CLASS = YES_ERROR;
				CLANG_WARN_QUOTED_INCLUDE_IN_FRAMEWORK_HEADER = YES;
				CLANG_WARN_RANGE_LOOP_ANALYSIS = YES;
				CLANG_WARN_STRICT_PROTOTYPES = YES;
				CLANG_WARN_SUSPICIOUS_MOVE = YES;
				CLANG_WARN_UNGUARDED_AVAILABILITY = YES_AGGRESSIVE;
				CLANG_WARN_UNREACHABLE_CODE = YES;
				CLANG_WARN__DUPLICATE_METHOD_MATCH = YES;
				COPY_PHASE_STRIP = NO;
				DEBUG_INFORMATION_FORMAT = "dwarf-with-dsym";
				ENABLE_NS_ASSERTIONS = NO;
				ENABLE_STRICT_OBJC_MSGSEND = YES;
				GCC_C_LANGUAGE_STANDARD = gnu11;
				GCC_NO_COMMON_BLOCKS = YES;
				GCC_WARN_64_TO_32_BIT_CONVERSION = YES;
				GCC_WARN_ABOUT_RETURN_TYPE = YES_ERROR;
				GCC_WARN_UNDECLARED_SELECTOR = YES;
				GCC_WARN_UNINITIALIZED_AUTOS = YES_AGGRESSIVE;
				GCC_WARN_UNUSED_FUNCTION = YES;
				GCC_WARN_UNUSED_VARIABLE = YES;
				IPHONEOS_DEPLOYMENT_TARGET = 15.5;
				MTL_ENABLE_DEBUG_INFO = NO;
				MTL_FAST_MATH = YES;
				SDKROOT = iphoneos;
				SWIFT_COMPILATION_MODE = wholemodule;
				SWIFT_OPTIMIZATION_LEVEL = "-O";
				VALIDATE_PRODUCT = YES;
			};
			name = Release;
		};
		4A858A132838649D008B4D3D /* Debug */ = {
			isa = XCBuildConfiguration;
			buildSettings = {
				ASSETCATALOG_COMPILER_APPICON_NAME = AppIcon;
				ASSETCATALOG_COMPILER_GLOBAL_ACCENT_COLOR_NAME = AccentColor;
				CODE_SIGN_STYLE = Automatic;
				CURRENT_PROJECT_VERSION = 1;
				DEVELOPMENT_ASSET_PATHS = "\"Touchdown_SwfitUI/Preview Content\"";
				DEVELOPMENT_TEAM = 4JPWGVR2ZN;
				ENABLE_PREVIEWS = YES;
				GENERATE_INFOPLIST_FILE = YES;
				INFOPLIST_FILE = "Touchdown-SwfitUI-Info.plist";
				INFOPLIST_KEY_UIApplicationSceneManifest_Generation = YES;
				INFOPLIST_KEY_UIApplicationSupportsIndirectInputEvents = YES;
				INFOPLIST_KEY_UISupportedInterfaceOrientations = UIInterfaceOrientationPortrait;
				INFOPLIST_KEY_UISupportedInterfaceOrientations_iPad = "UIInterfaceOrientationPortrait UIInterfaceOrientationPortraitUpsideDown UIInterfaceOrientationLandscapeLeft UIInterfaceOrientationLandscapeRight";
				INFOPLIST_KEY_UISupportedInterfaceOrientations_iPhone = "UIInterfaceOrientationPortrait UIInterfaceOrientationLandscapeLeft UIInterfaceOrientationLandscapeRight";
				INFOPLIST_KEY_UIUserInterfaceStyle = Light;
				LD_RUNPATH_SEARCH_PATHS = (
					"$(inherited)",
					"@executable_path/Frameworks",
				);
				MARKETING_VERSION = 1.0;
				PRODUCT_BUNDLE_IDENTIFIER = "JP.Touchdown-SwfitUI";
				PRODUCT_NAME = "$(TARGET_NAME)";
				SWIFT_EMIT_LOC_STRINGS = YES;
				SWIFT_VERSION = 5.0;
				TARGETED_DEVICE_FAMILY = "1,2";
			};
			name = Debug;
		};
		4A858A142838649D008B4D3D /* Release */ = {
			isa = XCBuildConfiguration;
			buildSettings = {
				ASSETCATALOG_COMPILER_APPICON_NAME = AppIcon;
				ASSETCATALOG_COMPILER_GLOBAL_ACCENT_COLOR_NAME = AccentColor;
				CODE_SIGN_STYLE = Automatic;
				CURRENT_PROJECT_VERSION = 1;
				DEVELOPMENT_ASSET_PATHS = "\"Touchdown_SwfitUI/Preview Content\"";
				DEVELOPMENT_TEAM = 4JPWGVR2ZN;
				ENABLE_PREVIEWS = YES;
				GENERATE_INFOPLIST_FILE = YES;
				INFOPLIST_FILE = "Touchdown-SwfitUI-Info.plist";
				INFOPLIST_KEY_UIApplicationSceneManifest_Generation = YES;
				INFOPLIST_KEY_UIApplicationSupportsIndirectInputEvents = YES;
				INFOPLIST_KEY_UISupportedInterfaceOrientations = UIInterfaceOrientationPortrait;
				INFOPLIST_KEY_UISupportedInterfaceOrientations_iPad = "UIInterfaceOrientationPortrait UIInterfaceOrientationPortraitUpsideDown UIInterfaceOrientationLandscapeLeft UIInterfaceOrientationLandscapeRight";
				INFOPLIST_KEY_UISupportedInterfaceOrientations_iPhone = "UIInterfaceOrientationPortrait UIInterfaceOrientationLandscapeLeft UIInterfaceOrientationLandscapeRight";
				INFOPLIST_KEY_UIUserInterfaceStyle = Light;
				LD_RUNPATH_SEARCH_PATHS = (
					"$(inherited)",
					"@executable_path/Frameworks",
				);
				MARKETING_VERSION = 1.0;
				PRODUCT_BUNDLE_IDENTIFIER = "JP.Touchdown-SwfitUI";
				PRODUCT_NAME = "$(TARGET_NAME)";
				SWIFT_EMIT_LOC_STRINGS = YES;
				SWIFT_VERSION = 5.0;
				TARGETED_DEVICE_FAMILY = "1,2";
			};
			name = Release;
		};
/* End XCBuildConfiguration section */

/* Begin XCConfigurationList section */
		4A8589FF2838649D008B4D3D /* Build configuration list for PBXProject "Touchdown_SwfitUI" */ = {
			isa = XCConfigurationList;
			buildConfigurations = (
				4A858A102838649D008B4D3D /* Debug */,
				4A858A112838649D008B4D3D /* Release */,
			);
			defaultConfigurationIsVisible = 0;
			defaultConfigurationName = Release;
		};
		4A858A122838649D008B4D3D /* Build configuration list for PBXNativeTarget "Touchdown_SwfitUI" */ = {
			isa = XCConfigurationList;
			buildConfigurations = (
				4A858A132838649D008B4D3D /* Debug */,
				4A858A142838649D008B4D3D /* Release */,
			);
			defaultConfigurationIsVisible = 0;
			defaultConfigurationName = Release;
		};
/* End XCConfigurationList section */
	};
	rootObject = 4A8589FC2838649D008B4D3D /* Project object */;
}
