// !$*UTF8*$!
{
	archiveVersion = 1;
	classes = {
	};
	objectVersion = 55;
	objects = {

/* Begin PBXBuildFile section */
		4A1F8D9B284739AD00444AD3 /* NewTaskItemView.swift in Sources */ = {isa = PBXBuildFile; fileRef = 4A1F8D9A284739AD00444AD3 /* NewTaskItemView.swift */; };
		4A1F8D9D28473E2300444AD3 /* BlankView.swift in Sources */ = {isa = PBXBuildFile; fileRef = 4A1F8D9C28473E2300444AD3 /* BlankView.swift */; };
		4A1F8D9F2847477900444AD3 /* ListRowitemView.swift in Sources */ = {isa = PBXBuildFile; fileRef = 4A1F8D9E2847477900444AD3 /* ListRowitemView.swift */; };
		4A1F8DA12847497F00444AD3 /* CheckBoxStyle.swift in Sources */ = {isa = PBXBuildFile; fileRef = 4A1F8DA02847497F00444AD3 /* CheckBoxStyle.swift */; };
		4A1F8DA32847505200444AD3 /* SoundPlayer.swift in Sources */ = {isa = PBXBuildFile; fileRef = 4A1F8DA22847505200444AD3 /* SoundPlayer.swift */; };
		4A399988283DA87D006AE7E1 /* HideKeyboardExtension.swift in Sources */ = {isa = PBXBuildFile; fileRef = 4A399987283DA87D006AE7E1 /* HideKeyboardExtension.swift */; };
		4A5D3455284902F300506ED4 /* WidgetKit.framework in Frameworks */ = {isa = PBXBuildFile; fileRef = 4A5D3454284902F300506ED4 /* WidgetKit.framework */; };
		4A5D3457284902F300506ED4 /* SwiftUI.framework in Frameworks */ = {isa = PBXBuildFile; fileRef = 4A5D3456284902F300506ED4 /* SwiftUI.framework */; };
		4A5D345A284902F300506ED4 /* DevoteWidget.swift in Sources */ = {isa = PBXBuildFile; fileRef = 4A5D3459284902F300506ED4 /* DevoteWidget.swift */; };
		4A5D345C284902F400506ED4 /* Assets.xcassets in Resources */ = {isa = PBXBuildFile; fileRef = 4A5D345B284902F400506ED4 /* Assets.xcassets */; };
		4A5D3460284902F400506ED4 /* DevoteWidgetExtension.appex in Embed App Extensions */ = {isa = PBXBuildFile; fileRef = 4A5D3452284902F300506ED4 /* DevoteWidgetExtension.appex */; settings = {ATTRIBUTES = (RemoveHeadersOnCopy, ); }; };
		4A5D3466284906AA00506ED4 /* Assets.xcassets in Resources */ = {isa = PBXBuildFile; fileRef = 4AD8AA07283A32CD003C7622 /* Assets.xcassets */; };
		4A5D34672849072500506ED4 /* Constant.swift in Sources */ = {isa = PBXBuildFile; fileRef = 4A8092B7283B047F0069691C /* Constant.swift */; };
		4A8092B8283B047F0069691C /* Constant.swift in Sources */ = {isa = PBXBuildFile; fileRef = 4A8092B7283B047F0069691C /* Constant.swift */; };
		4AC90C9C2840B78A00ED7629 /* BackgroundImageView.swift in Sources */ = {isa = PBXBuildFile; fileRef = 4AC90C9B2840B78A00ED7629 /* BackgroundImageView.swift */; };
		4AD8AA04283A32CC003C7622 /* Devote_SwiftUIApp.swift in Sources */ = {isa = PBXBuildFile; fileRef = 4AD8AA03283A32CC003C7622 /* Devote_SwiftUIApp.swift */; };
		4AD8AA06283A32CC003C7622 /* ContentView.swift in Sources */ = {isa = PBXBuildFile; fileRef = 4AD8AA05283A32CC003C7622 /* ContentView.swift */; };
		4AD8AA08283A32CD003C7622 /* Assets.xcassets in Resources */ = {isa = PBXBuildFile; fileRef = 4AD8AA07283A32CD003C7622 /* Assets.xcassets */; };
		4AD8AA0B283A32CD003C7622 /* Preview Assets.xcassets in Resources */ = {isa = PBXBuildFile; fileRef = 4AD8AA0A283A32CD003C7622 /* Preview Assets.xcassets */; };
		4AD8AA0D283A32CD003C7622 /* Persistence.swift in Sources */ = {isa = PBXBuildFile; fileRef = 4AD8AA0C283A32CD003C7622 /* Persistence.swift */; };
		4AD8AA10283A32CD003C7622 /* Devote_SwiftUI.xcdatamodeld in Sources */ = {isa = PBXBuildFile; fileRef = 4AD8AA0E283A32CD003C7622 /* Devote_SwiftUI.xcdatamodeld */; };
		4AD8AA19283A3354003C7622 /* sound-rise.mp3 in Resources */ = {isa = PBXBuildFile; fileRef = 4AD8AA16283A3353003C7622 /* sound-rise.mp3 */; };
		4AD8AA1A283A3354003C7622 /* sound-ding.mp3 in Resources */ = {isa = PBXBuildFile; fileRef = 4AD8AA17283A3354003C7622 /* sound-ding.mp3 */; };
		4AD8AA1B283A3354003C7622 /* sound-tap.mp3 in Resources */ = {isa = PBXBuildFile; fileRef = 4AD8AA18283A3354003C7622 /* sound-tap.mp3 */; };
/* End PBXBuildFile section */

/* Begin PBXContainerItemProxy section */
		4A5D345E284902F400506ED4 /* PBXContainerItemProxy */ = {
			isa = PBXContainerItemProxy;
			containerPortal = 4AD8A9F8283A32CC003C7622 /* Project object */;
			proxyType = 1;
			remoteGlobalIDString = 4A5D3451284902F300506ED4;
			remoteInfo = DevoteWidgetExtension;
		};
/* End PBXContainerItemProxy section */

/* Begin PBXCopyFilesBuildPhase section */
		4A5D3461284902F400506ED4 /* Embed App Extensions */ = {
			isa = PBXCopyFilesBuildPhase;
			buildActionMask = 2147483647;
			dstPath = "";
			dstSubfolderSpec = 13;
			files = (
				4A5D3460284902F400506ED4 /* DevoteWidgetExtension.appex in Embed App Extensions */,
			);
			name = "Embed App Extensions";
			runOnlyForDeploymentPostprocessing = 0;
		};
/* End PBXCopyFilesBuildPhase section */

/* Begin PBXFileReference section */
		4A1F8D9A284739AD00444AD3 /* NewTaskItemView.swift */ = {isa = PBXFileReference; lastKnownFileType = sourcecode.swift; path = NewTaskItemView.swift; sourceTree = "<group>"; };
		4A1F8D9C28473E2300444AD3 /* BlankView.swift */ = {isa = PBXFileReference; lastKnownFileType = sourcecode.swift; path = BlankView.swift; sourceTree = "<group>"; };
		4A1F8D9E2847477900444AD3 /* ListRowitemView.swift */ = {isa = PBXFileReference; lastKnownFileType = sourcecode.swift; path = ListRowitemView.swift; sourceTree = "<group>"; };
		4A1F8DA02847497F00444AD3 /* CheckBoxStyle.swift */ = {isa = PBXFileReference; lastKnownFileType = sourcecode.swift; path = CheckBoxStyle.swift; sourceTree = "<group>"; };
		4A1F8DA22847505200444AD3 /* SoundPlayer.swift */ = {isa = PBXFileReference; lastKnownFileType = sourcecode.swift; path = SoundPlayer.swift; sourceTree = "<group>"; };
		4A399987283DA87D006AE7E1 /* HideKeyboardExtension.swift */ = {isa = PBXFileReference; lastKnownFileType = sourcecode.swift; path = HideKeyboardExtension.swift; sourceTree = "<group>"; };
		4A5D3452284902F300506ED4 /* DevoteWidgetExtension.appex */ = {isa = PBXFileReference; explicitFileType = "wrapper.app-extension"; includeInIndex = 0; path = DevoteWidgetExtension.appex; sourceTree = BUILT_PRODUCTS_DIR; };
		4A5D3454284902F300506ED4 /* WidgetKit.framework */ = {isa = PBXFileReference; lastKnownFileType = wrapper.framework; name = WidgetKit.framework; path = System/Library/Frameworks/WidgetKit.framework; sourceTree = SDKROOT; };
		4A5D3456284902F300506ED4 /* SwiftUI.framework */ = {isa = PBXFileReference; lastKnownFileType = wrapper.framework; name = SwiftUI.framework; path = System/Library/Frameworks/SwiftUI.framework; sourceTree = SDKROOT; };
		4A5D3459284902F300506ED4 /* DevoteWidget.swift */ = {isa = PBXFileReference; lastKnownFileType = sourcecode.swift; path = DevoteWidget.swift; sourceTree = "<group>"; };
		4A5D345B284902F400506ED4 /* Assets.xcassets */ = {isa = PBXFileReference; lastKnownFileType = folder.assetcatalog; path = Assets.xcassets; sourceTree = "<group>"; };
		4A5D345D284902F400506ED4 /* Info.plist */ = {isa = PBXFileReference; lastKnownFileType = text.plist.xml; path = Info.plist; sourceTree = "<group>"; };
		4A8092B7283B047F0069691C /* Constant.swift */ = {isa = PBXFileReference; lastKnownFileType = sourcecode.swift; path = Constant.swift; sourceTree = "<group>"; };
		4AC90C9B2840B78A00ED7629 /* BackgroundImageView.swift */ = {isa = PBXFileReference; lastKnownFileType = sourcecode.swift; path = BackgroundImageView.swift; sourceTree = "<group>"; };
		4AD8AA00283A32CC003C7622 /* Devote_SwiftUI.app */ = {isa = PBXFileReference; explicitFileType = wrapper.application; includeInIndex = 0; path = Devote_SwiftUI.app; sourceTree = BUILT_PRODUCTS_DIR; };
		4AD8AA03283A32CC003C7622 /* Devote_SwiftUIApp.swift */ = {isa = PBXFileReference; lastKnownFileType = sourcecode.swift; path = Devote_SwiftUIApp.swift; sourceTree = "<group>"; };
		4AD8AA05283A32CC003C7622 /* ContentView.swift */ = {isa = PBXFileReference; lastKnownFileType = sourcecode.swift; path = ContentView.swift; sourceTree = "<group>"; };
		4AD8AA07283A32CD003C7622 /* Assets.xcassets */ = {isa = PBXFileReference; lastKnownFileType = folder.assetcatalog; path = Assets.xcassets; sourceTree = "<group>"; };
		4AD8AA0A283A32CD003C7622 /* Preview Assets.xcassets */ = {isa = PBXFileReference; lastKnownFileType = folder.assetcatalog; path = "Preview Assets.xcassets"; sourceTree = "<group>"; };
		4AD8AA0C283A32CD003C7622 /* Persistence.swift */ = {isa = PBXFileReference; lastKnownFileType = sourcecode.swift; path = Persistence.swift; sourceTree = "<group>"; };
		4AD8AA0F283A32CD003C7622 /* Devote_SwiftUI.xcdatamodel */ = {isa = PBXFileReference; lastKnownFileType = wrapper.xcdatamodel; path = Devote_SwiftUI.xcdatamodel; sourceTree = "<group>"; };
		4AD8AA16283A3353003C7622 /* sound-rise.mp3 */ = {isa = PBXFileReference; lastKnownFileType = audio.mp3; path = "sound-rise.mp3"; sourceTree = "<group>"; };
		4AD8AA17283A3354003C7622 /* sound-ding.mp3 */ = {isa = PBXFileReference; lastKnownFileType = audio.mp3; path = "sound-ding.mp3"; sourceTree = "<group>"; };
		4AD8AA18283A3354003C7622 /* sound-tap.mp3 */ = {isa = PBXFileReference; lastKnownFileType = audio.mp3; path = "sound-tap.mp3"; sourceTree = "<group>"; };
		4AD8AA22283A33ED003C7622 /* Devote-SwiftUI-Info.plist */ = {isa = PBXFileReference; lastKnownFileType = text.plist; path = "Devote-SwiftUI-Info.plist"; sourceTree = SOURCE_ROOT; };
/* End PBXFileReference section */

/* Begin PBXFrameworksBuildPhase section */
		4A5D344F284902F300506ED4 /* Frameworks */ = {
			isa = PBXFrameworksBuildPhase;
			buildActionMask = 2147483647;
			files = (
				4A5D3457284902F300506ED4 /* SwiftUI.framework in Frameworks */,
				4A5D3455284902F300506ED4 /* WidgetKit.framework in Frameworks */,
			);
			runOnlyForDeploymentPostprocessing = 0;
		};
		4AD8A9FD283A32CC003C7622 /* Frameworks */ = {
			isa = PBXFrameworksBuildPhase;
			buildActionMask = 2147483647;
			files = (
			);
			runOnlyForDeploymentPostprocessing = 0;
		};
/* End PBXFrameworksBuildPhase section */

/* Begin PBXGroup section */
		4A5D3453284902F300506ED4 /* Frameworks */ = {
			isa = PBXGroup;
			children = (
				4A5D3454284902F300506ED4 /* WidgetKit.framework */,
				4A5D3456284902F300506ED4 /* SwiftUI.framework */,
			);
			name = Frameworks;
			sourceTree = "<group>";
		};
		4A5D3458284902F300506ED4 /* DevoteWidget */ = {
			isa = PBXGroup;
			children = (
				4A5D3459284902F300506ED4 /* DevoteWidget.swift */,
				4A5D345B284902F400506ED4 /* Assets.xcassets */,
				4A5D345D284902F400506ED4 /* Info.plist */,
			);
			path = DevoteWidget;
			sourceTree = "<group>";
		};
		4AD8A9F7283A32CC003C7622 = {
			isa = PBXGroup;
			children = (
				4AD8AA02283A32CC003C7622 /* Devote_SwiftUI */,
				4A5D3458284902F300506ED4 /* DevoteWidget */,
				4A5D3453284902F300506ED4 /* Frameworks */,
				4AD8AA01283A32CC003C7622 /* Products */,
			);
			sourceTree = "<group>";
		};
		4AD8AA01283A32CC003C7622 /* Products */ = {
			isa = PBXGroup;
			children = (
				4AD8AA00283A32CC003C7622 /* Devote_SwiftUI.app */,
				4A5D3452284902F300506ED4 /* DevoteWidgetExtension.appex */,
			);
			name = Products;
			sourceTree = "<group>";
		};
		4AD8AA02283A32CC003C7622 /* Devote_SwiftUI */ = {
			isa = PBXGroup;
			children = (
				4AD8AA22283A33ED003C7622 /* Devote-SwiftUI-Info.plist */,
				4AD8AA20283A33B1003C7622 /* Style */,
				4AD8AA1F283A33AC003C7622 /* Utility */,
				4AD8AA1E283A33A2003C7622 /* Extension */,
				4AD8AA1C283A337E003C7622 /* Sound */,
				4AD8AA03283A32CC003C7622 /* Devote_SwiftUIApp.swift */,
				4AD8AA1D283A3388003C7622 /* View */,
				4AD8AA07283A32CD003C7622 /* Assets.xcassets */,
				4AD8AA21283A33CB003C7622 /* Model */,
				4AD8AA09283A32CD003C7622 /* Preview Content */,
			);
			path = Devote_SwiftUI;
			sourceTree = "<group>";
		};
		4AD8AA09283A32CD003C7622 /* Preview Content */ = {
			isa = PBXGroup;
			children = (
				4AD8AA0A283A32CD003C7622 /* Preview Assets.xcassets */,
			);
			path = "Preview Content";
			sourceTree = "<group>";
		};
		4AD8AA1C283A337E003C7622 /* Sound */ = {
			isa = PBXGroup;
			children = (
				4AD8AA17283A3354003C7622 /* sound-ding.mp3 */,
				4AD8AA16283A3353003C7622 /* sound-rise.mp3 */,
				4AD8AA18283A3354003C7622 /* sound-tap.mp3 */,
			);
			path = Sound;
			sourceTree = "<group>";
		};
		4AD8AA1D283A3388003C7622 /* View */ = {
			isa = PBXGroup;
			children = (
				4AD8AA05283A32CC003C7622 /* ContentView.swift */,
				4AC90C9B2840B78A00ED7629 /* BackgroundImageView.swift */,
				4A1F8D9A284739AD00444AD3 /* NewTaskItemView.swift */,
				4A1F8D9C28473E2300444AD3 /* BlankView.swift */,
				4A1F8D9E2847477900444AD3 /* ListRowitemView.swift */,
			);
			path = View;
			sourceTree = "<group>";
		};
		4AD8AA1E283A33A2003C7622 /* Extension */ = {
			isa = PBXGroup;
			children = (
				4A399987283DA87D006AE7E1 /* HideKeyboardExtension.swift */,
			);
			path = Extension;
			sourceTree = "<group>";
		};
		4AD8AA1F283A33AC003C7622 /* Utility */ = {
			isa = PBXGroup;
			children = (
				4A8092B7283B047F0069691C /* Constant.swift */,
				4A1F8DA22847505200444AD3 /* SoundPlayer.swift */,
			);
			path = Utility;
			sourceTree = "<group>";
		};
		4AD8AA20283A33B1003C7622 /* Style */ = {
			isa = PBXGroup;
			children = (
				4A1F8DA02847497F00444AD3 /* CheckBoxStyle.swift */,
			);
			path = Style;
			sourceTree = "<group>";
		};
		4AD8AA21283A33CB003C7622 /* Model */ = {
			isa = PBXGroup;
			children = (
				4AD8AA0C283A32CD003C7622 /* Persistence.swift */,
				4AD8AA0E283A32CD003C7622 /* Devote_SwiftUI.xcdatamodeld */,
			);
			path = Model;
			sourceTree = "<group>";
		};
/* End PBXGroup section */

/* Begin PBXNativeTarget section */
		4A5D3451284902F300506ED4 /* DevoteWidgetExtension */ = {
			isa = PBXNativeTarget;
			buildConfigurationList = 4A5D3464284902F400506ED4 /* Build configuration list for PBXNativeTarget "DevoteWidgetExtension" */;
			buildPhases = (
				4A5D344E284902F300506ED4 /* Sources */,
				4A5D344F284902F300506ED4 /* Frameworks */,
				4A5D3450284902F300506ED4 /* Resources */,
			);
			buildRules = (
			);
			dependencies = (
			);
			name = DevoteWidgetExtension;
			productName = DevoteWidgetExtension;
			productReference = 4A5D3452284902F300506ED4 /* DevoteWidgetExtension.appex */;
			productType = "com.apple.product-type.app-extension";
		};
		4AD8A9FF283A32CC003C7622 /* Devote_SwiftUI */ = {
			isa = PBXNativeTarget;
			buildConfigurationList = 4AD8AA13283A32CD003C7622 /* Build configuration list for PBXNativeTarget "Devote_SwiftUI" */;
			buildPhases = (
				4AD8A9FC283A32CC003C7622 /* Sources */,
				4AD8A9FD283A32CC003C7622 /* Frameworks */,
				4AD8A9FE283A32CC003C7622 /* Resources */,
				4A5D3461284902F400506ED4 /* Embed App Extensions */,
			);
			buildRules = (
			);
			dependencies = (
				4A5D345F284902F400506ED4 /* PBXTargetDependency */,
			);
			name = Devote_SwiftUI;
			productName = Devote_SwiftUI;
			productReference = 4AD8AA00283A32CC003C7622 /* Devote_SwiftUI.app */;
			productType = "com.apple.product-type.application";
		};
/* End PBXNativeTarget section */

/* Begin PBXProject section */
		4AD8A9F8283A32CC003C7622 /* Project object */ = {
			isa = PBXProject;
			attributes = {
				BuildIndependentTargetsInParallel = 1;
				LastSwiftUpdateCheck = 1340;
				LastUpgradeCheck = 1340;
				TargetAttributes = {
					4A5D3451284902F300506ED4 = {
						CreatedOnToolsVersion = 13.4;
					};
					4AD8A9FF283A32CC003C7622 = {
						CreatedOnToolsVersion = 13.4;
					};
				};
			};
			buildConfigurationList = 4AD8A9FB283A32CC003C7622 /* Build configuration list for PBXProject "Devote_SwiftUI" */;
			compatibilityVersion = "Xcode 13.0";
			developmentRegion = en;
			hasScannedForEncodings = 0;
			knownRegions = (
				en,
				Base,
			);
			mainGroup = 4AD8A9F7283A32CC003C7622;
			productRefGroup = 4AD8AA01283A32CC003C7622 /* Products */;
			projectDirPath = "";
			projectRoot = "";
			targets = (
				4AD8A9FF283A32CC003C7622 /* Devote_SwiftUI */,
				4A5D3451284902F300506ED4 /* DevoteWidgetExtension */,
			);
		};
/* End PBXProject section */

/* Begin PBXResourcesBuildPhase section */
		4A5D3450284902F300506ED4 /* Resources */ = {
			isa = PBXResourcesBuildPhase;
			buildActionMask = 2147483647;
			files = (
				4A5D3466284906AA00506ED4 /* Assets.xcassets in Resources */,
				4A5D345C284902F400506ED4 /* Assets.xcassets in Resources */,
			);
			runOnlyForDeploymentPostprocessing = 0;
		};
		4AD8A9FE283A32CC003C7622 /* Resources */ = {
			isa = PBXResourcesBuildPhase;
			buildActionMask = 2147483647;
			files = (
				4AD8AA1A283A3354003C7622 /* sound-ding.mp3 in Resources */,
				4AD8AA19283A3354003C7622 /* sound-rise.mp3 in Resources */,
				4AD8AA0B283A32CD003C7622 /* Preview Assets.xcassets in Resources */,
				4AD8AA1B283A3354003C7622 /* sound-tap.mp3 in Resources */,
				4AD8AA08283A32CD003C7622 /* Assets.xcassets in Resources */,
			);
			runOnlyForDeploymentPostprocessing = 0;
		};
/* End PBXResourcesBuildPhase section */

/* Begin PBXSourcesBuildPhase section */
		4A5D344E284902F300506ED4 /* Sources */ = {
			isa = PBXSourcesBuildPhase;
			buildActionMask = 2147483647;
			files = (
				4A5D345A284902F300506ED4 /* DevoteWidget.swift in Sources */,
				4A5D34672849072500506ED4 /* Constant.swift in Sources */,
			);
			runOnlyForDeploymentPostprocessing = 0;
		};
		4AD8A9FC283A32CC003C7622 /* Sources */ = {
			isa = PBXSourcesBuildPhase;
			buildActionMask = 2147483647;
			files = (
				4A1F8D9F2847477900444AD3 /* ListRowitemView.swift in Sources */,
				4AD8AA10283A32CD003C7622 /* Devote_SwiftUI.xcdatamodeld in Sources */,
				4AC90C9C2840B78A00ED7629 /* BackgroundImageView.swift in Sources */,
				4AD8AA0D283A32CD003C7622 /* Persistence.swift in Sources */,
				4A399988283DA87D006AE7E1 /* HideKeyboardExtension.swift in Sources */,
				4A1F8D9D28473E2300444AD3 /* BlankView.swift in Sources */,
				4A8092B8283B047F0069691C /* Constant.swift in Sources */,
				4AD8AA06283A32CC003C7622 /* ContentView.swift in Sources */,
				4AD8AA04283A32CC003C7622 /* Devote_SwiftUIApp.swift in Sources */,
				4A1F8D9B284739AD00444AD3 /* NewTaskItemView.swift in Sources */,
				4A1F8DA32847505200444AD3 /* SoundPlayer.swift in Sources */,
				4A1F8DA12847497F00444AD3 /* CheckBoxStyle.swift in Sources */,
			);
			runOnlyForDeploymentPostprocessing = 0;
		};
/* End PBXSourcesBuildPhase section */

/* Begin PBXTargetDependency section */
		4A5D345F284902F400506ED4 /* PBXTargetDependency */ = {
			isa = PBXTargetDependency;
			target = 4A5D3451284902F300506ED4 /* DevoteWidgetExtension */;
			targetProxy = 4A5D345E284902F400506ED4 /* PBXContainerItemProxy */;
		};
/* End PBXTargetDependency section */

/* Begin XCBuildConfiguration section */
		4A5D3462284902F400506ED4 /* Debug */ = {
			isa = XCBuildConfiguration;
			buildSettings = {
				ASSETCATALOG_COMPILER_GLOBAL_ACCENT_COLOR_NAME = AccentColor;
				ASSETCATALOG_COMPILER_WIDGET_BACKGROUND_COLOR_NAME = WidgetBackground;
				CODE_SIGN_STYLE = Automatic;
				CURRENT_PROJECT_VERSION = 1;
				DEVELOPMENT_TEAM = 4JPWGVR2ZN;
				GENERATE_INFOPLIST_FILE = YES;
				INFOPLIST_FILE = DevoteWidget/Info.plist;
				INFOPLIST_KEY_CFBundleDisplayName = DevoteWidget;
				INFOPLIST_KEY_NSHumanReadableCopyright = "";
				LD_RUNPATH_SEARCH_PATHS = (
					"$(inherited)",
					"@executable_path/Frameworks",
					"@executable_path/../../Frameworks",
				);
				MARKETING_VERSION = 1.0;
				PRODUCT_BUNDLE_IDENTIFIER = "JP.Devote-SwiftUI.DevoteWidget";
				PRODUCT_NAME = "$(TARGET_NAME)";
				SKIP_INSTALL = YES;
				SWIFT_EMIT_LOC_STRINGS = YES;
				SWIFT_VERSION = 5.0;
				TARGETED_DEVICE_FAMILY = "1,2";
			};
			name = Debug;
		};
		4A5D3463284902F400506ED4 /* Release */ = {
			isa = XCBuildConfiguration;
			buildSettings = {
				ASSETCATALOG_COMPILER_GLOBAL_ACCENT_COLOR_NAME = AccentColor;
				ASSETCATALOG_COMPILER_WIDGET_BACKGROUND_COLOR_NAME = WidgetBackground;
				CODE_SIGN_STYLE = Automatic;
				CURRENT_PROJECT_VERSION = 1;
				DEVELOPMENT_TEAM = 4JPWGVR2ZN;
				GENERATE_INFOPLIST_FILE = YES;
				INFOPLIST_FILE = DevoteWidget/Info.plist;
				INFOPLIST_KEY_CFBundleDisplayName = DevoteWidget;
				INFOPLIST_KEY_NSHumanReadableCopyright = "";
				LD_RUNPATH_SEARCH_PATHS = (
					"$(inherited)",
					"@executable_path/Frameworks",
					"@executable_path/../../Frameworks",
				);
				MARKETING_VERSION = 1.0;
				PRODUCT_BUNDLE_IDENTIFIER = "JP.Devote-SwiftUI.DevoteWidget";
				PRODUCT_NAME = "$(TARGET_NAME)";
				SKIP_INSTALL = YES;
				SWIFT_EMIT_LOC_STRINGS = YES;
				SWIFT_VERSION = 5.0;
				TARGETED_DEVICE_FAMILY = "1,2";
			};
			name = Release;
		};
		4AD8AA11283A32CD003C7622 /* Debug */ = {
			isa = XCBuildConfiguration;
			buildSettings = {
				ALWAYS_SEARCH_USER_PATHS = NO;
				CLANG_ANALYZER_NONNULL = YES;
				CLANG_ANALYZER_NUMBER_OBJECT_CONVERSION = YES_AGGRESSIVE;
				CLANG_CXX_LANGUAGE_STANDARD = "gnu++17";
				CLANG_ENABLE_MODULES = YES;
				CLANG_ENABLE_OBJC_ARC = YES;
				CLANG_ENABLE_OBJC_WEAK = YES;
				CLANG_WARN_BLOCK_CAPTURE_AUTORELEASING = YES;
				CLANG_WARN_BOOL_CONVERSION = YES;
				CLANG_WARN_COMMA = YES;
				CLANG_WARN_CONSTANT_CONVERSION = YES;
				CLANG_WARN_DEPRECATED_OBJC_IMPLEMENTATIONS = YES;
				CLANG_WARN_DIRECT_OBJC_ISA_USAGE = YES_ERROR;
				CLANG_WARN_DOCUMENTATION_COMMENTS = YES;
				CLANG_WARN_EMPTY_BODY = YES;
				CLANG_WARN_ENUM_CONVERSION = YES;
				CLANG_WARN_INFINITE_RECURSION = YES;
				CLANG_WARN_INT_CONVERSION = YES;
				CLANG_WARN_NON_LITERAL_NULL_CONVERSION = YES;
				CLANG_WARN_OBJC_IMPLICIT_RETAIN_SELF = YES;
				CLANG_WARN_OBJC_LITERAL_CONVERSION = YES;
				CLANG_WARN_OBJC_ROOT_CLASS = YES_ERROR;
				CLANG_WARN_QUOTED_INCLUDE_IN_FRAMEWORK_HEADER = YES;
				CLANG_WARN_RANGE_LOOP_ANALYSIS = YES;
				CLANG_WARN_STRICT_PROTOTYPES = YES;
				CLANG_WARN_SUSPICIOUS_MOVE = YES;
				CLANG_WARN_UNGUARDED_AVAILABILITY = YES_AGGRESSIVE;
				CLANG_WARN_UNREACHABLE_CODE = YES;
				CLANG_WARN__DUPLICATE_METHOD_MATCH = YES;
				COPY_PHASE_STRIP = NO;
				DEBUG_INFORMATION_FORMAT = dwarf;
				ENABLE_STRICT_OBJC_MSGSEND = YES;
				ENABLE_TESTABILITY = YES;
				GCC_C_LANGUAGE_STANDARD = gnu11;
				GCC_DYNAMIC_NO_PIC = NO;
				GCC_NO_COMMON_BLOCKS = YES;
				GCC_OPTIMIZATION_LEVEL = 0;
				GCC_PREPROCESSOR_DEFINITIONS = (
					"DEBUG=1",
					"$(inherited)",
				);
				GCC_WARN_64_TO_32_BIT_CONVERSION = YES;
				GCC_WARN_ABOUT_RETURN_TYPE = YES_ERROR;
				GCC_WARN_UNDECLARED_SELECTOR = YES;
				GCC_WARN_UNINITIALIZED_AUTOS = YES_AGGRESSIVE;
				GCC_WARN_UNUSED_FUNCTION = YES;
				GCC_WARN_UNUSED_VARIABLE = YES;
				IPHONEOS_DEPLOYMENT_TARGET = 15.5;
				MTL_ENABLE_DEBUG_INFO = INCLUDE_SOURCE;
				MTL_FAST_MATH = YES;
				ONLY_ACTIVE_ARCH = YES;
				SDKROOT = iphoneos;
				SWIFT_ACTIVE_COMPILATION_CONDITIONS = DEBUG;
				SWIFT_OPTIMIZATION_LEVEL = "-Onone";
			};
			name = Debug;
		};
		4AD8AA12283A32CD003C7622 /* Release */ = {
			isa = XCBuildConfiguration;
			buildSettings = {
				ALWAYS_SEARCH_USER_PATHS = NO;
				CLANG_ANALYZER_NONNULL = YES;
				CLANG_ANALYZER_NUMBER_OBJECT_CONVERSION = YES_AGGRESSIVE;
				CLANG_CXX_LANGUAGE_STANDARD = "gnu++17";
				CLANG_ENABLE_MODULES = YES;
				CLANG_ENABLE_OBJC_ARC = YES;
				CLANG_ENABLE_OBJC_WEAK = YES;
				CLANG_WARN_BLOCK_CAPTURE_AUTORELEASING = YES;
				CLANG_WARN_BOOL_CONVERSION = YES;
				CLANG_WARN_COMMA = YES;
				CLANG_WARN_CONSTANT_CONVERSION = YES;
				CLANG_WARN_DEPRECATED_OBJC_IMPLEMENTATIONS = YES;
				CLANG_WARN_DIRECT_OBJC_ISA_USAGE = YES_ERROR;
				CLANG_WARN_DOCUMENTATION_COMMENTS = YES;
				CLANG_WARN_EMPTY_BODY = YES;
				CLANG_WARN_ENUM_CONVERSION = YES;
				CLANG_WARN_INFINITE_RECURSION = YES;
				CLANG_WARN_INT_CONVERSION = YES;
				CLANG_WARN_NON_LITERAL_NULL_CONVERSION = YES;
				CLANG_WARN_OBJC_IMPLICIT_RETAIN_SELF = YES;
				CLANG_WARN_OBJC_LITERAL_CONVERSION = YES;
				CLANG_WARN_OBJC_ROOT_CLASS = YES_ERROR;
				CLANG_WARN_QUOTED_INCLUDE_IN_FRAMEWORK_HEADER = YES;
				CLANG_WARN_RANGE_LOOP_ANALYSIS = YES;
				CLANG_WARN_STRICT_PROTOTYPES = YES;
				CLANG_WARN_SUSPICIOUS_MOVE = YES;
				CLANG_WARN_UNGUARDED_AVAILABILITY = YES_AGGRESSIVE;
				CLANG_WARN_UNREACHABLE_CODE = YES;
				CLANG_WARN__DUPLICATE_METHOD_MATCH = YES;
				COPY_PHASE_STRIP = NO;
				DEBUG_INFORMATION_FORMAT = "dwarf-with-dsym";
				ENABLE_NS_ASSERTIONS = NO;
				ENABLE_STRICT_OBJC_MSGSEND = YES;
				GCC_C_LANGUAGE_STANDARD = gnu11;
				GCC_NO_COMMON_BLOCKS = YES;
				GCC_WARN_64_TO_32_BIT_CONVERSION = YES;
				GCC_WARN_ABOUT_RETURN_TYPE = YES_ERROR;
				GCC_WARN_UNDECLARED_SELECTOR = YES;
				GCC_WARN_UNINITIALIZED_AUTOS = YES_AGGRESSIVE;
				GCC_WARN_UNUSED_FUNCTION = YES;
				GCC_WARN_UNUSED_VARIABLE = YES;
				IPHONEOS_DEPLOYMENT_TARGET = 15.5;
				MTL_ENABLE_DEBUG_INFO = NO;
				MTL_FAST_MATH = YES;
				SDKROOT = iphoneos;
				SWIFT_COMPILATION_MODE = wholemodule;
				SWIFT_OPTIMIZATION_LEVEL = "-O";
				VALIDATE_PRODUCT = YES;
			};
			name = Release;
		};
		4AD8AA14283A32CD003C7622 /* Debug */ = {
			isa = XCBuildConfiguration;
			buildSettings = {
				ALWAYS_EMBED_SWIFT_STANDARD_LIBRARIES = YES;
				ASSETCATALOG_COMPILER_APPICON_NAME = AppIcon;
				ASSETCATALOG_COMPILER_GLOBAL_ACCENT_COLOR_NAME = AccentColor;
				CODE_SIGN_STYLE = Automatic;
				CURRENT_PROJECT_VERSION = 1;
				DEVELOPMENT_ASSET_PATHS = "\"Devote_SwiftUI/Preview Content\"";
				DEVELOPMENT_TEAM = 4JPWGVR2ZN;
				ENABLE_PREVIEWS = YES;
				GENERATE_INFOPLIST_FILE = YES;
				INFOPLIST_FILE = "Devote-SwiftUI-Info.plist";
				INFOPLIST_KEY_UIApplicationSceneManifest_Generation = YES;
				INFOPLIST_KEY_UIApplicationSupportsIndirectInputEvents = YES;
				INFOPLIST_KEY_UISupportedInterfaceOrientations = UIInterfaceOrientationPortrait;
				INFOPLIST_KEY_UISupportedInterfaceOrientations_iPad = "UIInterfaceOrientationPortrait UIInterfaceOrientationPortraitUpsideDown UIInterfaceOrientationLandscapeLeft UIInterfaceOrientationLandscapeRight";
				INFOPLIST_KEY_UISupportedInterfaceOrientations_iPhone = "UIInterfaceOrientationPortrait UIInterfaceOrientationLandscapeLeft UIInterfaceOrientationLandscapeRight";
				LD_RUNPATH_SEARCH_PATHS = (
					"$(inherited)",
					"@executable_path/Frameworks",
				);
				MARKETING_VERSION = 1.0;
				PRODUCT_BUNDLE_IDENTIFIER = "JP.Devote-SwiftUI";
				PRODUCT_NAME = "$(TARGET_NAME)";
				SWIFT_EMIT_LOC_STRINGS = YES;
				SWIFT_VERSION = 5.0;
				TARGETED_DEVICE_FAMILY = "1,2";
			};
			name = Debug;
		};
		4AD8AA15283A32CD003C7622 /* Release */ = {
			isa = XCBuildConfiguration;
			buildSettings = {
				ALWAYS_EMBED_SWIFT_STANDARD_LIBRARIES = YES;
				ASSETCATALOG_COMPILER_APPICON_NAME = AppIcon;
				ASSETCATALOG_COMPILER_GLOBAL_ACCENT_COLOR_NAME = AccentColor;
				CODE_SIGN_STYLE = Automatic;
				CURRENT_PROJECT_VERSION = 1;
				DEVELOPMENT_ASSET_PATHS = "\"Devote_SwiftUI/Preview Content\"";
				DEVELOPMENT_TEAM = 4JPWGVR2ZN;
				ENABLE_PREVIEWS = YES;
				GENERATE_INFOPLIST_FILE = YES;
				INFOPLIST_FILE = "Devote-SwiftUI-Info.plist";
				INFOPLIST_KEY_UIApplicationSceneManifest_Generation = YES;
				INFOPLIST_KEY_UIApplicationSupportsIndirectInputEvents = YES;
				INFOPLIST_KEY_UISupportedInterfaceOrientations = UIInterfaceOrientationPortrait;
				INFOPLIST_KEY_UISupportedInterfaceOrientations_iPad = "UIInterfaceOrientationPortrait UIInterfaceOrientationPortraitUpsideDown UIInterfaceOrientationLandscapeLeft UIInterfaceOrientationLandscapeRight";
				INFOPLIST_KEY_UISupportedInterfaceOrientations_iPhone = "UIInterfaceOrientationPortrait UIInterfaceOrientationLandscapeLeft UIInterfaceOrientationLandscapeRight";
				LD_RUNPATH_SEARCH_PATHS = (
					"$(inherited)",
					"@executable_path/Frameworks",
				);
				MARKETING_VERSION = 1.0;
				PRODUCT_BUNDLE_IDENTIFIER = "JP.Devote-SwiftUI";
				PRODUCT_NAME = "$(TARGET_NAME)";
				SWIFT_EMIT_LOC_STRINGS = YES;
				SWIFT_VERSION = 5.0;
				TARGETED_DEVICE_FAMILY = "1,2";
			};
			name = Release;
		};
/* End XCBuildConfiguration section */

/* Begin XCConfigurationList section */
		4A5D3464284902F400506ED4 /* Build configuration list for PBXNativeTarget "DevoteWidgetExtension" */ = {
			isa = XCConfigurationList;
			buildConfigurations = (
				4A5D3462284902F400506ED4 /* Debug */,
				4A5D3463284902F400506ED4 /* Release */,
			);
			defaultConfigurationIsVisible = 0;
			defaultConfigurationName = Release;
		};
		4AD8A9FB283A32CC003C7622 /* Build configuration list for PBXProject "Devote_SwiftUI" */ = {
			isa = XCConfigurationList;
			buildConfigurations = (
				4AD8AA11283A32CD003C7622 /* Debug */,
				4AD8AA12283A32CD003C7622 /* Release */,
			);
			defaultConfigurationIsVisible = 0;
			defaultConfigurationName = Release;
		};
		4AD8AA13283A32CD003C7622 /* Build configuration list for PBXNativeTarget "Devote_SwiftUI" */ = {
			isa = XCConfigurationList;
			buildConfigurations = (
				4AD8AA14283A32CD003C7622 /* Debug */,
				4AD8AA15283A32CD003C7622 /* Release */,
			);
			defaultConfigurationIsVisible = 0;
			defaultConfigurationName = Release;
		};
/* End XCConfigurationList section */

/* Begin XCVersionGroup section */
		4AD8AA0E283A32CD003C7622 /* Devote_SwiftUI.xcdatamodeld */ = {
			isa = XCVersionGroup;
			children = (
				4AD8AA0F283A32CD003C7622 /* Devote_SwiftUI.xcdatamodel */,
			);
			currentVersion = 4AD8AA0F283A32CD003C7622 /* Devote_SwiftUI.xcdatamodel */;
			path = Devote_SwiftUI.xcdatamodeld;
			sourceTree = "<group>";
			versionGroupType = wrapper.xcdatamodel;
		};
/* End XCVersionGroup section */
	};
	rootObject = 4AD8A9F8283A32CC003C7622 /* Project object */;
}
