// !$*UTF8*$!
{
	archiveVersion = 1;
	classes = {
	};
	objectVersion = 55;
	objects = {

/* Begin PBXBuildFile section */
		4A8F16162871731500399470 /* RecipeCardView.swift in Sources */ = {isa = PBXBuildFile; fileRef = 4A8F16152871731500399470 /* RecipeCardView.swift */; };
		4A8F1618287175F500399470 /* RecipeRatingView.swift in Sources */ = {isa = PBXBuildFile; fileRef = 4A8F1617287175F500399470 /* RecipeRatingView.swift */; };
		4A8F161A2871767400399470 /* RecipeCookingView.swift in Sources */ = {isa = PBXBuildFile; fileRef = 4A8F16192871767400399470 /* RecipeCookingView.swift */; };
		4A8F161C287176F600399470 /* RecipeDetailView.swift in Sources */ = {isa = PBXBuildFile; fileRef = 4A8F161B287176F600399470 /* RecipeDetailView.swift */; };
		4A8F161E28717ADB00399470 /* RipeningView.swift in Sources */ = {isa = PBXBuildFile; fileRef = 4A8F161D28717ADB00399470 /* RipeningView.swift */; };
		4A8F162028717E5900399470 /* RipeningModel.swift in Sources */ = {isa = PBXBuildFile; fileRef = 4A8F161F28717E5900399470 /* RipeningModel.swift */; };
		4A8F162228717E8F00399470 /* RipeningData.swift in Sources */ = {isa = PBXBuildFile; fileRef = 4A8F162128717E8F00399470 /* RipeningData.swift */; };
		4A8F1626287180B800399470 /* RipeningStageView.swift in Sources */ = {isa = PBXBuildFile; fileRef = 4A8F1625287180B800399470 /* RipeningStageView.swift */; };
		4AD4D954286D1BD1005091C0 /* Avocado_SwiftUIApp.swift in Sources */ = {isa = PBXBuildFile; fileRef = 4AD4D953286D1BD1005091C0 /* Avocado_SwiftUIApp.swift */; };
		4AD4D958286D1BD2005091C0 /* Assets.xcassets in Resources */ = {isa = PBXBuildFile; fileRef = 4AD4D957286D1BD2005091C0 /* Assets.xcassets */; };
		4AD4D95B286D1BD2005091C0 /* Preview Assets.xcassets in Resources */ = {isa = PBXBuildFile; fileRef = 4AD4D95A286D1BD2005091C0 /* Preview Assets.xcassets */; };
		4AEBBE7D287153A0008FFE9E /* AvocadosView.swift in Sources */ = {isa = PBXBuildFile; fileRef = 4AEBBE7C287153A0008FFE9E /* AvocadosView.swift */; };
		4AEBBE81287153C2008FFE9E /* SettingsView.swift in Sources */ = {isa = PBXBuildFile; fileRef = 4AEBBE80287153C2008FFE9E /* SettingsView.swift */; };
		4AEBBE83287153D1008FFE9E /* AppView.swift in Sources */ = {isa = PBXBuildFile; fileRef = 4AEBBE82287153D1008FFE9E /* AppView.swift */; };
		4AEBBE8528715473008FFE9E /* ContentView.swift in Sources */ = {isa = PBXBuildFile; fileRef = 4AEBBE8428715473008FFE9E /* ContentView.swift */; };
		4AEBBE87287157A3008FFE9E /* HeaderView.swift in Sources */ = {isa = PBXBuildFile; fileRef = 4AEBBE86287157A3008FFE9E /* HeaderView.swift */; };
		4AEBBE8C2871622E008FFE9E /* HeaderModel.swift in Sources */ = {isa = PBXBuildFile; fileRef = 4AEBBE8B2871622E008FFE9E /* HeaderModel.swift */; };
		4AEBBE8F28716268008FFE9E /* HeaderData.swift in Sources */ = {isa = PBXBuildFile; fileRef = 4AEBBE8E28716268008FFE9E /* HeaderData.swift */; };
		4AEBBE91287162A6008FFE9E /* RecipeModel.swift in Sources */ = {isa = PBXBuildFile; fileRef = 4AEBBE90287162A6008FFE9E /* RecipeModel.swift */; };
		4AEBBE93287162CE008FFE9E /* RecipeData.swift in Sources */ = {isa = PBXBuildFile; fileRef = 4AEBBE92287162CE008FFE9E /* RecipeData.swift */; };
		4AEBBE95287164C1008FFE9E /* DishesView.swift in Sources */ = {isa = PBXBuildFile; fileRef = 4AEBBE94287164C1008FFE9E /* DishesView.swift */; };
		4AEBBE9728716AAE008FFE9E /* FactsView.swift in Sources */ = {isa = PBXBuildFile; fileRef = 4AEBBE9628716AAE008FFE9E /* FactsView.swift */; };
		4AEBBE9928716CB2008FFE9E /* FactModel.swift in Sources */ = {isa = PBXBuildFile; fileRef = 4AEBBE9828716CB2008FFE9E /* FactModel.swift */; };
		4AEBBE9B28716CD9008FFE9E /* FactData.swift in Sources */ = {isa = PBXBuildFile; fileRef = 4AEBBE9A28716CD9008FFE9E /* FactData.swift */; };
/* End PBXBuildFile section */

/* Begin PBXFileReference section */
		4A8F16152871731500399470 /* RecipeCardView.swift */ = {isa = PBXFileReference; lastKnownFileType = sourcecode.swift; path = RecipeCardView.swift; sourceTree = "<group>"; };
		4A8F1617287175F500399470 /* RecipeRatingView.swift */ = {isa = PBXFileReference; lastKnownFileType = sourcecode.swift; path = RecipeRatingView.swift; sourceTree = "<group>"; };
		4A8F16192871767400399470 /* RecipeCookingView.swift */ = {isa = PBXFileReference; lastKnownFileType = sourcecode.swift; path = RecipeCookingView.swift; sourceTree = "<group>"; };
		4A8F161B287176F600399470 /* RecipeDetailView.swift */ = {isa = PBXFileReference; lastKnownFileType = sourcecode.swift; path = RecipeDetailView.swift; sourceTree = "<group>"; };
		4A8F161D28717ADB00399470 /* RipeningView.swift */ = {isa = PBXFileReference; lastKnownFileType = sourcecode.swift; path = RipeningView.swift; sourceTree = "<group>"; };
		4A8F161F28717E5900399470 /* RipeningModel.swift */ = {isa = PBXFileReference; lastKnownFileType = sourcecode.swift; path = RipeningModel.swift; sourceTree = "<group>"; };
		4A8F162128717E8F00399470 /* RipeningData.swift */ = {isa = PBXFileReference; lastKnownFileType = sourcecode.swift; path = RipeningData.swift; sourceTree = "<group>"; };
		4A8F1625287180B800399470 /* RipeningStageView.swift */ = {isa = PBXFileReference; lastKnownFileType = sourcecode.swift; path = RipeningStageView.swift; sourceTree = "<group>"; };
		4AD4D950286D1BD1005091C0 /* Avocado_SwiftUI.app */ = {isa = PBXFileReference; explicitFileType = wrapper.application; includeInIndex = 0; path = Avocado_SwiftUI.app; sourceTree = BUILT_PRODUCTS_DIR; };
		4AD4D953286D1BD1005091C0 /* Avocado_SwiftUIApp.swift */ = {isa = PBXFileReference; lastKnownFileType = sourcecode.swift; path = Avocado_SwiftUIApp.swift; sourceTree = "<group>"; };
		4AD4D957286D1BD2005091C0 /* Assets.xcassets */ = {isa = PBXFileReference; lastKnownFileType = folder.assetcatalog; path = Assets.xcassets; sourceTree = "<group>"; };
		4AD4D95A286D1BD2005091C0 /* Preview Assets.xcassets */ = {isa = PBXFileReference; lastKnownFileType = folder.assetcatalog; path = "Preview Assets.xcassets"; sourceTree = "<group>"; };
		4AEBBE782871514A008FFE9E /* Avocado-SwiftUI-Info.plist */ = {isa = PBXFileReference; lastKnownFileType = text.plist; path = "Avocado-SwiftUI-Info.plist"; sourceTree = SOURCE_ROOT; };
		4AEBBE7C287153A0008FFE9E /* AvocadosView.swift */ = {isa = PBXFileReference; lastKnownFileType = sourcecode.swift; path = AvocadosView.swift; sourceTree = "<group>"; };
		4AEBBE80287153C2008FFE9E /* SettingsView.swift */ = {isa = PBXFileReference; lastKnownFileType = sourcecode.swift; path = SettingsView.swift; sourceTree = "<group>"; };
		4AEBBE82287153D1008FFE9E /* AppView.swift */ = {isa = PBXFileReference; lastKnownFileType = sourcecode.swift; path = AppView.swift; sourceTree = "<group>"; };
		4AEBBE8428715473008FFE9E /* ContentView.swift */ = {isa = PBXFileReference; lastKnownFileType = sourcecode.swift; path = ContentView.swift; sourceTree = "<group>"; };
		4AEBBE86287157A3008FFE9E /* HeaderView.swift */ = {isa = PBXFileReference; lastKnownFileType = sourcecode.swift; path = HeaderView.swift; sourceTree = "<group>"; };
		4AEBBE8B2871622E008FFE9E /* HeaderModel.swift */ = {isa = PBXFileReference; lastKnownFileType = sourcecode.swift; path = HeaderModel.swift; sourceTree = "<group>"; };
		4AEBBE8E28716268008FFE9E /* HeaderData.swift */ = {isa = PBXFileReference; lastKnownFileType = sourcecode.swift; path = HeaderData.swift; sourceTree = "<group>"; };
		4AEBBE90287162A6008FFE9E /* RecipeModel.swift */ = {isa = PBXFileReference; lastKnownFileType = sourcecode.swift; path = RecipeModel.swift; sourceTree = "<group>"; };
		4AEBBE92287162CE008FFE9E /* RecipeData.swift */ = {isa = PBXFileReference; lastKnownFileType = sourcecode.swift; path = RecipeData.swift; sourceTree = "<group>"; };
		4AEBBE94287164C1008FFE9E /* DishesView.swift */ = {isa = PBXFileReference; lastKnownFileType = sourcecode.swift; path = DishesView.swift; sourceTree = "<group>"; };
		4AEBBE9628716AAE008FFE9E /* FactsView.swift */ = {isa = PBXFileReference; lastKnownFileType = sourcecode.swift; path = FactsView.swift; sourceTree = "<group>"; };
		4AEBBE9828716CB2008FFE9E /* FactModel.swift */ = {isa = PBXFileReference; lastKnownFileType = sourcecode.swift; path = FactModel.swift; sourceTree = "<group>"; };
		4AEBBE9A28716CD9008FFE9E /* FactData.swift */ = {isa = PBXFileReference; lastKnownFileType = sourcecode.swift; path = FactData.swift; sourceTree = "<group>"; };
/* End PBXFileReference section */

/* Begin PBXFrameworksBuildPhase section */
		4AD4D94D286D1BD1005091C0 /* Frameworks */ = {
			isa = PBXFrameworksBuildPhase;
			buildActionMask = 2147483647;
			files = (
			);
			runOnlyForDeploymentPostprocessing = 0;
		};
/* End PBXFrameworksBuildPhase section */

/* Begin PBXGroup section */
		4AD4D947286D1BD1005091C0 = {
			isa = PBXGroup;
			children = (
				4AD4D952286D1BD1005091C0 /* Avocado_SwiftUI */,
				4AD4D951286D1BD1005091C0 /* Products */,
			);
			sourceTree = "<group>";
		};
		4AD4D951286D1BD1005091C0 /* Products */ = {
			isa = PBXGroup;
			children = (
				4AD4D950286D1BD1005091C0 /* Avocado_SwiftUI.app */,
			);
			name = Products;
			sourceTree = "<group>";
		};
		4AD4D952286D1BD1005091C0 /* Avocado_SwiftUI */ = {
			isa = PBXGroup;
			children = (
				4AEBBE9C28717203008FFE9E /* Component */,
				4AEBBE8D2871625D008FFE9E /* Data */,
				4AEBBE8828716214008FFE9E /* Model */,
				4AEBBE7B28715383008FFE9E /* View */,
				4AEBBE782871514A008FFE9E /* Avocado-SwiftUI-Info.plist */,
				4AD4D953286D1BD1005091C0 /* Avocado_SwiftUIApp.swift */,
				4AD4D957286D1BD2005091C0 /* Assets.xcassets */,
				4AD4D959286D1BD2005091C0 /* Preview Content */,
			);
			path = Avocado_SwiftUI;
			sourceTree = "<group>";
		};
		4AD4D959286D1BD2005091C0 /* Preview Content */ = {
			isa = PBXGroup;
			children = (
				4AD4D95A286D1BD2005091C0 /* Preview Assets.xcassets */,
			);
			path = "Preview Content";
			sourceTree = "<group>";
		};
		4AEBBE7B28715383008FFE9E /* View */ = {
			isa = PBXGroup;
			children = (
				4AEBBE7C287153A0008FFE9E /* AvocadosView.swift */,
				4A8F1625287180B800399470 /* RipeningStageView.swift */,
				4AEBBE80287153C2008FFE9E /* SettingsView.swift */,
				4AEBBE82287153D1008FFE9E /* AppView.swift */,
				4AEBBE8428715473008FFE9E /* ContentView.swift */,
			);
			path = View;
			sourceTree = "<group>";
		};
		4AEBBE8828716214008FFE9E /* Model */ = {
			isa = PBXGroup;
			children = (
				4AEBBE8B2871622E008FFE9E /* HeaderModel.swift */,
				4AEBBE90287162A6008FFE9E /* RecipeModel.swift */,
				4AEBBE9828716CB2008FFE9E /* FactModel.swift */,
				4A8F161F28717E5900399470 /* RipeningModel.swift */,
			);
			path = Model;
			sourceTree = "<group>";
		};
		4AEBBE8D2871625D008FFE9E /* Data */ = {
			isa = PBXGroup;
			children = (
				4AEBBE8E28716268008FFE9E /* HeaderData.swift */,
				4AEBBE92287162CE008FFE9E /* RecipeData.swift */,
				4AEBBE9A28716CD9008FFE9E /* FactData.swift */,
				4A8F162128717E8F00399470 /* RipeningData.swift */,
			);
			path = Data;
			sourceTree = "<group>";
		};
		4AEBBE9C28717203008FFE9E /* Component */ = {
			isa = PBXGroup;
			children = (
				4AEBBE86287157A3008FFE9E /* HeaderView.swift */,
				4AEBBE94287164C1008FFE9E /* DishesView.swift */,
				4AEBBE9628716AAE008FFE9E /* FactsView.swift */,
				4A8F16152871731500399470 /* RecipeCardView.swift */,
				4A8F1617287175F500399470 /* RecipeRatingView.swift */,
				4A8F16192871767400399470 /* RecipeCookingView.swift */,
				4A8F161B287176F600399470 /* RecipeDetailView.swift */,
				4A8F161D28717ADB00399470 /* RipeningView.swift */,
			);
			path = Component;
			sourceTree = "<group>";
		};
/* End PBXGroup section */

/* Begin PBXNativeTarget section */
		4AD4D94F286D1BD1005091C0 /* Avocado_SwiftUI */ = {
			isa = PBXNativeTarget;
			buildConfigurationList = 4AD4D95E286D1BD2005091C0 /* Build configuration list for PBXNativeTarget "Avocado_SwiftUI" */;
			buildPhases = (
				4AD4D94C286D1BD1005091C0 /* Sources */,
				4AD4D94D286D1BD1005091C0 /* Frameworks */,
				4AD4D94E286D1BD1005091C0 /* Resources */,
			);
			buildRules = (
			);
			dependencies = (
			);
			name = Avocado_SwiftUI;
			productName = Avocado_SwiftUI;
			productReference = 4AD4D950286D1BD1005091C0 /* Avocado_SwiftUI.app */;
			productType = "com.apple.product-type.application";
		};
/* End PBXNativeTarget section */

/* Begin PBXProject section */
		4AD4D948286D1BD1005091C0 /* Project object */ = {
			isa = PBXProject;
			attributes = {
				BuildIndependentTargetsInParallel = 1;
				LastSwiftUpdateCheck = 1340;
				LastUpgradeCheck = 1340;
				TargetAttributes = {
					4AD4D94F286D1BD1005091C0 = {
						CreatedOnToolsVersion = 13.4.1;
					};
				};
			};
			buildConfigurationList = 4AD4D94B286D1BD1005091C0 /* Build configuration list for PBXProject "Avocado_SwiftUI" */;
			compatibilityVersion = "Xcode 13.0";
			developmentRegion = en;
			hasScannedForEncodings = 0;
			knownRegions = (
				en,
				Base,
			);
			mainGroup = 4AD4D947286D1BD1005091C0;
			productRefGroup = 4AD4D951286D1BD1005091C0 /* Products */;
			projectDirPath = "";
			projectRoot = "";
			targets = (
				4AD4D94F286D1BD1005091C0 /* Avocado_SwiftUI */,
			);
		};
/* End PBXProject section */

/* Begin PBXResourcesBuildPhase section */
		4AD4D94E286D1BD1005091C0 /* Resources */ = {
			isa = PBXResourcesBuildPhase;
			buildActionMask = 2147483647;
			files = (
				4AD4D95B286D1BD2005091C0 /* Preview Assets.xcassets in Resources */,
				4AD4D958286D1BD2005091C0 /* Assets.xcassets in Resources */,
			);
			runOnlyForDeploymentPostprocessing = 0;
		};
/* End PBXResourcesBuildPhase section */

/* Begin PBXSourcesBuildPhase section */
		4AD4D94C286D1BD1005091C0 /* Sources */ = {
			isa = PBXSourcesBuildPhase;
			buildActionMask = 2147483647;
			files = (
				4AEBBE81287153C2008FFE9E /* SettingsView.swift in Sources */,
				4AEBBE83287153D1008FFE9E /* AppView.swift in Sources */,
				4A8F162028717E5900399470 /* RipeningModel.swift in Sources */,
				4A8F1618287175F500399470 /* RecipeRatingView.swift in Sources */,
				4AEBBE9B28716CD9008FFE9E /* FactData.swift in Sources */,
				4A8F162228717E8F00399470 /* RipeningData.swift in Sources */,
				4AEBBE95287164C1008FFE9E /* DishesView.swift in Sources */,
				4AEBBE8528715473008FFE9E /* ContentView.swift in Sources */,
				4AD4D954286D1BD1005091C0 /* Avocado_SwiftUIApp.swift in Sources */,
				4AEBBE9728716AAE008FFE9E /* FactsView.swift in Sources */,
				4AEBBE7D287153A0008FFE9E /* AvocadosView.swift in Sources */,
				4AEBBE8C2871622E008FFE9E /* HeaderModel.swift in Sources */,
				4A8F161A2871767400399470 /* RecipeCookingView.swift in Sources */,
				4A8F161E28717ADB00399470 /* RipeningView.swift in Sources */,
				4AEBBE9928716CB2008FFE9E /* FactModel.swift in Sources */,
				4AEBBE91287162A6008FFE9E /* RecipeModel.swift in Sources */,
				4A8F16162871731500399470 /* RecipeCardView.swift in Sources */,
				4AEBBE93287162CE008FFE9E /* RecipeData.swift in Sources */,
				4A8F1626287180B800399470 /* RipeningStageView.swift in Sources */,
				4AEBBE8F28716268008FFE9E /* HeaderData.swift in Sources */,
				4A8F161C287176F600399470 /* RecipeDetailView.swift in Sources */,
				4AEBBE87287157A3008FFE9E /* HeaderView.swift in Sources */,
			);
			runOnlyForDeploymentPostprocessing = 0;
		};
/* End PBXSourcesBuildPhase section */

/* Begin XCBuildConfiguration section */
		4AD4D95C286D1BD2005091C0 /* Debug */ = {
			isa = XCBuildConfiguration;
			buildSettings = {
				ALWAYS_SEARCH_USER_PATHS = NO;
				CLANG_ANALYZER_NONNULL = YES;
				CLANG_ANALYZER_NUMBER_OBJECT_CONVERSION = YES_AGGRESSIVE;
				CLANG_CXX_LANGUAGE_STANDARD = "gnu++17";
				CLANG_ENABLE_MODULES = YES;
				CLANG_ENABLE_OBJC_ARC = YES;
				CLANG_ENABLE_OBJC_WEAK = YES;
				CLANG_WARN_BLOCK_CAPTURE_AUTORELEASING = YES;
				CLANG_WARN_BOOL_CONVERSION = YES;
				CLANG_WARN_COMMA = YES;
				CLANG_WARN_CONSTANT_CONVERSION = YES;
				CLANG_WARN_DEPRECATED_OBJC_IMPLEMENTATIONS = YES;
				CLANG_WARN_DIRECT_OBJC_ISA_USAGE = YES_ERROR;
				CLANG_WARN_DOCUMENTATION_COMMENTS = YES;
				CLANG_WARN_EMPTY_BODY = YES;
				CLANG_WARN_ENUM_CONVERSION = YES;
				CLANG_WARN_INFINITE_RECURSION = YES;
				CLANG_WARN_INT_CONVERSION = YES;
				CLANG_WARN_NON_LITERAL_NULL_CONVERSION = YES;
				CLANG_WARN_OBJC_IMPLICIT_RETAIN_SELF = YES;
				CLANG_WARN_OBJC_LITERAL_CONVERSION = YES;
				CLANG_WARN_OBJC_ROOT_CLASS = YES_ERROR;
				CLANG_WARN_QUOTED_INCLUDE_IN_FRAMEWORK_HEADER = YES;
				CLANG_WARN_RANGE_LOOP_ANALYSIS = YES;
				CLANG_WARN_STRICT_PROTOTYPES = YES;
				CLANG_WARN_SUSPICIOUS_MOVE = YES;
				CLANG_WARN_UNGUARDED_AVAILABILITY = YES_AGGRESSIVE;
				CLANG_WARN_UNREACHABLE_CODE = YES;
				CLANG_WARN__DUPLICATE_METHOD_MATCH = YES;
				COPY_PHASE_STRIP = NO;
				DEBUG_INFORMATION_FORMAT = dwarf;
				ENABLE_STRICT_OBJC_MSGSEND = YES;
				ENABLE_TESTABILITY = YES;
				GCC_C_LANGUAGE_STANDARD = gnu11;
				GCC_DYNAMIC_NO_PIC = NO;
				GCC_NO_COMMON_BLOCKS = YES;
				GCC_OPTIMIZATION_LEVEL = 0;
				GCC_PREPROCESSOR_DEFINITIONS = (
					"DEBUG=1",
					"$(inherited)",
				);
				GCC_WARN_64_TO_32_BIT_CONVERSION = YES;
				GCC_WARN_ABOUT_RETURN_TYPE = YES_ERROR;
				GCC_WARN_UNDECLARED_SELECTOR = YES;
				GCC_WARN_UNINITIALIZED_AUTOS = YES_AGGRESSIVE;
				GCC_WARN_UNUSED_FUNCTION = YES;
				GCC_WARN_UNUSED_VARIABLE = YES;
				IPHONEOS_DEPLOYMENT_TARGET = 15.5;
				MTL_ENABLE_DEBUG_INFO = INCLUDE_SOURCE;
				MTL_FAST_MATH = YES;
				ONLY_ACTIVE_ARCH = YES;
				SDKROOT = iphoneos;
				SWIFT_ACTIVE_COMPILATION_CONDITIONS = DEBUG;
				SWIFT_OPTIMIZATION_LEVEL = "-Onone";
			};
			name = Debug;
		};
		4AD4D95D286D1BD2005091C0 /* Release */ = {
			isa = XCBuildConfiguration;
			buildSettings = {
				ALWAYS_SEARCH_USER_PATHS = NO;
				CLANG_ANALYZER_NONNULL = YES;
				CLANG_ANALYZER_NUMBER_OBJECT_CONVERSION = YES_AGGRESSIVE;
				CLANG_CXX_LANGUAGE_STANDARD = "gnu++17";
				CLANG_ENABLE_MODULES = YES;
				CLANG_ENABLE_OBJC_ARC = YES;
				CLANG_ENABLE_OBJC_WEAK = YES;
				CLANG_WARN_BLOCK_CAPTURE_AUTORELEASING = YES;
				CLANG_WARN_BOOL_CONVERSION = YES;
				CLANG_WARN_COMMA = YES;
				CLANG_WARN_CONSTANT_CONVERSION = YES;
				CLANG_WARN_DEPRECATED_OBJC_IMPLEMENTATIONS = YES;
				CLANG_WARN_DIRECT_OBJC_ISA_USAGE = YES_ERROR;
				CLANG_WARN_DOCUMENTATION_COMMENTS = YES;
				CLANG_WARN_EMPTY_BODY = YES;
				CLANG_WARN_ENUM_CONVERSION = YES;
				CLANG_WARN_INFINITE_RECURSION = YES;
				CLANG_WARN_INT_CONVERSION = YES;
				CLANG_WARN_NON_LITERAL_NULL_CONVERSION = YES;
				CLANG_WARN_OBJC_IMPLICIT_RETAIN_SELF = YES;
				CLANG_WARN_OBJC_LITERAL_CONVERSION = YES;
				CLANG_WARN_OBJC_ROOT_CLASS = YES_ERROR;
				CLANG_WARN_QUOTED_INCLUDE_IN_FRAMEWORK_HEADER = YES;
				CLANG_WARN_RANGE_LOOP_ANALYSIS = YES;
				CLANG_WARN_STRICT_PROTOTYPES = YES;
				CLANG_WARN_SUSPICIOUS_MOVE = YES;
				CLANG_WARN_UNGUARDED_AVAILABILITY = YES_AGGRESSIVE;
				CLANG_WARN_UNREACHABLE_CODE = YES;
				CLANG_WARN__DUPLICATE_METHOD_MATCH = YES;
				COPY_PHASE_STRIP = NO;
				DEBUG_INFORMATION_FORMAT = "dwarf-with-dsym";
				ENABLE_NS_ASSERTIONS = NO;
				ENABLE_STRICT_OBJC_MSGSEND = YES;
				GCC_C_LANGUAGE_STANDARD = gnu11;
				GCC_NO_COMMON_BLOCKS = YES;
				GCC_WARN_64_TO_32_BIT_CONVERSION = YES;
				GCC_WARN_ABOUT_RETURN_TYPE = YES_ERROR;
				GCC_WARN_UNDECLARED_SELECTOR = YES;
				GCC_WARN_UNINITIALIZED_AUTOS = YES_AGGRESSIVE;
				GCC_WARN_UNUSED_FUNCTION = YES;
				GCC_WARN_UNUSED_VARIABLE = YES;
				IPHONEOS_DEPLOYMENT_TARGET = 15.5;
				MTL_ENABLE_DEBUG_INFO = NO;
				MTL_FAST_MATH = YES;
				SDKROOT = iphoneos;
				SWIFT_COMPILATION_MODE = wholemodule;
				SWIFT_OPTIMIZATION_LEVEL = "-O";
				VALIDATE_PRODUCT = YES;
			};
			name = Release;
		};
		4AD4D95F286D1BD2005091C0 /* Debug */ = {
			isa = XCBuildConfiguration;
			buildSettings = {
				ASSETCATALOG_COMPILER_APPICON_NAME = AppIcon;
				ASSETCATALOG_COMPILER_GLOBAL_ACCENT_COLOR_NAME = AccentColor;
				CODE_SIGN_STYLE = Automatic;
				CURRENT_PROJECT_VERSION = 1;
				DEVELOPMENT_ASSET_PATHS = "\"Avocado_SwiftUI/Preview Content\"";
				DEVELOPMENT_TEAM = 4JPWGVR2ZN;
				ENABLE_PREVIEWS = YES;
				GENERATE_INFOPLIST_FILE = YES;
				INFOPLIST_FILE = "Avocado-SwiftUI-Info.plist";
				INFOPLIST_KEY_UIApplicationSceneManifest_Generation = YES;
				INFOPLIST_KEY_UIApplicationSupportsIndirectInputEvents = YES;
				INFOPLIST_KEY_UISupportedInterfaceOrientations_iPad = "UIInterfaceOrientationPortrait UIInterfaceOrientationPortraitUpsideDown UIInterfaceOrientationLandscapeLeft UIInterfaceOrientationLandscapeRight";
				INFOPLIST_KEY_UISupportedInterfaceOrientations_iPhone = "UIInterfaceOrientationPortrait UIInterfaceOrientationLandscapeLeft UIInterfaceOrientationLandscapeRight";
				LD_RUNPATH_SEARCH_PATHS = (
					"$(inherited)",
					"@executable_path/Frameworks",
				);
				MARKETING_VERSION = 1.0;
				PRODUCT_BUNDLE_IDENTIFIER = "JunyeongPark.Avocado-SwiftUI";
				PRODUCT_NAME = "$(TARGET_NAME)";
				SWIFT_EMIT_LOC_STRINGS = YES;
				SWIFT_VERSION = 5.0;
				TARGETED_DEVICE_FAMILY = "1,2";
			};
			name = Debug;
		};
		4AD4D960286D1BD2005091C0 /* Release */ = {
			isa = XCBuildConfiguration;
			buildSettings = {
				ASSETCATALOG_COMPILER_APPICON_NAME = AppIcon;
				ASSETCATALOG_COMPILER_GLOBAL_ACCENT_COLOR_NAME = AccentColor;
				CODE_SIGN_STYLE = Automatic;
				CURRENT_PROJECT_VERSION = 1;
				DEVELOPMENT_ASSET_PATHS = "\"Avocado_SwiftUI/Preview Content\"";
				DEVELOPMENT_TEAM = 4JPWGVR2ZN;
				ENABLE_PREVIEWS = YES;
				GENERATE_INFOPLIST_FILE = YES;
				INFOPLIST_FILE = "Avocado-SwiftUI-Info.plist";
				INFOPLIST_KEY_UIApplicationSceneManifest_Generation = YES;
				INFOPLIST_KEY_UIApplicationSupportsIndirectInputEvents = YES;
				INFOPLIST_KEY_UISupportedInterfaceOrientations_iPad = "UIInterfaceOrientationPortrait UIInterfaceOrientationPortraitUpsideDown UIInterfaceOrientationLandscapeLeft UIInterfaceOrientationLandscapeRight";
				INFOPLIST_KEY_UISupportedInterfaceOrientations_iPhone = "UIInterfaceOrientationPortrait UIInterfaceOrientationLandscapeLeft UIInterfaceOrientationLandscapeRight";
				LD_RUNPATH_SEARCH_PATHS = (
					"$(inherited)",
					"@executable_path/Frameworks",
				);
				MARKETING_VERSION = 1.0;
				PRODUCT_BUNDLE_IDENTIFIER = "JunyeongPark.Avocado-SwiftUI";
				PRODUCT_NAME = "$(TARGET_NAME)";
				SWIFT_EMIT_LOC_STRINGS = YES;
				SWIFT_VERSION = 5.0;
				TARGETED_DEVICE_FAMILY = "1,2";
			};
			name = Release;
		};
/* End XCBuildConfiguration section */

/* Begin XCConfigurationList section */
		4AD4D94B286D1BD1005091C0 /* Build configuration list for PBXProject "Avocado_SwiftUI" */ = {
			isa = XCConfigurationList;
			buildConfigurations = (
				4AD4D95C286D1BD2005091C0 /* Debug */,
				4AD4D95D286D1BD2005091C0 /* Release */,
			);
			defaultConfigurationIsVisible = 0;
			defaultConfigurationName = Release;
		};
		4AD4D95E286D1BD2005091C0 /* Build configuration list for PBXNativeTarget "Avocado_SwiftUI" */ = {
			isa = XCConfigurationList;
			buildConfigurations = (
				4AD4D95F286D1BD2005091C0 /* Debug */,
				4AD4D960286D1BD2005091C0 /* Release */,
			);
			defaultConfigurationIsVisible = 0;
			defaultConfigurationName = Release;
		};
/* End XCConfigurationList section */
	};
	rootObject = 4AD4D948286D1BD1005091C0 /* Project object */;
}
