// !$*UTF8*$!
{
	archiveVersion = 1;
	classes = {
	};
	objectVersion = 55;
	objects = {

/* Begin PBXBuildFile section */
		D29C68CF28C083A700AA6AB3 /* AppDelegate.swift in Sources */ = {isa = PBXBuildFile; fileRef = D29C68CE28C083A700AA6AB3 /* AppDelegate.swift */; };
		D29C68D128C083A700AA6AB3 /* SceneDelegate.swift in Sources */ = {isa = PBXBuildFile; fileRef = D29C68D028C083A700AA6AB3 /* SceneDelegate.swift */; };
		D29C68D328C083A700AA6AB3 /* HomeViewController.swift in Sources */ = {isa = PBXBuildFile; fileRef = D29C68D228C083A700AA6AB3 /* HomeViewController.swift */; };
		D29C68D828C083A800AA6AB3 /* Assets.xcassets in Resources */ = {isa = PBXBuildFile; fileRef = D29C68D728C083A800AA6AB3 /* Assets.xcassets */; };
		D29C68DB28C083A800AA6AB3 /* LaunchScreen.storyboard in Resources */ = {isa = PBXBuildFile; fileRef = D29C68D928C083A800AA6AB3 /* LaunchScreen.storyboard */; };
		D29C68E828C085AB00AA6AB3 /* TabBarViewController.swift in Sources */ = {isa = PBXBuildFile; fileRef = D29C68E728C085AB00AA6AB3 /* TabBarViewController.swift */; };
		D29C68EA28C085D100AA6AB3 /* SearchViewController.swift in Sources */ = {isa = PBXBuildFile; fileRef = D29C68E928C085D100AA6AB3 /* SearchViewController.swift */; };
		D29C68EC28C085E200AA6AB3 /* LibraryViewController.swift in Sources */ = {isa = PBXBuildFile; fileRef = D29C68EB28C085E200AA6AB3 /* LibraryViewController.swift */; };
		D29C68EF28C0861800AA6AB3 /* AuthViewController.swift in Sources */ = {isa = PBXBuildFile; fileRef = D29C68EE28C0861800AA6AB3 /* AuthViewController.swift */; };
		D29C68F228C0862E00AA6AB3 /* WelcomeViewController.swift in Sources */ = {isa = PBXBuildFile; fileRef = D29C68F128C0862E00AA6AB3 /* WelcomeViewController.swift */; };
		D29C68F428C0863A00AA6AB3 /* SettingsViewController.swift in Sources */ = {isa = PBXBuildFile; fileRef = D29C68F328C0863A00AA6AB3 /* SettingsViewController.swift */; };
		D29C68F628C0864600AA6AB3 /* ProfileViewController.swift in Sources */ = {isa = PBXBuildFile; fileRef = D29C68F528C0864600AA6AB3 /* ProfileViewController.swift */; };
		D29C68F828C0864F00AA6AB3 /* PlayerViewController.swift in Sources */ = {isa = PBXBuildFile; fileRef = D29C68F728C0864F00AA6AB3 /* PlayerViewController.swift */; };
		D29C68FA28C0865D00AA6AB3 /* PlaylistViewController.swift in Sources */ = {isa = PBXBuildFile; fileRef = D29C68F928C0865D00AA6AB3 /* PlaylistViewController.swift */; };
		D29C68FC28C0867400AA6AB3 /* SearchResultsViewController.swift in Sources */ = {isa = PBXBuildFile; fileRef = D29C68FB28C0867400AA6AB3 /* SearchResultsViewController.swift */; };
		D29C68FF28C086AB00AA6AB3 /* AuthManager.swift in Sources */ = {isa = PBXBuildFile; fileRef = D29C68FE28C086AB00AA6AB3 /* AuthManager.swift */; };
		D29C690128C086B400AA6AB3 /* APICaller.swift in Sources */ = {isa = PBXBuildFile; fileRef = D29C690028C086B400AA6AB3 /* APICaller.swift */; };
		D29C690328C086C200AA6AB3 /* Haptics.swift in Sources */ = {isa = PBXBuildFile; fileRef = D29C690228C086C200AA6AB3 /* Haptics.swift */; };
		D29C690528C086D600AA6AB3 /* Playlist.swift in Sources */ = {isa = PBXBuildFile; fileRef = D29C690428C086D600AA6AB3 /* Playlist.swift */; };
		D29C690728C086E300AA6AB3 /* AudioTrack.swift in Sources */ = {isa = PBXBuildFile; fileRef = D29C690628C086E300AA6AB3 /* AudioTrack.swift */; };
		D29C690928C086F200AA6AB3 /* Artist.swift in Sources */ = {isa = PBXBuildFile; fileRef = D29C690828C086F200AA6AB3 /* Artist.swift */; };
		D29C690B28C086FA00AA6AB3 /* UserProfile.swift in Sources */ = {isa = PBXBuildFile; fileRef = D29C690A28C086FA00AA6AB3 /* UserProfile.swift */; };
		D29C690D28C093A900AA6AB3 /* Extensions.swift in Sources */ = {isa = PBXBuildFile; fileRef = D29C690C28C093A900AA6AB3 /* Extensions.swift */; };
		D29C690F28C0A72900AA6AB3 /* AuthResponse.swift in Sources */ = {isa = PBXBuildFile; fileRef = D29C690E28C0A72900AA6AB3 /* AuthResponse.swift */; };
/* End PBXBuildFile section */

/* Begin PBXFileReference section */
		D29C68CB28C083A700AA6AB3 /* SpotifyClone.app */ = {isa = PBXFileReference; explicitFileType = wrapper.application; includeInIndex = 0; path = SpotifyClone.app; sourceTree = BUILT_PRODUCTS_DIR; };
		D29C68CE28C083A700AA6AB3 /* AppDelegate.swift */ = {isa = PBXFileReference; lastKnownFileType = sourcecode.swift; path = AppDelegate.swift; sourceTree = "<group>"; };
		D29C68D028C083A700AA6AB3 /* SceneDelegate.swift */ = {isa = PBXFileReference; lastKnownFileType = sourcecode.swift; path = SceneDelegate.swift; sourceTree = "<group>"; };
		D29C68D228C083A700AA6AB3 /* HomeViewController.swift */ = {isa = PBXFileReference; lastKnownFileType = sourcecode.swift; path = HomeViewController.swift; sourceTree = "<group>"; };
		D29C68D728C083A800AA6AB3 /* Assets.xcassets */ = {isa = PBXFileReference; lastKnownFileType = folder.assetcatalog; path = Assets.xcassets; sourceTree = "<group>"; };
		D29C68DA28C083A800AA6AB3 /* Base */ = {isa = PBXFileReference; lastKnownFileType = file.storyboard; name = Base; path = Base.lproj/LaunchScreen.storyboard; sourceTree = "<group>"; };
		D29C68DC28C083A800AA6AB3 /* Info.plist */ = {isa = PBXFileReference; lastKnownFileType = text.plist.xml; path = Info.plist; sourceTree = "<group>"; };
		D29C68E728C085AB00AA6AB3 /* TabBarViewController.swift */ = {isa = PBXFileReference; lastKnownFileType = sourcecode.swift; path = TabBarViewController.swift; sourceTree = "<group>"; };
		D29C68E928C085D100AA6AB3 /* SearchViewController.swift */ = {isa = PBXFileReference; lastKnownFileType = sourcecode.swift; path = SearchViewController.swift; sourceTree = "<group>"; };
		D29C68EB28C085E200AA6AB3 /* LibraryViewController.swift */ = {isa = PBXFileReference; lastKnownFileType = sourcecode.swift; path = LibraryViewController.swift; sourceTree = "<group>"; };
		D29C68EE28C0861800AA6AB3 /* AuthViewController.swift */ = {isa = PBXFileReference; lastKnownFileType = sourcecode.swift; path = AuthViewController.swift; sourceTree = "<group>"; };
		D29C68F128C0862E00AA6AB3 /* WelcomeViewController.swift */ = {isa = PBXFileReference; lastKnownFileType = sourcecode.swift; path = WelcomeViewController.swift; sourceTree = "<group>"; };
		D29C68F328C0863A00AA6AB3 /* SettingsViewController.swift */ = {isa = PBXFileReference; lastKnownFileType = sourcecode.swift; path = SettingsViewController.swift; sourceTree = "<group>"; };
		D29C68F528C0864600AA6AB3 /* ProfileViewController.swift */ = {isa = PBXFileReference; lastKnownFileType = sourcecode.swift; path = ProfileViewController.swift; sourceTree = "<group>"; };
		D29C68F728C0864F00AA6AB3 /* PlayerViewController.swift */ = {isa = PBXFileReference; lastKnownFileType = sourcecode.swift; path = PlayerViewController.swift; sourceTree = "<group>"; };
		D29C68F928C0865D00AA6AB3 /* PlaylistViewController.swift */ = {isa = PBXFileReference; lastKnownFileType = sourcecode.swift; path = PlaylistViewController.swift; sourceTree = "<group>"; };
		D29C68FB28C0867400AA6AB3 /* SearchResultsViewController.swift */ = {isa = PBXFileReference; lastKnownFileType = sourcecode.swift; path = SearchResultsViewController.swift; sourceTree = "<group>"; };
		D29C68FE28C086AB00AA6AB3 /* AuthManager.swift */ = {isa = PBXFileReference; lastKnownFileType = sourcecode.swift; path = AuthManager.swift; sourceTree = "<group>"; };
		D29C690028C086B400AA6AB3 /* APICaller.swift */ = {isa = PBXFileReference; lastKnownFileType = sourcecode.swift; path = APICaller.swift; sourceTree = "<group>"; };
		D29C690228C086C200AA6AB3 /* Haptics.swift */ = {isa = PBXFileReference; lastKnownFileType = sourcecode.swift; path = Haptics.swift; sourceTree = "<group>"; };
		D29C690428C086D600AA6AB3 /* Playlist.swift */ = {isa = PBXFileReference; lastKnownFileType = sourcecode.swift; path = Playlist.swift; sourceTree = "<group>"; };
		D29C690628C086E300AA6AB3 /* AudioTrack.swift */ = {isa = PBXFileReference; lastKnownFileType = sourcecode.swift; path = AudioTrack.swift; sourceTree = "<group>"; };
		D29C690828C086F200AA6AB3 /* Artist.swift */ = {isa = PBXFileReference; lastKnownFileType = sourcecode.swift; path = Artist.swift; sourceTree = "<group>"; };
		D29C690A28C086FA00AA6AB3 /* UserProfile.swift */ = {isa = PBXFileReference; lastKnownFileType = sourcecode.swift; path = UserProfile.swift; sourceTree = "<group>"; };
		D29C690C28C093A900AA6AB3 /* Extensions.swift */ = {isa = PBXFileReference; lastKnownFileType = sourcecode.swift; path = Extensions.swift; sourceTree = "<group>"; };
		D29C690E28C0A72900AA6AB3 /* AuthResponse.swift */ = {isa = PBXFileReference; lastKnownFileType = sourcecode.swift; path = AuthResponse.swift; sourceTree = "<group>"; };
/* End PBXFileReference section */

/* Begin PBXFrameworksBuildPhase section */
		D29C68C828C083A700AA6AB3 /* Frameworks */ = {
			isa = PBXFrameworksBuildPhase;
			buildActionMask = 2147483647;
			files = (
			);
			runOnlyForDeploymentPostprocessing = 0;
		};
/* End PBXFrameworksBuildPhase section */

/* Begin PBXGroup section */
		D29C68C228C083A700AA6AB3 = {
			isa = PBXGroup;
			children = (
				D29C68CD28C083A700AA6AB3 /* SpotifyClone */,
				D29C68CC28C083A700AA6AB3 /* Products */,
			);
			sourceTree = "<group>";
		};
		D29C68CC28C083A700AA6AB3 /* Products */ = {
			isa = PBXGroup;
			children = (
				D29C68CB28C083A700AA6AB3 /* SpotifyClone.app */,
			);
			name = Products;
			sourceTree = "<group>";
		};
		D29C68CD28C083A700AA6AB3 /* SpotifyClone */ = {
			isa = PBXGroup;
			children = (
				D29C68FD28C086A000AA6AB3 /* Managers */,
				D29C68E628C0840C00AA6AB3 /* Resources */,
				D29C68E528C083F100AA6AB3 /* ViewModels */,
				D29C68E428C083EC00AA6AB3 /* Models */,
				D29C68E228C083D900AA6AB3 /* Controllers */,
				D29C68E328C083E100AA6AB3 /* Views */,
				D29C68DC28C083A800AA6AB3 /* Info.plist */,
			);
			path = SpotifyClone;
			sourceTree = "<group>";
		};
		D29C68E228C083D900AA6AB3 /* Controllers */ = {
			isa = PBXGroup;
			children = (
				D29C68ED28C085F800AA6AB3 /* Core */,
				D29C68F028C0861A00AA6AB3 /* Other */,
			);
			path = Controllers;
			sourceTree = "<group>";
		};
		D29C68E328C083E100AA6AB3 /* Views */ = {
			isa = PBXGroup;
			children = (
				D29C68D928C083A800AA6AB3 /* LaunchScreen.storyboard */,
			);
			path = Views;
			sourceTree = "<group>";
		};
		D29C68E428C083EC00AA6AB3 /* Models */ = {
			isa = PBXGroup;
			children = (
				D29C690428C086D600AA6AB3 /* Playlist.swift */,
				D29C690628C086E300AA6AB3 /* AudioTrack.swift */,
				D29C690828C086F200AA6AB3 /* Artist.swift */,
				D29C690A28C086FA00AA6AB3 /* UserProfile.swift */,
				D29C690E28C0A72900AA6AB3 /* AuthResponse.swift */,
			);
			path = Models;
			sourceTree = "<group>";
		};
		D29C68E528C083F100AA6AB3 /* ViewModels */ = {
			isa = PBXGroup;
			children = (
			);
			path = ViewModels;
			sourceTree = "<group>";
		};
		D29C68E628C0840C00AA6AB3 /* Resources */ = {
			isa = PBXGroup;
			children = (
				D29C68CE28C083A700AA6AB3 /* AppDelegate.swift */,
				D29C68D028C083A700AA6AB3 /* SceneDelegate.swift */,
				D29C68D728C083A800AA6AB3 /* Assets.xcassets */,
				D29C690C28C093A900AA6AB3 /* Extensions.swift */,
			);
			path = Resources;
			sourceTree = "<group>";
		};
		D29C68ED28C085F800AA6AB3 /* Core */ = {
			isa = PBXGroup;
			children = (
				D29C68D228C083A700AA6AB3 /* HomeViewController.swift */,
				D29C68E928C085D100AA6AB3 /* SearchViewController.swift */,
				D29C68EB28C085E200AA6AB3 /* LibraryViewController.swift */,
				D29C68E728C085AB00AA6AB3 /* TabBarViewController.swift */,
			);
			path = Core;
			sourceTree = "<group>";
		};
		D29C68F028C0861A00AA6AB3 /* Other */ = {
			isa = PBXGroup;
			children = (
				D29C68EE28C0861800AA6AB3 /* AuthViewController.swift */,
				D29C68F128C0862E00AA6AB3 /* WelcomeViewController.swift */,
				D29C68F328C0863A00AA6AB3 /* SettingsViewController.swift */,
				D29C68F528C0864600AA6AB3 /* ProfileViewController.swift */,
				D29C68F728C0864F00AA6AB3 /* PlayerViewController.swift */,
				D29C68F928C0865D00AA6AB3 /* PlaylistViewController.swift */,
				D29C68FB28C0867400AA6AB3 /* SearchResultsViewController.swift */,
			);
			path = Other;
			sourceTree = "<group>";
		};
		D29C68FD28C086A000AA6AB3 /* Managers */ = {
			isa = PBXGroup;
			children = (
				D29C68FE28C086AB00AA6AB3 /* AuthManager.swift */,
				D29C690028C086B400AA6AB3 /* APICaller.swift */,
				D29C690228C086C200AA6AB3 /* Haptics.swift */,
			);
			path = Managers;
			sourceTree = "<group>";
		};
/* End PBXGroup section */

/* Begin PBXNativeTarget section */
		D29C68CA28C083A700AA6AB3 /* SpotifyClone */ = {
			isa = PBXNativeTarget;
			buildConfigurationList = D29C68DF28C083A800AA6AB3 /* Build configuration list for PBXNativeTarget "SpotifyClone" */;
			buildPhases = (
				D29C68C728C083A700AA6AB3 /* Sources */,
				D29C68C828C083A700AA6AB3 /* Frameworks */,
				D29C68C928C083A700AA6AB3 /* Resources */,
			);
			buildRules = (
			);
			dependencies = (
			);
			name = SpotifyClone;
			productName = SpotifyClone;
			productReference = D29C68CB28C083A700AA6AB3 /* SpotifyClone.app */;
			productType = "com.apple.product-type.application";
		};
/* End PBXNativeTarget section */

/* Begin PBXProject section */
		D29C68C328C083A700AA6AB3 /* Project object */ = {
			isa = PBXProject;
			attributes = {
				BuildIndependentTargetsInParallel = 1;
				LastSwiftUpdateCheck = 1340;
				LastUpgradeCheck = 1340;
				TargetAttributes = {
					D29C68CA28C083A700AA6AB3 = {
						CreatedOnToolsVersion = 13.4.1;
					};
				};
			};
			buildConfigurationList = D29C68C628C083A700AA6AB3 /* Build configuration list for PBXProject "SpotifyClone" */;
			compatibilityVersion = "Xcode 13.0";
			developmentRegion = en;
			hasScannedForEncodings = 0;
			knownRegions = (
				en,
				Base,
			);
			mainGroup = D29C68C228C083A700AA6AB3;
			productRefGroup = D29C68CC28C083A700AA6AB3 /* Products */;
			projectDirPath = "";
			projectRoot = "";
			targets = (
				D29C68CA28C083A700AA6AB3 /* SpotifyClone */,
			);
		};
/* End PBXProject section */

/* Begin PBXResourcesBuildPhase section */
		D29C68C928C083A700AA6AB3 /* Resources */ = {
			isa = PBXResourcesBuildPhase;
			buildActionMask = 2147483647;
			files = (
				D29C68DB28C083A800AA6AB3 /* LaunchScreen.storyboard in Resources */,
				D29C68D828C083A800AA6AB3 /* Assets.xcassets in Resources */,
			);
			runOnlyForDeploymentPostprocessing = 0;
		};
/* End PBXResourcesBuildPhase section */

/* Begin PBXSourcesBuildPhase section */
		D29C68C728C083A700AA6AB3 /* Sources */ = {
			isa = PBXSourcesBuildPhase;
			buildActionMask = 2147483647;
			files = (
				D29C68EA28C085D100AA6AB3 /* SearchViewController.swift in Sources */,
				D29C690528C086D600AA6AB3 /* Playlist.swift in Sources */,
				D29C68FF28C086AB00AA6AB3 /* AuthManager.swift in Sources */,
				D29C68FC28C0867400AA6AB3 /* SearchResultsViewController.swift in Sources */,
				D29C68F228C0862E00AA6AB3 /* WelcomeViewController.swift in Sources */,
				D29C690328C086C200AA6AB3 /* Haptics.swift in Sources */,
				D29C68F628C0864600AA6AB3 /* ProfileViewController.swift in Sources */,
				D29C68E828C085AB00AA6AB3 /* TabBarViewController.swift in Sources */,
				D29C690F28C0A72900AA6AB3 /* AuthResponse.swift in Sources */,
				D29C690728C086E300AA6AB3 /* AudioTrack.swift in Sources */,
				D29C68D328C083A700AA6AB3 /* HomeViewController.swift in Sources */,
				D29C68EF28C0861800AA6AB3 /* AuthViewController.swift in Sources */,
				D29C68CF28C083A700AA6AB3 /* AppDelegate.swift in Sources */,
				D29C690B28C086FA00AA6AB3 /* UserProfile.swift in Sources */,
				D29C690D28C093A900AA6AB3 /* Extensions.swift in Sources */,
				D29C68EC28C085E200AA6AB3 /* LibraryViewController.swift in Sources */,
				D29C690928C086F200AA6AB3 /* Artist.swift in Sources */,
				D29C68FA28C0865D00AA6AB3 /* PlaylistViewController.swift in Sources */,
				D29C68D128C083A700AA6AB3 /* SceneDelegate.swift in Sources */,
				D29C68F828C0864F00AA6AB3 /* PlayerViewController.swift in Sources */,
				D29C690128C086B400AA6AB3 /* APICaller.swift in Sources */,
				D29C68F428C0863A00AA6AB3 /* SettingsViewController.swift in Sources */,
			);
			runOnlyForDeploymentPostprocessing = 0;
		};
/* End PBXSourcesBuildPhase section */

/* Begin PBXVariantGroup section */
		D29C68D928C083A800AA6AB3 /* LaunchScreen.storyboard */ = {
			isa = PBXVariantGroup;
			children = (
				D29C68DA28C083A800AA6AB3 /* Base */,
			);
			name = LaunchScreen.storyboard;
			sourceTree = "<group>";
		};
/* End PBXVariantGroup section */

/* Begin XCBuildConfiguration section */
		D29C68DD28C083A800AA6AB3 /* Debug */ = {
			isa = XCBuildConfiguration;
			buildSettings = {
				ALWAYS_SEARCH_USER_PATHS = NO;
				CLANG_ANALYZER_NONNULL = YES;
				CLANG_ANALYZER_NUMBER_OBJECT_CONVERSION = YES_AGGRESSIVE;
				CLANG_CXX_LANGUAGE_STANDARD = "gnu++17";
				CLANG_ENABLE_MODULES = YES;
				CLANG_ENABLE_OBJC_ARC = YES;
				CLANG_ENABLE_OBJC_WEAK = YES;
				CLANG_WARN_BLOCK_CAPTURE_AUTORELEASING = YES;
				CLANG_WARN_BOOL_CONVERSION = YES;
				CLANG_WARN_COMMA = YES;
				CLANG_WARN_CONSTANT_CONVERSION = YES;
				CLANG_WARN_DEPRECATED_OBJC_IMPLEMENTATIONS = YES;
				CLANG_WARN_DIRECT_OBJC_ISA_USAGE = YES_ERROR;
				CLANG_WARN_DOCUMENTATION_COMMENTS = YES;
				CLANG_WARN_EMPTY_BODY = YES;
				CLANG_WARN_ENUM_CONVERSION = YES;
				CLANG_WARN_INFINITE_RECURSION = YES;
				CLANG_WARN_INT_CONVERSION = YES;
				CLANG_WARN_NON_LITERAL_NULL_CONVERSION = YES;
				CLANG_WARN_OBJC_IMPLICIT_RETAIN_SELF = YES;
				CLANG_WARN_OBJC_LITERAL_CONVERSION = YES;
				CLANG_WARN_OBJC_ROOT_CLASS = YES_ERROR;
				CLANG_WARN_QUOTED_INCLUDE_IN_FRAMEWORK_HEADER = YES;
				CLANG_WARN_RANGE_LOOP_ANALYSIS = YES;
				CLANG_WARN_STRICT_PROTOTYPES = YES;
				CLANG_WARN_SUSPICIOUS_MOVE = YES;
				CLANG_WARN_UNGUARDED_AVAILABILITY = YES_AGGRESSIVE;
				CLANG_WARN_UNREACHABLE_CODE = YES;
				CLANG_WARN__DUPLICATE_METHOD_MATCH = YES;
				COPY_PHASE_STRIP = NO;
				DEBUG_INFORMATION_FORMAT = dwarf;
				ENABLE_STRICT_OBJC_MSGSEND = YES;
				ENABLE_TESTABILITY = YES;
				GCC_C_LANGUAGE_STANDARD = gnu11;
				GCC_DYNAMIC_NO_PIC = NO;
				GCC_NO_COMMON_BLOCKS = YES;
				GCC_OPTIMIZATION_LEVEL = 0;
				GCC_PREPROCESSOR_DEFINITIONS = (
					"DEBUG=1",
					"$(inherited)",
				);
				GCC_WARN_64_TO_32_BIT_CONVERSION = YES;
				GCC_WARN_ABOUT_RETURN_TYPE = YES_ERROR;
				GCC_WARN_UNDECLARED_SELECTOR = YES;
				GCC_WARN_UNINITIALIZED_AUTOS = YES_AGGRESSIVE;
				GCC_WARN_UNUSED_FUNCTION = YES;
				GCC_WARN_UNUSED_VARIABLE = YES;
				IPHONEOS_DEPLOYMENT_TARGET = 15.5;
				MTL_ENABLE_DEBUG_INFO = INCLUDE_SOURCE;
				MTL_FAST_MATH = YES;
				ONLY_ACTIVE_ARCH = YES;
				SDKROOT = iphoneos;
				SWIFT_ACTIVE_COMPILATION_CONDITIONS = DEBUG;
				SWIFT_OPTIMIZATION_LEVEL = "-Onone";
			};
			name = Debug;
		};
		D29C68DE28C083A800AA6AB3 /* Release */ = {
			isa = XCBuildConfiguration;
			buildSettings = {
				ALWAYS_SEARCH_USER_PATHS = NO;
				CLANG_ANALYZER_NONNULL = YES;
				CLANG_ANALYZER_NUMBER_OBJECT_CONVERSION = YES_AGGRESSIVE;
				CLANG_CXX_LANGUAGE_STANDARD = "gnu++17";
				CLANG_ENABLE_MODULES = YES;
				CLANG_ENABLE_OBJC_ARC = YES;
				CLANG_ENABLE_OBJC_WEAK = YES;
				CLANG_WARN_BLOCK_CAPTURE_AUTORELEASING = YES;
				CLANG_WARN_BOOL_CONVERSION = YES;
				CLANG_WARN_COMMA = YES;
				CLANG_WARN_CONSTANT_CONVERSION = YES;
				CLANG_WARN_DEPRECATED_OBJC_IMPLEMENTATIONS = YES;
				CLANG_WARN_DIRECT_OBJC_ISA_USAGE = YES_ERROR;
				CLANG_WARN_DOCUMENTATION_COMMENTS = YES;
				CLANG_WARN_EMPTY_BODY = YES;
				CLANG_WARN_ENUM_CONVERSION = YES;
				CLANG_WARN_INFINITE_RECURSION = YES;
				CLANG_WARN_INT_CONVERSION = YES;
				CLANG_WARN_NON_LITERAL_NULL_CONVERSION = YES;
				CLANG_WARN_OBJC_IMPLICIT_RETAIN_SELF = YES;
				CLANG_WARN_OBJC_LITERAL_CONVERSION = YES;
				CLANG_WARN_OBJC_ROOT_CLASS = YES_ERROR;
				CLANG_WARN_QUOTED_INCLUDE_IN_FRAMEWORK_HEADER = YES;
				CLANG_WARN_RANGE_LOOP_ANALYSIS = YES;
				CLANG_WARN_STRICT_PROTOTYPES = YES;
				CLANG_WARN_SUSPICIOUS_MOVE = YES;
				CLANG_WARN_UNGUARDED_AVAILABILITY = YES_AGGRESSIVE;
				CLANG_WARN_UNREACHABLE_CODE = YES;
				CLANG_WARN__DUPLICATE_METHOD_MATCH = YES;
				COPY_PHASE_STRIP = NO;
				DEBUG_INFORMATION_FORMAT = "dwarf-with-dsym";
				ENABLE_NS_ASSERTIONS = NO;
				ENABLE_STRICT_OBJC_MSGSEND = YES;
				GCC_C_LANGUAGE_STANDARD = gnu11;
				GCC_NO_COMMON_BLOCKS = YES;
				GCC_WARN_64_TO_32_BIT_CONVERSION = YES;
				GCC_WARN_ABOUT_RETURN_TYPE = YES_ERROR;
				GCC_WARN_UNDECLARED_SELECTOR = YES;
				GCC_WARN_UNINITIALIZED_AUTOS = YES_AGGRESSIVE;
				GCC_WARN_UNUSED_FUNCTION = YES;
				GCC_WARN_UNUSED_VARIABLE = YES;
				IPHONEOS_DEPLOYMENT_TARGET = 15.5;
				MTL_ENABLE_DEBUG_INFO = NO;
				MTL_FAST_MATH = YES;
				SDKROOT = iphoneos;
				SWIFT_COMPILATION_MODE = wholemodule;
				SWIFT_OPTIMIZATION_LEVEL = "-O";
				VALIDATE_PRODUCT = YES;
			};
			name = Release;
		};
		D29C68E028C083A800AA6AB3 /* Debug */ = {
			isa = XCBuildConfiguration;
			buildSettings = {
				ASSETCATALOG_COMPILER_APPICON_NAME = AppIcon;
				ASSETCATALOG_COMPILER_GLOBAL_ACCENT_COLOR_NAME = AccentColor;
				CODE_SIGN_STYLE = Automatic;
				CURRENT_PROJECT_VERSION = 1;
				DEVELOPMENT_TEAM = 4JPWGVR2ZN;
				GENERATE_INFOPLIST_FILE = YES;
				INFOPLIST_FILE = SpotifyClone/Info.plist;
				INFOPLIST_KEY_UIApplicationSupportsIndirectInputEvents = YES;
				INFOPLIST_KEY_UILaunchStoryboardName = LaunchScreen;
				INFOPLIST_KEY_UISupportedInterfaceOrientations_iPad = "UIInterfaceOrientationPortrait UIInterfaceOrientationPortraitUpsideDown UIInterfaceOrientationLandscapeLeft UIInterfaceOrientationLandscapeRight";
				INFOPLIST_KEY_UISupportedInterfaceOrientations_iPhone = "UIInterfaceOrientationPortrait UIInterfaceOrientationLandscapeLeft UIInterfaceOrientationLandscapeRight";
				LD_RUNPATH_SEARCH_PATHS = (
					"$(inherited)",
					"@executable_path/Frameworks",
				);
				MARKETING_VERSION = 1.0;
				PRODUCT_BUNDLE_IDENTIFIER = "Junyoung-Park.SpotifyClone";
				PRODUCT_NAME = "$(TARGET_NAME)";
				SWIFT_EMIT_LOC_STRINGS = YES;
				SWIFT_VERSION = 5.0;
				TARGETED_DEVICE_FAMILY = "1,2";
			};
			name = Debug;
		};
		D29C68E128C083A800AA6AB3 /* Release */ = {
			isa = XCBuildConfiguration;
			buildSettings = {
				ASSETCATALOG_COMPILER_APPICON_NAME = AppIcon;
				ASSETCATALOG_COMPILER_GLOBAL_ACCENT_COLOR_NAME = AccentColor;
				CODE_SIGN_STYLE = Automatic;
				CURRENT_PROJECT_VERSION = 1;
				DEVELOPMENT_TEAM = 4JPWGVR2ZN;
				GENERATE_INFOPLIST_FILE = YES;
				INFOPLIST_FILE = SpotifyClone/Info.plist;
				INFOPLIST_KEY_UIApplicationSupportsIndirectInputEvents = YES;
				INFOPLIST_KEY_UILaunchStoryboardName = LaunchScreen;
				INFOPLIST_KEY_UISupportedInterfaceOrientations_iPad = "UIInterfaceOrientationPortrait UIInterfaceOrientationPortraitUpsideDown UIInterfaceOrientationLandscapeLeft UIInterfaceOrientationLandscapeRight";
				INFOPLIST_KEY_UISupportedInterfaceOrientations_iPhone = "UIInterfaceOrientationPortrait UIInterfaceOrientationLandscapeLeft UIInterfaceOrientationLandscapeRight";
				LD_RUNPATH_SEARCH_PATHS = (
					"$(inherited)",
					"@executable_path/Frameworks",
				);
				MARKETING_VERSION = 1.0;
				PRODUCT_BUNDLE_IDENTIFIER = "Junyoung-Park.SpotifyClone";
				PRODUCT_NAME = "$(TARGET_NAME)";
				SWIFT_EMIT_LOC_STRINGS = YES;
				SWIFT_VERSION = 5.0;
				TARGETED_DEVICE_FAMILY = "1,2";
			};
			name = Release;
		};
/* End XCBuildConfiguration section */

/* Begin XCConfigurationList section */
		D29C68C628C083A700AA6AB3 /* Build configuration list for PBXProject "SpotifyClone" */ = {
			isa = XCConfigurationList;
			buildConfigurations = (
				D29C68DD28C083A800AA6AB3 /* Debug */,
				D29C68DE28C083A800AA6AB3 /* Release */,
			);
			defaultConfigurationIsVisible = 0;
			defaultConfigurationName = Release;
		};
		D29C68DF28C083A800AA6AB3 /* Build configuration list for PBXNativeTarget "SpotifyClone" */ = {
			isa = XCConfigurationList;
			buildConfigurations = (
				D29C68E028C083A800AA6AB3 /* Debug */,
				D29C68E128C083A800AA6AB3 /* Release */,
			);
			defaultConfigurationIsVisible = 0;
			defaultConfigurationName = Release;
		};
/* End XCConfigurationList section */
	};
	rootObject = D29C68C328C083A700AA6AB3 /* Project object */;
}
