// !$*UTF8*$!
{
	archiveVersion = 1;
	classes = {
	};
	objectVersion = 55;
	objects = {

/* Begin PBXBuildFile section */
		D20BCEB128AE16B20069621B /* RotationGestureBootCamp.swift in Sources */ = {isa = PBXBuildFile; fileRef = D20BCEB028AE16B20069621B /* RotationGestureBootCamp.swift */; };
		D20BCEB328AE18470069621B /* DragGestureBootCamp.swift in Sources */ = {isa = PBXBuildFile; fileRef = D20BCEB228AE18470069621B /* DragGestureBootCamp.swift */; };
		D20BCEB528AE1C790069621B /* DragGestureBootCamp2.swift in Sources */ = {isa = PBXBuildFile; fileRef = D20BCEB428AE1C790069621B /* DragGestureBootCamp2.swift */; };
		D20BCEB728AE2CB90069621B /* ScrollViewReaderBootCamp.swift in Sources */ = {isa = PBXBuildFile; fileRef = D20BCEB628AE2CB90069621B /* ScrollViewReaderBootCamp.swift */; };
		D20BCEB928AE32160069621B /* GeometryReaderBootCamp.swift in Sources */ = {isa = PBXBuildFile; fileRef = D20BCEB828AE32160069621B /* GeometryReaderBootCamp.swift */; };
		D20BCEBB28AE37AF0069621B /* MultipleSheetsBootCamp.swift in Sources */ = {isa = PBXBuildFile; fileRef = D20BCEBA28AE37AF0069621B /* MultipleSheetsBootCamp.swift */; };
		D20BCEBD28AE50A70069621B /* MultipleSheetsSample.swift in Sources */ = {isa = PBXBuildFile; fileRef = D20BCEBC28AE50A70069621B /* MultipleSheetsSample.swift */; };
		D20BCEBF28AE57990069621B /* MaskBootCamp.swift in Sources */ = {isa = PBXBuildFile; fileRef = D20BCEBE28AE57990069621B /* MaskBootCamp.swift */; };
		D20BCEC128AE5EDC0069621B /* SoundEffectsBootCamp.swift in Sources */ = {isa = PBXBuildFile; fileRef = D20BCEC028AE5EDC0069621B /* SoundEffectsBootCamp.swift */; };
		D20BCEC528AE61500069621B /* medieval.mp3 in Resources */ = {isa = PBXBuildFile; fileRef = D20BCEC328AE61500069621B /* medieval.mp3 */; };
		D20BCEC628AE61500069621B /* rainfall.mp3 in Resources */ = {isa = PBXBuildFile; fileRef = D20BCEC428AE61500069621B /* rainfall.mp3 */; };
		D20BCEC828AE66EC0069621B /* HapticsBootCamp.swift in Sources */ = {isa = PBXBuildFile; fileRef = D20BCEC728AE66EC0069621B /* HapticsBootCamp.swift */; };
		D23FE72F28AD273300A357D1 /* SwiftfulThinkingContinuedLearningApp.swift in Sources */ = {isa = PBXBuildFile; fileRef = D23FE72E28AD273300A357D1 /* SwiftfulThinkingContinuedLearningApp.swift */; };
		D23FE73328AD273400A357D1 /* Assets.xcassets in Resources */ = {isa = PBXBuildFile; fileRef = D23FE73228AD273400A357D1 /* Assets.xcassets */; };
		D23FE73628AD273400A357D1 /* Preview Assets.xcassets in Resources */ = {isa = PBXBuildFile; fileRef = D23FE73528AD273400A357D1 /* Preview Assets.xcassets */; };
		D23FE73D28AD275100A357D1 /* LongPressGestureBootCamp.swift in Sources */ = {isa = PBXBuildFile; fileRef = D23FE73C28AD275100A357D1 /* LongPressGestureBootCamp.swift */; };
		D23FE73F28AD2C0E00A357D1 /* MagnificationGestureBootCamp.swift in Sources */ = {isa = PBXBuildFile; fileRef = D23FE73E28AD2C0E00A357D1 /* MagnificationGestureBootCamp.swift */; };
/* End PBXBuildFile section */

/* Begin PBXFileReference section */
		D20BCEB028AE16B20069621B /* RotationGestureBootCamp.swift */ = {isa = PBXFileReference; lastKnownFileType = sourcecode.swift; path = RotationGestureBootCamp.swift; sourceTree = "<group>"; };
		D20BCEB228AE18470069621B /* DragGestureBootCamp.swift */ = {isa = PBXFileReference; lastKnownFileType = sourcecode.swift; path = DragGestureBootCamp.swift; sourceTree = "<group>"; };
		D20BCEB428AE1C790069621B /* DragGestureBootCamp2.swift */ = {isa = PBXFileReference; lastKnownFileType = sourcecode.swift; path = DragGestureBootCamp2.swift; sourceTree = "<group>"; };
		D20BCEB628AE2CB90069621B /* ScrollViewReaderBootCamp.swift */ = {isa = PBXFileReference; lastKnownFileType = sourcecode.swift; path = ScrollViewReaderBootCamp.swift; sourceTree = "<group>"; };
		D20BCEB828AE32160069621B /* GeometryReaderBootCamp.swift */ = {isa = PBXFileReference; lastKnownFileType = sourcecode.swift; path = GeometryReaderBootCamp.swift; sourceTree = "<group>"; };
		D20BCEBA28AE37AF0069621B /* MultipleSheetsBootCamp.swift */ = {isa = PBXFileReference; lastKnownFileType = sourcecode.swift; path = MultipleSheetsBootCamp.swift; sourceTree = "<group>"; };
		D20BCEBC28AE50A70069621B /* MultipleSheetsSample.swift */ = {isa = PBXFileReference; lastKnownFileType = sourcecode.swift; path = MultipleSheetsSample.swift; sourceTree = "<group>"; };
		D20BCEBE28AE57990069621B /* MaskBootCamp.swift */ = {isa = PBXFileReference; lastKnownFileType = sourcecode.swift; path = MaskBootCamp.swift; sourceTree = "<group>"; };
		D20BCEC028AE5EDC0069621B /* SoundEffectsBootCamp.swift */ = {isa = PBXFileReference; lastKnownFileType = sourcecode.swift; path = SoundEffectsBootCamp.swift; sourceTree = "<group>"; };
		D20BCEC328AE61500069621B /* medieval.mp3 */ = {isa = PBXFileReference; lastKnownFileType = audio.mp3; path = medieval.mp3; sourceTree = "<group>"; };
		D20BCEC428AE61500069621B /* rainfall.mp3 */ = {isa = PBXFileReference; lastKnownFileType = audio.mp3; path = rainfall.mp3; sourceTree = "<group>"; };
		D20BCEC728AE66EC0069621B /* HapticsBootCamp.swift */ = {isa = PBXFileReference; lastKnownFileType = sourcecode.swift; path = HapticsBootCamp.swift; sourceTree = "<group>"; };
		D23FE72B28AD273300A357D1 /* SwiftfulThinkingContinuedLearning.app */ = {isa = PBXFileReference; explicitFileType = wrapper.application; includeInIndex = 0; path = SwiftfulThinkingContinuedLearning.app; sourceTree = BUILT_PRODUCTS_DIR; };
		D23FE72E28AD273300A357D1 /* SwiftfulThinkingContinuedLearningApp.swift */ = {isa = PBXFileReference; lastKnownFileType = sourcecode.swift; path = SwiftfulThinkingContinuedLearningApp.swift; sourceTree = "<group>"; };
		D23FE73228AD273400A357D1 /* Assets.xcassets */ = {isa = PBXFileReference; lastKnownFileType = folder.assetcatalog; path = Assets.xcassets; sourceTree = "<group>"; };
		D23FE73528AD273400A357D1 /* Preview Assets.xcassets */ = {isa = PBXFileReference; lastKnownFileType = folder.assetcatalog; path = "Preview Assets.xcassets"; sourceTree = "<group>"; };
		D23FE73C28AD275100A357D1 /* LongPressGestureBootCamp.swift */ = {isa = PBXFileReference; lastKnownFileType = sourcecode.swift; path = LongPressGestureBootCamp.swift; sourceTree = "<group>"; };
		D23FE73E28AD2C0E00A357D1 /* MagnificationGestureBootCamp.swift */ = {isa = PBXFileReference; lastKnownFileType = sourcecode.swift; path = MagnificationGestureBootCamp.swift; sourceTree = "<group>"; };
/* End PBXFileReference section */

/* Begin PBXFrameworksBuildPhase section */
		D23FE72828AD273300A357D1 /* Frameworks */ = {
			isa = PBXFrameworksBuildPhase;
			buildActionMask = 2147483647;
			files = (
			);
			runOnlyForDeploymentPostprocessing = 0;
		};
/* End PBXFrameworksBuildPhase section */

/* Begin PBXGroup section */
		D20BCEC228AE61430069621B /* Sounds */ = {
			isa = PBXGroup;
			children = (
				D20BCEC328AE61500069621B /* medieval.mp3 */,
				D20BCEC428AE61500069621B /* rainfall.mp3 */,
			);
			path = Sounds;
			sourceTree = "<group>";
		};
		D23FE72228AD273300A357D1 = {
			isa = PBXGroup;
			children = (
				D23FE72D28AD273300A357D1 /* SwiftfulThinkingContinuedLearning */,
				D23FE72C28AD273300A357D1 /* Products */,
			);
			sourceTree = "<group>";
		};
		D23FE72C28AD273300A357D1 /* Products */ = {
			isa = PBXGroup;
			children = (
				D23FE72B28AD273300A357D1 /* SwiftfulThinkingContinuedLearning.app */,
			);
			name = Products;
			sourceTree = "<group>";
		};
		D23FE72D28AD273300A357D1 /* SwiftfulThinkingContinuedLearning */ = {
			isa = PBXGroup;
			children = (
				D20BCEC228AE61430069621B /* Sounds */,
				D23FE72E28AD273300A357D1 /* SwiftfulThinkingContinuedLearningApp.swift */,
				D20BCEBC28AE50A70069621B /* MultipleSheetsSample.swift */,
				D23FE73C28AD275100A357D1 /* LongPressGestureBootCamp.swift */,
				D23FE73228AD273400A357D1 /* Assets.xcassets */,
				D23FE73428AD273400A357D1 /* Preview Content */,
				D23FE73E28AD2C0E00A357D1 /* MagnificationGestureBootCamp.swift */,
				D20BCEB028AE16B20069621B /* RotationGestureBootCamp.swift */,
				D20BCEB228AE18470069621B /* DragGestureBootCamp.swift */,
				D20BCEB428AE1C790069621B /* DragGestureBootCamp2.swift */,
				D20BCEB628AE2CB90069621B /* ScrollViewReaderBootCamp.swift */,
				D20BCEB828AE32160069621B /* GeometryReaderBootCamp.swift */,
				D20BCEBA28AE37AF0069621B /* MultipleSheetsBootCamp.swift */,
				D20BCEBE28AE57990069621B /* MaskBootCamp.swift */,
				D20BCEC028AE5EDC0069621B /* SoundEffectsBootCamp.swift */,
				D20BCEC728AE66EC0069621B /* HapticsBootCamp.swift */,
			);
			path = SwiftfulThinkingContinuedLearning;
			sourceTree = "<group>";
		};
		D23FE73428AD273400A357D1 /* Preview Content */ = {
			isa = PBXGroup;
			children = (
				D23FE73528AD273400A357D1 /* Preview Assets.xcassets */,
			);
			path = "Preview Content";
			sourceTree = "<group>";
		};
/* End PBXGroup section */

/* Begin PBXNativeTarget section */
		D23FE72A28AD273300A357D1 /* SwiftfulThinkingContinuedLearning */ = {
			isa = PBXNativeTarget;
			buildConfigurationList = D23FE73928AD273400A357D1 /* Build configuration list for PBXNativeTarget "SwiftfulThinkingContinuedLearning" */;
			buildPhases = (
				D23FE72728AD273300A357D1 /* Sources */,
				D23FE72828AD273300A357D1 /* Frameworks */,
				D23FE72928AD273300A357D1 /* Resources */,
			);
			buildRules = (
			);
			dependencies = (
			);
			name = SwiftfulThinkingContinuedLearning;
			productName = SwiftfulThinkingContinuedLearning;
			productReference = D23FE72B28AD273300A357D1 /* SwiftfulThinkingContinuedLearning.app */;
			productType = "com.apple.product-type.application";
		};
/* End PBXNativeTarget section */

/* Begin PBXProject section */
		D23FE72328AD273300A357D1 /* Project object */ = {
			isa = PBXProject;
			attributes = {
				BuildIndependentTargetsInParallel = 1;
				LastSwiftUpdateCheck = 1340;
				LastUpgradeCheck = 1340;
				TargetAttributes = {
					D23FE72A28AD273300A357D1 = {
						CreatedOnToolsVersion = 13.4.1;
					};
				};
			};
			buildConfigurationList = D23FE72628AD273300A357D1 /* Build configuration list for PBXProject "SwiftfulThinkingContinuedLearning" */;
			compatibilityVersion = "Xcode 13.0";
			developmentRegion = en;
			hasScannedForEncodings = 0;
			knownRegions = (
				en,
				Base,
			);
			mainGroup = D23FE72228AD273300A357D1;
			productRefGroup = D23FE72C28AD273300A357D1 /* Products */;
			projectDirPath = "";
			projectRoot = "";
			targets = (
				D23FE72A28AD273300A357D1 /* SwiftfulThinkingContinuedLearning */,
			);
		};
/* End PBXProject section */

/* Begin PBXResourcesBuildPhase section */
		D23FE72928AD273300A357D1 /* Resources */ = {
			isa = PBXResourcesBuildPhase;
			buildActionMask = 2147483647;
			files = (
				D20BCEC528AE61500069621B /* medieval.mp3 in Resources */,
				D23FE73628AD273400A357D1 /* Preview Assets.xcassets in Resources */,
				D23FE73328AD273400A357D1 /* Assets.xcassets in Resources */,
				D20BCEC628AE61500069621B /* rainfall.mp3 in Resources */,
			);
			runOnlyForDeploymentPostprocessing = 0;
		};
/* End PBXResourcesBuildPhase section */

/* Begin PBXSourcesBuildPhase section */
		D23FE72728AD273300A357D1 /* Sources */ = {
			isa = PBXSourcesBuildPhase;
			buildActionMask = 2147483647;
			files = (
				D23FE72F28AD273300A357D1 /* SwiftfulThinkingContinuedLearningApp.swift in Sources */,
				D20BCEBF28AE57990069621B /* MaskBootCamp.swift in Sources */,
				D20BCEBD28AE50A70069621B /* MultipleSheetsSample.swift in Sources */,
				D20BCEC128AE5EDC0069621B /* SoundEffectsBootCamp.swift in Sources */,
				D20BCEB528AE1C790069621B /* DragGestureBootCamp2.swift in Sources */,
				D20BCEB728AE2CB90069621B /* ScrollViewReaderBootCamp.swift in Sources */,
				D20BCEB928AE32160069621B /* GeometryReaderBootCamp.swift in Sources */,
				D23FE73F28AD2C0E00A357D1 /* MagnificationGestureBootCamp.swift in Sources */,
				D20BCEBB28AE37AF0069621B /* MultipleSheetsBootCamp.swift in Sources */,
				D20BCEB128AE16B20069621B /* RotationGestureBootCamp.swift in Sources */,
				D20BCEB328AE18470069621B /* DragGestureBootCamp.swift in Sources */,
				D20BCEC828AE66EC0069621B /* HapticsBootCamp.swift in Sources */,
				D23FE73D28AD275100A357D1 /* LongPressGestureBootCamp.swift in Sources */,
			);
			runOnlyForDeploymentPostprocessing = 0;
		};
/* End PBXSourcesBuildPhase section */

/* Begin XCBuildConfiguration section */
		D23FE73728AD273400A357D1 /* Debug */ = {
			isa = XCBuildConfiguration;
			buildSettings = {
				ALWAYS_SEARCH_USER_PATHS = NO;
				CLANG_ANALYZER_NONNULL = YES;
				CLANG_ANALYZER_NUMBER_OBJECT_CONVERSION = YES_AGGRESSIVE;
				CLANG_CXX_LANGUAGE_STANDARD = "gnu++17";
				CLANG_ENABLE_MODULES = YES;
				CLANG_ENABLE_OBJC_ARC = YES;
				CLANG_ENABLE_OBJC_WEAK = YES;
				CLANG_WARN_BLOCK_CAPTURE_AUTORELEASING = YES;
				CLANG_WARN_BOOL_CONVERSION = YES;
				CLANG_WARN_COMMA = YES;
				CLANG_WARN_CONSTANT_CONVERSION = YES;
				CLANG_WARN_DEPRECATED_OBJC_IMPLEMENTATIONS = YES;
				CLANG_WARN_DIRECT_OBJC_ISA_USAGE = YES_ERROR;
				CLANG_WARN_DOCUMENTATION_COMMENTS = YES;
				CLANG_WARN_EMPTY_BODY = YES;
				CLANG_WARN_ENUM_CONVERSION = YES;
				CLANG_WARN_INFINITE_RECURSION = YES;
				CLANG_WARN_INT_CONVERSION = YES;
				CLANG_WARN_NON_LITERAL_NULL_CONVERSION = YES;
				CLANG_WARN_OBJC_IMPLICIT_RETAIN_SELF = YES;
				CLANG_WARN_OBJC_LITERAL_CONVERSION = YES;
				CLANG_WARN_OBJC_ROOT_CLASS = YES_ERROR;
				CLANG_WARN_QUOTED_INCLUDE_IN_FRAMEWORK_HEADER = YES;
				CLANG_WARN_RANGE_LOOP_ANALYSIS = YES;
				CLANG_WARN_STRICT_PROTOTYPES = YES;
				CLANG_WARN_SUSPICIOUS_MOVE = YES;
				CLANG_WARN_UNGUARDED_AVAILABILITY = YES_AGGRESSIVE;
				CLANG_WARN_UNREACHABLE_CODE = YES;
				CLANG_WARN__DUPLICATE_METHOD_MATCH = YES;
				COPY_PHASE_STRIP = NO;
				DEBUG_INFORMATION_FORMAT = dwarf;
				ENABLE_STRICT_OBJC_MSGSEND = YES;
				ENABLE_TESTABILITY = YES;
				GCC_C_LANGUAGE_STANDARD = gnu11;
				GCC_DYNAMIC_NO_PIC = NO;
				GCC_NO_COMMON_BLOCKS = YES;
				GCC_OPTIMIZATION_LEVEL = 0;
				GCC_PREPROCESSOR_DEFINITIONS = (
					"DEBUG=1",
					"$(inherited)",
				);
				GCC_WARN_64_TO_32_BIT_CONVERSION = YES;
				GCC_WARN_ABOUT_RETURN_TYPE = YES_ERROR;
				GCC_WARN_UNDECLARED_SELECTOR = YES;
				GCC_WARN_UNINITIALIZED_AUTOS = YES_AGGRESSIVE;
				GCC_WARN_UNUSED_FUNCTION = YES;
				GCC_WARN_UNUSED_VARIABLE = YES;
				IPHONEOS_DEPLOYMENT_TARGET = 15.5;
				MTL_ENABLE_DEBUG_INFO = INCLUDE_SOURCE;
				MTL_FAST_MATH = YES;
				ONLY_ACTIVE_ARCH = YES;
				SDKROOT = iphoneos;
				SWIFT_ACTIVE_COMPILATION_CONDITIONS = DEBUG;
				SWIFT_OPTIMIZATION_LEVEL = "-Onone";
			};
			name = Debug;
		};
		D23FE73828AD273400A357D1 /* Release */ = {
			isa = XCBuildConfiguration;
			buildSettings = {
				ALWAYS_SEARCH_USER_PATHS = NO;
				CLANG_ANALYZER_NONNULL = YES;
				CLANG_ANALYZER_NUMBER_OBJECT_CONVERSION = YES_AGGRESSIVE;
				CLANG_CXX_LANGUAGE_STANDARD = "gnu++17";
				CLANG_ENABLE_MODULES = YES;
				CLANG_ENABLE_OBJC_ARC = YES;
				CLANG_ENABLE_OBJC_WEAK = YES;
				CLANG_WARN_BLOCK_CAPTURE_AUTORELEASING = YES;
				CLANG_WARN_BOOL_CONVERSION = YES;
				CLANG_WARN_COMMA = YES;
				CLANG_WARN_CONSTANT_CONVERSION = YES;
				CLANG_WARN_DEPRECATED_OBJC_IMPLEMENTATIONS = YES;
				CLANG_WARN_DIRECT_OBJC_ISA_USAGE = YES_ERROR;
				CLANG_WARN_DOCUMENTATION_COMMENTS = YES;
				CLANG_WARN_EMPTY_BODY = YES;
				CLANG_WARN_ENUM_CONVERSION = YES;
				CLANG_WARN_INFINITE_RECURSION = YES;
				CLANG_WARN_INT_CONVERSION = YES;
				CLANG_WARN_NON_LITERAL_NULL_CONVERSION = YES;
				CLANG_WARN_OBJC_IMPLICIT_RETAIN_SELF = YES;
				CLANG_WARN_OBJC_LITERAL_CONVERSION = YES;
				CLANG_WARN_OBJC_ROOT_CLASS = YES_ERROR;
				CLANG_WARN_QUOTED_INCLUDE_IN_FRAMEWORK_HEADER = YES;
				CLANG_WARN_RANGE_LOOP_ANALYSIS = YES;
				CLANG_WARN_STRICT_PROTOTYPES = YES;
				CLANG_WARN_SUSPICIOUS_MOVE = YES;
				CLANG_WARN_UNGUARDED_AVAILABILITY = YES_AGGRESSIVE;
				CLANG_WARN_UNREACHABLE_CODE = YES;
				CLANG_WARN__DUPLICATE_METHOD_MATCH = YES;
				COPY_PHASE_STRIP = NO;
				DEBUG_INFORMATION_FORMAT = "dwarf-with-dsym";
				ENABLE_NS_ASSERTIONS = NO;
				ENABLE_STRICT_OBJC_MSGSEND = YES;
				GCC_C_LANGUAGE_STANDARD = gnu11;
				GCC_NO_COMMON_BLOCKS = YES;
				GCC_WARN_64_TO_32_BIT_CONVERSION = YES;
				GCC_WARN_ABOUT_RETURN_TYPE = YES_ERROR;
				GCC_WARN_UNDECLARED_SELECTOR = YES;
				GCC_WARN_UNINITIALIZED_AUTOS = YES_AGGRESSIVE;
				GCC_WARN_UNUSED_FUNCTION = YES;
				GCC_WARN_UNUSED_VARIABLE = YES;
				IPHONEOS_DEPLOYMENT_TARGET = 15.5;
				MTL_ENABLE_DEBUG_INFO = NO;
				MTL_FAST_MATH = YES;
				SDKROOT = iphoneos;
				SWIFT_COMPILATION_MODE = wholemodule;
				SWIFT_OPTIMIZATION_LEVEL = "-O";
				VALIDATE_PRODUCT = YES;
			};
			name = Release;
		};
		D23FE73A28AD273400A357D1 /* Debug */ = {
			isa = XCBuildConfiguration;
			buildSettings = {
				ASSETCATALOG_COMPILER_APPICON_NAME = AppIcon;
				ASSETCATALOG_COMPILER_GLOBAL_ACCENT_COLOR_NAME = AccentColor;
				CODE_SIGN_STYLE = Automatic;
				CURRENT_PROJECT_VERSION = 1;
				DEVELOPMENT_ASSET_PATHS = "\"SwiftfulThinkingContinuedLearning/Preview Content\"";
				DEVELOPMENT_TEAM = 4JPWGVR2ZN;
				ENABLE_PREVIEWS = YES;
				GENERATE_INFOPLIST_FILE = YES;
				INFOPLIST_KEY_UIApplicationSceneManifest_Generation = YES;
				INFOPLIST_KEY_UIApplicationSupportsIndirectInputEvents = YES;
				INFOPLIST_KEY_UILaunchScreen_Generation = YES;
				INFOPLIST_KEY_UISupportedInterfaceOrientations_iPad = "UIInterfaceOrientationPortrait UIInterfaceOrientationPortraitUpsideDown UIInterfaceOrientationLandscapeLeft UIInterfaceOrientationLandscapeRight";
				INFOPLIST_KEY_UISupportedInterfaceOrientations_iPhone = "UIInterfaceOrientationPortrait UIInterfaceOrientationLandscapeLeft UIInterfaceOrientationLandscapeRight";
				LD_RUNPATH_SEARCH_PATHS = (
					"$(inherited)",
					"@executable_path/Frameworks",
				);
				MARKETING_VERSION = 1.0;
				PRODUCT_BUNDLE_IDENTIFIER = "Junyoung-Park.SwiftfulThinkingContinuedLearning";
				PRODUCT_NAME = "$(TARGET_NAME)";
				SWIFT_EMIT_LOC_STRINGS = YES;
				SWIFT_VERSION = 5.0;
				TARGETED_DEVICE_FAMILY = "1,2";
			};
			name = Debug;
		};
		D23FE73B28AD273400A357D1 /* Release */ = {
			isa = XCBuildConfiguration;
			buildSettings = {
				ASSETCATALOG_COMPILER_APPICON_NAME = AppIcon;
				ASSETCATALOG_COMPILER_GLOBAL_ACCENT_COLOR_NAME = AccentColor;
				CODE_SIGN_STYLE = Automatic;
				CURRENT_PROJECT_VERSION = 1;
				DEVELOPMENT_ASSET_PATHS = "\"SwiftfulThinkingContinuedLearning/Preview Content\"";
				DEVELOPMENT_TEAM = 4JPWGVR2ZN;
				ENABLE_PREVIEWS = YES;
				GENERATE_INFOPLIST_FILE = YES;
				INFOPLIST_KEY_UIApplicationSceneManifest_Generation = YES;
				INFOPLIST_KEY_UIApplicationSupportsIndirectInputEvents = YES;
				INFOPLIST_KEY_UILaunchScreen_Generation = YES;
				INFOPLIST_KEY_UISupportedInterfaceOrientations_iPad = "UIInterfaceOrientationPortrait UIInterfaceOrientationPortraitUpsideDown UIInterfaceOrientationLandscapeLeft UIInterfaceOrientationLandscapeRight";
				INFOPLIST_KEY_UISupportedInterfaceOrientations_iPhone = "UIInterfaceOrientationPortrait UIInterfaceOrientationLandscapeLeft UIInterfaceOrientationLandscapeRight";
				LD_RUNPATH_SEARCH_PATHS = (
					"$(inherited)",
					"@executable_path/Frameworks",
				);
				MARKETING_VERSION = 1.0;
				PRODUCT_BUNDLE_IDENTIFIER = "Junyoung-Park.SwiftfulThinkingContinuedLearning";
				PRODUCT_NAME = "$(TARGET_NAME)";
				SWIFT_EMIT_LOC_STRINGS = YES;
				SWIFT_VERSION = 5.0;
				TARGETED_DEVICE_FAMILY = "1,2";
			};
			name = Release;
		};
/* End XCBuildConfiguration section */

/* Begin XCConfigurationList section */
		D23FE72628AD273300A357D1 /* Build configuration list for PBXProject "SwiftfulThinkingContinuedLearning" */ = {
			isa = XCConfigurationList;
			buildConfigurations = (
				D23FE73728AD273400A357D1 /* Debug */,
				D23FE73828AD273400A357D1 /* Release */,
			);
			defaultConfigurationIsVisible = 0;
			defaultConfigurationName = Release;
		};
		D23FE73928AD273400A357D1 /* Build configuration list for PBXNativeTarget "SwiftfulThinkingContinuedLearning" */ = {
			isa = XCConfigurationList;
			buildConfigurations = (
				D23FE73A28AD273400A357D1 /* Debug */,
				D23FE73B28AD273400A357D1 /* Release */,
			);
			defaultConfigurationIsVisible = 0;
			defaultConfigurationName = Release;
		};
/* End XCConfigurationList section */
	};
	rootObject = D23FE72328AD273300A357D1 /* Project object */;
}
